Microsoft Visual Studio Solution File, Format Version 12.00
# Visual Studio Version 16
VisualStudioVersion = 16.0.29920.165
MinimumVisualStudioVersion = 15.0.26124.0
Project("{9A19103F-16F7-4668-BE54-9A1E7A4F7556}") = "Samples", "Samples\Samples.csproj", "{A5B8155A-119F-4794-B551-C6F3CF7E5411}"
EndProject
Project("{FAE04EC0-301F-11D3-BF4B-00C04F79EFBC}") = "Samples.Mobile", "Samples.Mobile\Samples.Mobile.csproj", "{479867D5-7003-4A3D-82FC-13BC200FD065}"
EndProject
Project("{FAE04EC0-301F-11D3-BF4B-00C04F79EFBC}") = "P42.Uno.Xamarin.Essentials", "..\Xamarin.Essentials\P42.Uno.Xamarin.Essentials.csproj", "{75844A09-2B3C-4CEF-9FFD-81F32CFD75BB}"
EndProject
Global
	GlobalSection(SharedMSBuildProjectFiles) = preSolution
		Samples.Shared\Samples.Shared.projitems*{1aa13270-f438-4864-9435-54fd806e10ea}*SharedItemsImports = 5
		Samples.Shared\Samples.Shared.projitems*{6AB55CBC-1220-4686-B12B-4BACA5790ED8}*SharedItemsImports = 4
		Samples.Shared\Samples.Shared.projitems*{40ea03f7-8a22-4143-b251-79bac3eb13d2}*SharedItemsImports = 5
		Samples.Shared\Samples.Shared.projitems*{16DE574B-547A-4CF1-B58D-05685A21DD8F}*SharedItemsImports = 5
		Samples.Shared\Samples.Shared.projitems*{96F3EA46-A0B9-499F-B2AD-10A8C051FEB9}*SharedItemsImports = 4
		Samples.Shared\Samples.Shared.projitems*{0AF5E110-6EFA-48AC-A4BB-DB11E634E614}*SharedItemsImports = 4
		Samples.Shared\Samples.Shared.projitems*{a5b8155a-118f-4794-b551-c6f3cf7e5411}*SharedItemsImports = 5
		Samples.Shared\Samples.Shared.projitems*{479867D5-7003-4A3D-82FC-13BC200FD065}*SharedItemsImports = 4
	EndGlobalSection
	GlobalSection(SolutionConfigurationPlatforms) = preSolution
		Debug|Any CPU = Debug|Any CPU
		Debug|ARM = Debug|ARM
		Debug|ARM64 = Debug|ARM64
		Debug|iPhone = Debug|iPhone
		Debug|iPhoneSimulator = Debug|iPhoneSimulator
		Debug|x64 = Debug|x64
		Debug|x86 = Debug|x86
		Release|Any CPU = Release|Any CPU
		Release|ARM = Release|ARM
		Release|ARM64 = Release|ARM64
		Release|iPhone = Release|iPhone
		Release|iPhoneSimulator = Release|iPhoneSimulator
		Release|x64 = Release|x64
		Release|x86 = Release|x86
	EndGlobalSection
	GlobalSection(ProjectConfigurationPlatforms) = postSolution
		{479867D5-7003-4A3D-82FC-13BC200FD065}.Debug|Any CPU.ActiveCfg = Debug|Any CPU
		{479867D5-7003-4A3D-82FC-13BC200FD065}.Debug|Any CPU.Build.0 = Debug|Any CPU
		{479867D5-7003-4A3D-82FC-13BC200FD065}.Debug|Any CPU.Deploy.0 = Debug|Any CPU
		{479867D5-7003-4A3D-82FC-13BC200FD065}.Debug|ARM.ActiveCfg = Debug|Any CPU
		{479867D5-7003-4A3D-82FC-13BC200FD065}.Debug|ARM.Build.0 = Debug|Any CPU
		{479867D5-7003-4A3D-82FC-13BC200FD065}.Debug|ARM.Deploy.0 = Debug|Any CPU
		{479867D5-7003-4A3D-82FC-13BC200FD065}.Debug|ARM64.ActiveCfg = Debug|Any CPU
		{479867D5-7003-4A3D-82FC-13BC200FD065}.Debug|ARM64.Build.0 = Debug|Any CPU
		{479867D5-7003-4A3D-82FC-13BC200FD065}.Debug|ARM64.Deploy.0 = Debug|Any CPU
		{479867D5-7003-4A3D-82FC-13BC200FD065}.Debug|iPhone.ActiveCfg = Debug|Any CPU
		{479867D5-7003-4A3D-82FC-13BC200FD065}.Debug|iPhone.Build.0 = Debug|Any CPU
		{479867D5-7003-4A3D-82FC-13BC200FD065}.Debug|iPhone.Deploy.0 = Debug|Any CPU
		{479867D5-7003-4A3D-82FC-13BC200FD065}.Debug|iPhoneSimulator.ActiveCfg = Debug|Any CPU
		{479867D5-7003-4A3D-82FC-13BC200FD065}.Debug|iPhoneSimulator.Build.0 = Debug|Any CPU
		{479867D5-7003-4A3D-82FC-13BC200FD065}.Debug|iPhoneSimulator.Deploy.0 = Debug|Any CPU
		{479867D5-7003-4A3D-82FC-13BC200FD065}.Debug|x64.ActiveCfg = Debug|Any CPU
		{479867D5-7003-4A3D-82FC-13BC200FD065}.Debug|x64.Build.0 = Debug|Any CPU
		{479867D5-7003-4A3D-82FC-13BC200FD065}.Debug|x64.Deploy.0 = Debug|Any CPU
		{479867D5-7003-4A3D-82FC-13BC200FD065}.Debug|x86.ActiveCfg = Debug|Any CPU
		{479867D5-7003-4A3D-82FC-13BC200FD065}.Debug|x86.Build.0 = Debug|Any CPU
		{479867D5-7003-4A3D-82FC-13BC200FD065}.Debug|x86.Deploy.0 = Debug|Any CPU
		{479867D5-7003-4A3D-82FC-13BC200FD065}.Release|Any CPU.ActiveCfg = Release|Any CPU
		{479867D5-7003-4A3D-82FC-13BC200FD065}.Release|Any CPU.Build.0 = Release|Any CPU
		{479867D5-7003-4A3D-82FC-13BC200FD065}.Release|Any CPU.Deploy.0 = Release|Any CPU
		{479867D5-7003-4A3D-82FC-13BC200FD065}.Release|ARM.ActiveCfg = Release|Any CPU
		{479867D5-7003-4A3D-82FC-13BC200FD065}.Release|ARM.Build.0 = Release|Any CPU
		{479867D5-7003-4A3D-82FC-13BC200FD065}.Release|ARM.Deploy.0 = Release|Any CPU
		{479867D5-7003-4A3D-82FC-13BC200FD065}.Release|ARM64.ActiveCfg = Release|Any CPU
		{479867D5-7003-4A3D-82FC-13BC200FD065}.Release|ARM64.Build.0 = Release|Any CPU
		{479867D5-7003-4A3D-82FC-13BC200FD065}.Release|ARM64.Deploy.0 = Release|Any CPU
		{479867D5-7003-4A3D-82FC-13BC200FD065}.Release|iPhone.ActiveCfg = Release|Any CPU
		{479867D5-7003-4A3D-82FC-13BC200FD065}.Release|iPhone.Build.0 = Release|Any CPU
		{479867D5-7003-4A3D-82FC-13BC200FD065}.Release|iPhone.Deploy.0 = Release|Any CPU
		{479867D5-7003-4A3D-82FC-13BC200FD065}.Release|iPhoneSimulator.ActiveCfg = Release|Any CPU
		{479867D5-7003-4A3D-82FC-13BC200FD065}.Release|iPhoneSimulator.Build.0 = Release|Any CPU
		{479867D5-7003-4A3D-82FC-13BC200FD065}.Release|iPhoneSimulator.Deploy.0 = Release|Any CPU
		{479867D5-7003-4A3D-82FC-13BC200FD065}.Release|x64.ActiveCfg = Release|Any CPU
		{479867D5-7003-4A3D-82FC-13BC200FD065}.Release|x64.Build.0 = Release|Any CPU
		{479867D5-7003-4A3D-82FC-13BC200FD065}.Release|x64.Deploy.0 = Release|Any CPU
		{479867D5-7003-4A3D-82FC-13BC200FD065}.Release|x86.ActiveCfg = Release|Any CPU
		{479867D5-7003-4A3D-82FC-13BC200FD065}.Release|x86.Build.0 = Release|Any CPU
		{479867D5-7003-4A3D-82FC-13BC200FD065}.Release|x86.Deploy.0 = Release|Any CPU
		{0AF5E110-6EFA-48AC-A4BB-DB11E634E614}.Debug|Any CPU.ActiveCfg = Debug|iPhone
		{0AF5E110-6EFA-48AC-A4BB-DB11E634E614}.Debug|Any CPU.Build.0 = Debug|iPhone
		{0AF5E110-6EFA-48AC-A4BB-DB11E634E614}.Debug|Any CPU.Deploy.0 = Debug|iPhone
		{0AF5E110-6EFA-48AC-A4BB-DB11E634E614}.Debug|ARM.ActiveCfg = Debug|iPhone
		{0AF5E110-6EFA-48AC-A4BB-DB11E634E614}.Debug|ARM64.ActiveCfg = Debug|iPhone
		{0AF5E110-6EFA-48AC-A4BB-DB11E634E614}.Debug|iPhone.ActiveCfg = Debug|iPhone
		{0AF5E110-6EFA-48AC-A4BB-DB11E634E614}.Debug|iPhone.Build.0 = Debug|iPhone
		{0AF5E110-6EFA-48AC-A4BB-DB11E634E614}.Debug|iPhoneSimulator.ActiveCfg = Debug|iPhoneSimulator
		{0AF5E110-6EFA-48AC-A4BB-DB11E634E614}.Debug|iPhoneSimulator.Build.0 = Debug|iPhoneSimulator
		{0AF5E110-6EFA-48AC-A4BB-DB11E634E614}.Debug|x64.ActiveCfg = Debug|iPhone
		{0AF5E110-6EFA-48AC-A4BB-DB11E634E614}.Debug|x64.Build.0 = Debug|iPhone
		{0AF5E110-6EFA-48AC-A4BB-DB11E634E614}.Debug|x64.Deploy.0 = Debug|iPhone
		{0AF5E110-6EFA-48AC-A4BB-DB11E634E614}.Debug|x86.ActiveCfg = Debug|iPhoneSimulator
		{0AF5E110-6EFA-48AC-A4BB-DB11E634E614}.Debug|x86.Build.0 = Debug|iPhoneSimulator
		{0AF5E110-6EFA-48AC-A4BB-DB11E634E614}.Debug|x86.Deploy.0 = Debug|iPhoneSimulator
		{0AF5E110-6EFA-48AC-A4BB-DB11E634E614}.Release|Any CPU.ActiveCfg = Release|iPhone
		{0AF5E110-6EFA-48AC-A4BB-DB11E634E614}.Release|ARM.ActiveCfg = Release|iPhone
		{0AF5E110-6EFA-48AC-A4BB-DB11E634E614}.Release|ARM64.ActiveCfg = Release|iPhone
		{0AF5E110-6EFA-48AC-A4BB-DB11E634E614}.Release|iPhone.ActiveCfg = Release|iPhone
		{0AF5E110-6EFA-48AC-A4BB-DB11E634E614}.Release|iPhone.Build.0 = Release|iPhone
		{0AF5E110-6EFA-48AC-A4BB-DB11E634E614}.Release|iPhoneSimulator.ActiveCfg = Release|iPhoneSimulator
		{0AF5E110-6EFA-48AC-A4BB-DB11E634E614}.Release|iPhoneSimulator.Build.0 = Release|iPhoneSimulator
		{0AF5E110-6EFA-48AC-A4BB-DB11E634E614}.Release|x64.ActiveCfg = Release|iPhoneSimulator
		{0AF5E110-6EFA-48AC-A4BB-DB11E634E614}.Release|x64.Build.0 = Release|iPhoneSimulator
		{0AF5E110-6EFA-48AC-A4BB-DB11E634E614}.Release|x64.Deploy.0 = Release|iPhoneSimulator
		{0AF5E110-6EFA-48AC-A4BB-DB11E634E614}.Release|x86.ActiveCfg = Release|iPhoneSimulator
		{0AF5E110-6EFA-48AC-A4BB-DB11E634E614}.Release|x86.Build.0 = Release|iPhoneSimulator
		{96F3EA46-A0B9-499F-B2AD-10A8C051FEB9}.Debug|Any CPU.ActiveCfg = Debug|x86
		{96F3EA46-A0B9-499F-B2AD-10A8C051FEB9}.Debug|Any CPU.Build.0 = Debug|x86
		{96F3EA46-A0B9-499F-B2AD-10A8C051FEB9}.Debug|Any CPU.Deploy.0 = Debug|x86
		{96F3EA46-A0B9-499F-B2AD-10A8C051FEB9}.Debug|ARM.ActiveCfg = Debug|ARM
		{96F3EA46-A0B9-499F-B2AD-10A8C051FEB9}.Debug|ARM.Build.0 = Debug|ARM
		{96F3EA46-A0B9-499F-B2AD-10A8C051FEB9}.Debug|ARM.Deploy.0 = Debug|ARM
		{96F3EA46-A0B9-499F-B2AD-10A8C051FEB9}.Debug|ARM64.ActiveCfg = Debug|ARM64
		{96F3EA46-A0B9-499F-B2AD-10A8C051FEB9}.Debug|ARM64.Build.0 = Debug|ARM64
		{96F3EA46-A0B9-499F-B2AD-10A8C051FEB9}.Debug|ARM64.Deploy.0 = Debug|ARM64
		{96F3EA46-A0B9-499F-B2AD-10A8C051FEB9}.Debug|iPhone.ActiveCfg = Debug|x86
		{96F3EA46-A0B9-499F-B2AD-10A8C051FEB9}.Debug|iPhone.Build.0 = Debug|x86
		{96F3EA46-A0B9-499F-B2AD-10A8C051FEB9}.Debug|iPhone.Deploy.0 = Debug|x86
		{96F3EA46-A0B9-499F-B2AD-10A8C051FEB9}.Debug|iPhoneSimulator.ActiveCfg = Debug|x86
		{96F3EA46-A0B9-499F-B2AD-10A8C051FEB9}.Debug|iPhoneSimulator.Build.0 = Debug|x86
		{96F3EA46-A0B9-499F-B2AD-10A8C051FEB9}.Debug|iPhoneSimulator.Deploy.0 = Debug|x86
		{96F3EA46-A0B9-499F-B2AD-10A8C051FEB9}.Debug|x64.ActiveCfg = Debug|x64
		{96F3EA46-A0B9-499F-B2AD-10A8C051FEB9}.Debug|x64.Build.0 = Debug|x64
		{96F3EA46-A0B9-499F-B2AD-10A8C051FEB9}.Debug|x64.Deploy.0 = Debug|x64
		{96F3EA46-A0B9-499F-B2AD-10A8C051FEB9}.Debug|x86.ActiveCfg = Debug|x86
		{96F3EA46-A0B9-499F-B2AD-10A8C051FEB9}.Debug|x86.Build.0 = Debug|x86
		{96F3EA46-A0B9-499F-B2AD-10A8C051FEB9}.Debug|x86.Deploy.0 = Debug|x86
		{96F3EA46-A0B9-499F-B2AD-10A8C051FEB9}.Release|Any CPU.ActiveCfg = Release|x86
		{96F3EA46-A0B9-499F-B2AD-10A8C051FEB9}.Release|ARM.ActiveCfg = Release|ARM
		{96F3EA46-A0B9-499F-B2AD-10A8C051FEB9}.Release|ARM.Build.0 = Release|ARM
		{96F3EA46-A0B9-499F-B2AD-10A8C051FEB9}.Release|ARM.Deploy.0 = Release|ARM
		{96F3EA46-A0B9-499F-B2AD-10A8C051FEB9}.Release|ARM64.ActiveCfg = Release|ARM64
		{96F3EA46-A0B9-499F-B2AD-10A8C051FEB9}.Release|ARM64.Build.0 = Release|ARM64
		{96F3EA46-A0B9-499F-B2AD-10A8C051FEB9}.Release|ARM64.Deploy.0 = Release|ARM64
		{96F3EA46-A0B9-499F-B2AD-10A8C051FEB9}.Release|iPhone.ActiveCfg = Release|x86
		{96F3EA46-A0B9-499F-B2AD-10A8C051FEB9}.Release|iPhone.Build.0 = Release|x86
		{96F3EA46-A0B9-499F-B2AD-10A8C051FEB9}.Release|iPhoneSimulator.ActiveCfg = Release|x86
		{96F3EA46-A0B9-499F-B2AD-10A8C051FEB9}.Release|iPhoneSimulator.Build.0 = Release|x86
		{96F3EA46-A0B9-499F-B2AD-10A8C051FEB9}.Release|iPhoneSimulator.Deploy.0 = Release|x86
		{96F3EA46-A0B9-499F-B2AD-10A8C051FEB9}.Release|x64.ActiveCfg = Release|x64
		{96F3EA46-A0B9-499F-B2AD-10A8C051FEB9}.Release|x64.Build.0 = Release|x64
		{96F3EA46-A0B9-499F-B2AD-10A8C051FEB9}.Release|x64.Deploy.0 = Release|x64
		{96F3EA46-A0B9-499F-B2AD-10A8C051FEB9}.Release|x86.ActiveCfg = Release|x86
		{96F3EA46-A0B9-499F-B2AD-10A8C051FEB9}.Release|x86.Build.0 = Release|x86
		{96F3EA46-A0B9-499F-B2AD-10A8C051FEB9}.Release|x86.Deploy.0 = Release|x86
		{A5B8155A-119F-4794-B551-C6F3CF7E5411}.Debug|Any CPU.ActiveCfg = Debug|Any CPU
		{A5B8155A-119F-4794-B551-C6F3CF7E5411}.Debug|Any CPU.Build.0 = Debug|Any CPU
		{A5B8155A-119F-4794-B551-C6F3CF7E5411}.Debug|ARM.ActiveCfg = Debug|Any CPU
		{A5B8155A-119F-4794-B551-C6F3CF7E5411}.Debug|ARM.Build.0 = Debug|Any CPU
		{A5B8155A-119F-4794-B551-C6F3CF7E5411}.Debug|ARM64.ActiveCfg = Debug|Any CPU
		{A5B8155A-119F-4794-B551-C6F3CF7E5411}.Debug|ARM64.Build.0 = Debug|Any CPU
		{A5B8155A-119F-4794-B551-C6F3CF7E5411}.Debug|iPhone.ActiveCfg = Debug|Any CPU
		{A5B8155A-119F-4794-B551-C6F3CF7E5411}.Debug|iPhone.Build.0 = Debug|Any CPU
		{A5B8155A-119F-4794-B551-C6F3CF7E5411}.Debug|iPhoneSimulator.ActiveCfg = Debug|Any CPU
		{A5B8155A-119F-4794-B551-C6F3CF7E5411}.Debug|iPhoneSimulator.Build.0 = Debug|Any CPU
		{A5B8155A-119F-4794-B551-C6F3CF7E5411}.Debug|x64.ActiveCfg = Debug|Any CPU
		{A5B8155A-119F-4794-B551-C6F3CF7E5411}.Debug|x64.Build.0 = Debug|Any CPU
		{A5B8155A-119F-4794-B551-C6F3CF7E5411}.Debug|x86.ActiveCfg = Debug|Any CPU
		{A5B8155A-119F-4794-B551-C6F3CF7E5411}.Debug|x86.Build.0 = Debug|Any CPU
		{A5B8155A-119F-4794-B551-C6F3CF7E5411}.Release|Any CPU.ActiveCfg = Release|Any CPU
		{A5B8155A-119F-4794-B551-C6F3CF7E5411}.Release|Any CPU.Build.0 = Release|Any CPU
		{A5B8155A-119F-4794-B551-C6F3CF7E5411}.Release|ARM.ActiveCfg = Release|Any CPU
		{A5B8155A-119F-4794-B551-C6F3CF7E5411}.Release|ARM.Build.0 = Release|Any CPU
		{A5B8155A-119F-4794-B551-C6F3CF7E5411}.Release|ARM64.ActiveCfg = Release|Any CPU
		{A5B8155A-119F-4794-B551-C6F3CF7E5411}.Release|ARM64.Build.0 = Release|Any CPU
		{A5B8155A-119F-4794-B551-C6F3CF7E5411}.Release|iPhone.ActiveCfg = Release|Any CPU
		{A5B8155A-119F-4794-B551-C6F3CF7E5411}.Release|iPhone.Build.0 = Release|Any CPU
		{A5B8155A-119F-4794-B551-C6F3CF7E5411}.Release|iPhoneSimulator.ActiveCfg = Release|Any CPU
		{A5B8155A-119F-4794-B551-C6F3CF7E5411}.Release|iPhoneSimulator.Build.0 = Release|Any CPU
		{A5B8155A-119F-4794-B551-C6F3CF7E5411}.Release|x64.ActiveCfg = Release|Any CPU
		{A5B8155A-119F-4794-B551-C6F3CF7E5411}.Release|x64.Build.0 = Release|Any CPU
		{A5B8155A-119F-4794-B551-C6F3CF7E5411}.Release|x86.ActiveCfg = Release|Any CPU
		{A5B8155A-119F-4794-B551-C6F3CF7E5411}.Release|x86.Build.0 = Release|Any CPU
		{6AB55CBC-1220-4686-B12B-4BACA5790ED8}.Debug|Any CPU.ActiveCfg = Debug|iPhoneSimulator
		{6AB55CBC-1220-4686-B12B-4BACA5790ED8}.Debug|Any CPU.Build.0 = Debug|iPhoneSimulator
		{6AB55CBC-1220-4686-B12B-4BACA5790ED8}.Debug|ARM.ActiveCfg = Debug|iPhoneSimulator
		{6AB55CBC-1220-4686-B12B-4BACA5790ED8}.Debug|ARM64.ActiveCfg = Debug|iPhoneSimulator
		{6AB55CBC-1220-4686-B12B-4BACA5790ED8}.Debug|iPhone.ActiveCfg = Debug|iPhoneSimulator
		{6AB55CBC-1220-4686-B12B-4BACA5790ED8}.Debug|iPhone.Build.0 = Debug|iPhoneSimulator
		{6AB55CBC-1220-4686-B12B-4BACA5790ED8}.Debug|iPhoneSimulator.ActiveCfg = Debug|iPhoneSimulator
		{6AB55CBC-1220-4686-B12B-4BACA5790ED8}.Debug|iPhoneSimulator.Build.0 = Debug|iPhoneSimulator
		{6AB55CBC-1220-4686-B12B-4BACA5790ED8}.Debug|x64.ActiveCfg = Debug|iPhoneSimulator
		{6AB55CBC-1220-4686-B12B-4BACA5790ED8}.Debug|x64.Build.0 = Debug|iPhoneSimulator
		{6AB55CBC-1220-4686-B12B-4BACA5790ED8}.Debug|x86.ActiveCfg = Debug|iPhoneSimulator
		{6AB55CBC-1220-4686-B12B-4BACA5790ED8}.Debug|x86.Build.0 = Debug|iPhoneSimulator
		{6AB55CBC-1220-4686-B12B-4BACA5790ED8}.Release|Any CPU.ActiveCfg = Release|iPhoneSimulator
		{6AB55CBC-1220-4686-B12B-4BACA5790ED8}.Release|ARM.ActiveCfg = Release|iPhoneSimulator
		{6AB55CBC-1220-4686-B12B-4BACA5790ED8}.Release|ARM64.ActiveCfg = Release|iPhoneSimulator
		{6AB55CBC-1220-4686-B12B-4BACA5790ED8}.Release|iPhone.ActiveCfg = Release|iPhoneSimulator
		{6AB55CBC-1220-4686-B12B-4BACA5790ED8}.Release|iPhone.Build.0 = Release|iPhoneSimulator
		{6AB55CBC-1220-4686-B12B-4BACA5790ED8}.Release|iPhoneSimulator.ActiveCfg = Release|iPhoneSimulator
		{6AB55CBC-1220-4686-B12B-4BACA5790ED8}.Release|iPhoneSimulator.Build.0 = Release|iPhoneSimulator
		{6AB55CBC-1220-4686-B12B-4BACA5790ED8}.Release|x64.ActiveCfg = Release|iPhoneSimulator
		{6AB55CBC-1220-4686-B12B-4BACA5790ED8}.Release|x64.Build.0 = Release|iPhoneSimulator
		{6AB55CBC-1220-4686-B12B-4BACA5790ED8}.Release|x86.ActiveCfg = Release|iPhoneSimulator
		{6AB55CBC-1220-4686-B12B-4BACA5790ED8}.Release|x86.Build.0 = Release|iPhoneSimulator
		{04D3A50A-BD96-4168-A331-3AC5E63800DE}.Debug|Any CPU.ActiveCfg = Debug|arm64
		{04D3A50A-BD96-4168-A331-3AC5E63800DE}.Debug|Any CPU.Build.0 = Debug|arm64
		{04D3A50A-BD96-4168-A331-3AC5E63800DE}.Debug|ARM.ActiveCfg = Debug|Any CPU
		{04D3A50A-BD96-4168-A331-3AC5E63800DE}.Debug|ARM.Build.0 = Debug|Any CPU
		{04D3A50A-BD96-4168-A331-3AC5E63800DE}.Debug|ARM64.ActiveCfg = Debug|arm64
		{04D3A50A-BD96-4168-A331-3AC5E63800DE}.Debug|ARM64.Build.0 = Debug|arm64
		{04D3A50A-BD96-4168-A331-3AC5E63800DE}.Debug|iPhone.ActiveCfg = Debug|Any CPU
		{04D3A50A-BD96-4168-A331-3AC5E63800DE}.Debug|iPhone.Build.0 = Debug|Any CPU
		{04D3A50A-BD96-4168-A331-3AC5E63800DE}.Debug|iPhoneSimulator.ActiveCfg = Debug|Any CPU
		{04D3A50A-BD96-4168-A331-3AC5E63800DE}.Debug|iPhoneSimulator.Build.0 = Debug|Any CPU
		{04D3A50A-BD96-4168-A331-3AC5E63800DE}.Debug|x64.ActiveCfg = Debug|x64
		{04D3A50A-BD96-4168-A331-3AC5E63800DE}.Debug|x64.Build.0 = Debug|x64
		{04D3A50A-BD96-4168-A331-3AC5E63800DE}.Debug|x86.ActiveCfg = Debug|x86
		{04D3A50A-BD96-4168-A331-3AC5E63800DE}.Debug|x86.Build.0 = Debug|x86
		{04D3A50A-BD96-4168-A331-3AC5E63800DE}.Release|Any CPU.ActiveCfg = Release|Any CPU
		{04D3A50A-BD96-4168-A331-3AC5E63800DE}.Release|Any CPU.Build.0 = Release|Any CPU
		{04D3A50A-BD96-4168-A331-3AC5E63800DE}.Release|ARM.ActiveCfg = Release|Any CPU
		{04D3A50A-BD96-4168-A331-3AC5E63800DE}.Release|ARM.Build.0 = Release|Any CPU
		{04D3A50A-BD96-4168-A331-3AC5E63800DE}.Release|ARM64.ActiveCfg = Release|arm64
		{04D3A50A-BD96-4168-A331-3AC5E63800DE}.Release|ARM64.Build.0 = Release|arm64
		{04D3A50A-BD96-4168-A331-3AC5E63800DE}.Release|iPhone.ActiveCfg = Release|Any CPU
		{04D3A50A-BD96-4168-A331-3AC5E63800DE}.Release|iPhone.Build.0 = Release|Any CPU
		{04D3A50A-BD96-4168-A331-3AC5E63800DE}.Release|iPhoneSimulator.ActiveCfg = Release|Any CPU
		{04D3A50A-BD96-4168-A331-3AC5E63800DE}.Release|iPhoneSimulator.Build.0 = Release|Any CPU
		{04D3A50A-BD96-4168-A331-3AC5E63800DE}.Release|x64.ActiveCfg = Release|x64
		{04D3A50A-BD96-4168-A331-3AC5E63800DE}.Release|x64.Build.0 = Release|x64
		{04D3A50A-BD96-4168-A331-3AC5E63800DE}.Release|x86.ActiveCfg = Release|x86
		{04D3A50A-BD96-4168-A331-3AC5E63800DE}.Release|x86.Build.0 = Release|x86
		{75844A09-2B3C-4CEF-9FFD-81F32CFD75BB}.Debug|Any CPU.ActiveCfg = Debug|Any CPU
		{75844A09-2B3C-4CEF-9FFD-81F32CFD75BB}.Debug|Any CPU.Build.0 = Debug|Any CPU
		{75844A09-2B3C-4CEF-9FFD-81F32CFD75BB}.Debug|ARM.ActiveCfg = Debug|Any CPU
		{75844A09-2B3C-4CEF-9FFD-81F32CFD75BB}.Debug|ARM.Build.0 = Debug|Any CPU
		{75844A09-2B3C-4CEF-9FFD-81F32CFD75BB}.Debug|ARM64.ActiveCfg = Debug|Any CPU
		{75844A09-2B3C-4CEF-9FFD-81F32CFD75BB}.Debug|ARM64.Build.0 = Debug|Any CPU
		{75844A09-2B3C-4CEF-9FFD-81F32CFD75BB}.Debug|iPhone.ActiveCfg = Debug|Any CPU
		{75844A09-2B3C-4CEF-9FFD-81F32CFD75BB}.Debug|iPhone.Build.0 = Debug|Any CPU
		{75844A09-2B3C-4CEF-9FFD-81F32CFD75BB}.Debug|iPhoneSimulator.ActiveCfg = Debug|Any CPU
		{75844A09-2B3C-4CEF-9FFD-81F32CFD75BB}.Debug|iPhoneSimulator.Build.0 = Debug|Any CPU
		{75844A09-2B3C-4CEF-9FFD-81F32CFD75BB}.Debug|x64.ActiveCfg = Debug|Any CPU
		{75844A09-2B3C-4CEF-9FFD-81F32CFD75BB}.Debug|x64.Build.0 = Debug|Any CPU
		{75844A09-2B3C-4CEF-9FFD-81F32CFD75BB}.Debug|x86.ActiveCfg = Debug|Any CPU
		{75844A09-2B3C-4CEF-9FFD-81F32CFD75BB}.Debug|x86.Build.0 = Debug|Any CPU
		{75844A09-2B3C-4CEF-9FFD-81F32CFD75BB}.Release|Any CPU.ActiveCfg = Release|Any CPU
		{75844A09-2B3C-4CEF-9FFD-81F32CFD75BB}.Release|Any CPU.Build.0 = Release|Any CPU
		{75844A09-2B3C-4CEF-9FFD-81F32CFD75BB}.Release|ARM.ActiveCfg = Release|Any CPU
		{75844A09-2B3C-4CEF-9FFD-81F32CFD75BB}.Release|ARM.Build.0 = Release|Any CPU
		{75844A09-2B3C-4CEF-9FFD-81F32CFD75BB}.Release|ARM64.ActiveCfg = Release|Any CPU
		{75844A09-2B3C-4CEF-9FFD-81F32CFD75BB}.Release|ARM64.Build.0 = Release|Any CPU
		{75844A09-2B3C-4CEF-9FFD-81F32CFD75BB}.Release|iPhone.ActiveCfg = Release|Any CPU
		{75844A09-2B3C-4CEF-9FFD-81F32CFD75BB}.Release|iPhone.Build.0 = Release|Any CPU
		{75844A09-2B3C-4CEF-9FFD-81F32CFD75BB}.Release|iPhoneSimulator.ActiveCfg = Release|Any CPU
		{75844A09-2B3C-4CEF-9FFD-81F32CFD75BB}.Release|iPhoneSimulator.Build.0 = Release|Any CPU
		{75844A09-2B3C-4CEF-9FFD-81F32CFD75BB}.Release|x64.ActiveCfg = Release|Any CPU
		{75844A09-2B3C-4CEF-9FFD-81F32CFD75BB}.Release|x64.Build.0 = Release|Any CPU
		{75844A09-2B3C-4CEF-9FFD-81F32CFD75BB}.Release|x86.ActiveCfg = Release|Any CPU
		{75844A09-2B3C-4CEF-9FFD-81F32CFD75BB}.Release|x86.Build.0 = Release|Any CPU
	EndGlobalSection
	GlobalSection(SolutionProperties) = preSolution
		HideSolutionNode = FALSE
	EndGlobalSection
	GlobalSection(ExtensibilityGlobals) = postSolution
		SolutionGuid = {C7433AE2-B1A0-4C1A-887E-5CAA7AAF67A6}
	EndGlobalSection
EndGlobal
