
Microsoft Visual Studio Solution File, Format Version 12.00
# Visual Studio Version 17
VisualStudioVersion = 17.3.32929.385
MinimumVisualStudioVersion = 15.0.26124.0
Project("{9A19103F-16F7-4668-BE54-9A1E7A4F7556}") = "P42.Uno.Xamarin.Essentials", "Xamarin.Essentials\P42.Uno.Xamarin.Essentials.csproj", "{ACF44024-C3F7-4CD0-B6D2-78E358C8A69F}"
EndProject
Project("{9A19103F-16F7-4668-BE54-9A1E7A4F7556}") = "Samples", "Samples\Samples\Samples.csproj", "{56027908-B195-4D0A-A3EE-5C9F98B9850A}"
EndProject
Global
	GlobalSection(SolutionConfigurationPlatforms) = preSolution
		Ad-Hoc|Any CPU = Ad-Hoc|Any CPU
		Ad-Hoc|ARM = Ad-Hoc|ARM
		Ad-Hoc|ARM64 = Ad-Hoc|ARM64
		Ad-Hoc|iPhone = Ad-Hoc|iPhone
		Ad-Hoc|iPhoneSimulator = Ad-Hoc|iPhoneSimulator
		Ad-Hoc|x64 = Ad-Hoc|x64
		Ad-Hoc|x86 = Ad-Hoc|x86
		AppStore|Any CPU = AppStore|Any CPU
		AppStore|ARM = AppStore|ARM
		AppStore|ARM64 = AppStore|ARM64
		AppStore|iPhone = AppStore|iPhone
		AppStore|iPhoneSimulator = AppStore|iPhoneSimulator
		AppStore|x64 = AppStore|x64
		AppStore|x86 = AppStore|x86
		Debug|Any CPU = Debug|Any CPU
		Debug|ARM = Debug|ARM
		Debug|ARM64 = Debug|ARM64
		Debug|iPhone = Debug|iPhone
		Debug|iPhoneSimulator = Debug|iPhoneSimulator
		Debug|x64 = Debug|x64
		Debug|x86 = Debug|x86
		Release|Any CPU = Release|Any CPU
		Release|ARM = Release|ARM
		Release|ARM64 = Release|ARM64
		Release|iPhone = Release|iPhone
		Release|iPhoneSimulator = Release|iPhoneSimulator
		Release|x64 = Release|x64
		Release|x86 = Release|x86
	EndGlobalSection
	GlobalSection(ProjectConfigurationPlatforms) = postSolution
		{ACF44024-C3F7-4CD0-B6D2-78E358C8A69F}.Ad-Hoc|Any CPU.ActiveCfg = Debug|Any CPU
		{ACF44024-C3F7-4CD0-B6D2-78E358C8A69F}.Ad-Hoc|Any CPU.Build.0 = Debug|Any CPU
		{ACF44024-C3F7-4CD0-B6D2-78E358C8A69F}.Ad-Hoc|ARM.ActiveCfg = Debug|Any CPU
		{ACF44024-C3F7-4CD0-B6D2-78E358C8A69F}.Ad-Hoc|ARM.Build.0 = Debug|Any CPU
		{ACF44024-C3F7-4CD0-B6D2-78E358C8A69F}.Ad-Hoc|ARM64.ActiveCfg = Debug|Any CPU
		{ACF44024-C3F7-4CD0-B6D2-78E358C8A69F}.Ad-Hoc|ARM64.Build.0 = Debug|Any CPU
		{ACF44024-C3F7-4CD0-B6D2-78E358C8A69F}.Ad-Hoc|iPhone.ActiveCfg = Debug|Any CPU
		{ACF44024-C3F7-4CD0-B6D2-78E358C8A69F}.Ad-Hoc|iPhone.Build.0 = Debug|Any CPU
		{ACF44024-C3F7-4CD0-B6D2-78E358C8A69F}.Ad-Hoc|iPhoneSimulator.ActiveCfg = Debug|Any CPU
		{ACF44024-C3F7-4CD0-B6D2-78E358C8A69F}.Ad-Hoc|iPhoneSimulator.Build.0 = Debug|Any CPU
		{ACF44024-C3F7-4CD0-B6D2-78E358C8A69F}.Ad-Hoc|x64.ActiveCfg = Debug|Any CPU
		{ACF44024-C3F7-4CD0-B6D2-78E358C8A69F}.Ad-Hoc|x64.Build.0 = Debug|Any CPU
		{ACF44024-C3F7-4CD0-B6D2-78E358C8A69F}.Ad-Hoc|x86.ActiveCfg = Debug|Any CPU
		{ACF44024-C3F7-4CD0-B6D2-78E358C8A69F}.Ad-Hoc|x86.Build.0 = Debug|Any CPU
		{ACF44024-C3F7-4CD0-B6D2-78E358C8A69F}.AppStore|Any CPU.ActiveCfg = Debug|Any CPU
		{ACF44024-C3F7-4CD0-B6D2-78E358C8A69F}.AppStore|Any CPU.Build.0 = Debug|Any CPU
		{ACF44024-C3F7-4CD0-B6D2-78E358C8A69F}.AppStore|ARM.ActiveCfg = Debug|Any CPU
		{ACF44024-C3F7-4CD0-B6D2-78E358C8A69F}.AppStore|ARM.Build.0 = Debug|Any CPU
		{ACF44024-C3F7-4CD0-B6D2-78E358C8A69F}.AppStore|ARM64.ActiveCfg = Debug|Any CPU
		{ACF44024-C3F7-4CD0-B6D2-78E358C8A69F}.AppStore|ARM64.Build.0 = Debug|Any CPU
		{ACF44024-C3F7-4CD0-B6D2-78E358C8A69F}.AppStore|iPhone.ActiveCfg = Debug|Any CPU
		{ACF44024-C3F7-4CD0-B6D2-78E358C8A69F}.AppStore|iPhone.Build.0 = Debug|Any CPU
		{ACF44024-C3F7-4CD0-B6D2-78E358C8A69F}.AppStore|iPhoneSimulator.ActiveCfg = Debug|Any CPU
		{ACF44024-C3F7-4CD0-B6D2-78E358C8A69F}.AppStore|iPhoneSimulator.Build.0 = Debug|Any CPU
		{ACF44024-C3F7-4CD0-B6D2-78E358C8A69F}.AppStore|x64.ActiveCfg = Debug|Any CPU
		{ACF44024-C3F7-4CD0-B6D2-78E358C8A69F}.AppStore|x64.Build.0 = Debug|Any CPU
		{ACF44024-C3F7-4CD0-B6D2-78E358C8A69F}.AppStore|x86.ActiveCfg = Debug|Any CPU
		{ACF44024-C3F7-4CD0-B6D2-78E358C8A69F}.AppStore|x86.Build.0 = Debug|Any CPU
		{ACF44024-C3F7-4CD0-B6D2-78E358C8A69F}.Debug|Any CPU.ActiveCfg = Debug|Any CPU
		{ACF44024-C3F7-4CD0-B6D2-78E358C8A69F}.Debug|Any CPU.Build.0 = Debug|Any CPU
		{ACF44024-C3F7-4CD0-B6D2-78E358C8A69F}.Debug|ARM.ActiveCfg = Debug|Any CPU
		{ACF44024-C3F7-4CD0-B6D2-78E358C8A69F}.Debug|ARM.Build.0 = Debug|Any CPU
		{ACF44024-C3F7-4CD0-B6D2-78E358C8A69F}.Debug|ARM64.ActiveCfg = Debug|Any CPU
		{ACF44024-C3F7-4CD0-B6D2-78E358C8A69F}.Debug|ARM64.Build.0 = Debug|Any CPU
		{ACF44024-C3F7-4CD0-B6D2-78E358C8A69F}.Debug|iPhone.ActiveCfg = Debug|Any CPU
		{ACF44024-C3F7-4CD0-B6D2-78E358C8A69F}.Debug|iPhone.Build.0 = Debug|Any CPU
		{ACF44024-C3F7-4CD0-B6D2-78E358C8A69F}.Debug|iPhoneSimulator.ActiveCfg = Debug|Any CPU
		{ACF44024-C3F7-4CD0-B6D2-78E358C8A69F}.Debug|iPhoneSimulator.Build.0 = Debug|Any CPU
		{ACF44024-C3F7-4CD0-B6D2-78E358C8A69F}.Debug|x64.ActiveCfg = Debug|Any CPU
		{ACF44024-C3F7-4CD0-B6D2-78E358C8A69F}.Debug|x64.Build.0 = Debug|Any CPU
		{ACF44024-C3F7-4CD0-B6D2-78E358C8A69F}.Debug|x86.ActiveCfg = Debug|Any CPU
		{ACF44024-C3F7-4CD0-B6D2-78E358C8A69F}.Debug|x86.Build.0 = Debug|Any CPU
		{ACF44024-C3F7-4CD0-B6D2-78E358C8A69F}.Release|Any CPU.ActiveCfg = Release|Any CPU
		{ACF44024-C3F7-4CD0-B6D2-78E358C8A69F}.Release|Any CPU.Build.0 = Release|Any CPU
		{ACF44024-C3F7-4CD0-B6D2-78E358C8A69F}.Release|ARM.ActiveCfg = Release|Any CPU
		{ACF44024-C3F7-4CD0-B6D2-78E358C8A69F}.Release|ARM.Build.0 = Release|Any CPU
		{ACF44024-C3F7-4CD0-B6D2-78E358C8A69F}.Release|ARM64.ActiveCfg = Release|Any CPU
		{ACF44024-C3F7-4CD0-B6D2-78E358C8A69F}.Release|ARM64.Build.0 = Release|Any CPU
		{ACF44024-C3F7-4CD0-B6D2-78E358C8A69F}.Release|iPhone.ActiveCfg = Release|Any CPU
		{ACF44024-C3F7-4CD0-B6D2-78E358C8A69F}.Release|iPhone.Build.0 = Release|Any CPU
		{ACF44024-C3F7-4CD0-B6D2-78E358C8A69F}.Release|iPhoneSimulator.ActiveCfg = Release|Any CPU
		{ACF44024-C3F7-4CD0-B6D2-78E358C8A69F}.Release|iPhoneSimulator.Build.0 = Release|Any CPU
		{ACF44024-C3F7-4CD0-B6D2-78E358C8A69F}.Release|x64.ActiveCfg = Release|Any CPU
		{ACF44024-C3F7-4CD0-B6D2-78E358C8A69F}.Release|x64.Build.0 = Release|Any CPU
		{ACF44024-C3F7-4CD0-B6D2-78E358C8A69F}.Release|x86.ActiveCfg = Release|Any CPU
		{ACF44024-C3F7-4CD0-B6D2-78E358C8A69F}.Release|x86.Build.0 = Release|Any CPU
		{56027908-B195-4D0A-A3EE-5C9F98B9850A}.Ad-Hoc|Any CPU.ActiveCfg = Debug|Any CPU
		{56027908-B195-4D0A-A3EE-5C9F98B9850A}.Ad-Hoc|Any CPU.Build.0 = Debug|Any CPU
		{56027908-B195-4D0A-A3EE-5C9F98B9850A}.Ad-Hoc|ARM.ActiveCfg = Debug|Any CPU
		{56027908-B195-4D0A-A3EE-5C9F98B9850A}.Ad-Hoc|ARM.Build.0 = Debug|Any CPU
		{56027908-B195-4D0A-A3EE-5C9F98B9850A}.Ad-Hoc|ARM64.ActiveCfg = Debug|Any CPU
		{56027908-B195-4D0A-A3EE-5C9F98B9850A}.Ad-Hoc|ARM64.Build.0 = Debug|Any CPU
		{56027908-B195-4D0A-A3EE-5C9F98B9850A}.Ad-Hoc|iPhone.ActiveCfg = Debug|Any CPU
		{56027908-B195-4D0A-A3EE-5C9F98B9850A}.Ad-Hoc|iPhone.Build.0 = Debug|Any CPU
		{56027908-B195-4D0A-A3EE-5C9F98B9850A}.Ad-Hoc|iPhoneSimulator.ActiveCfg = Debug|Any CPU
		{56027908-B195-4D0A-A3EE-5C9F98B9850A}.Ad-Hoc|iPhoneSimulator.Build.0 = Debug|Any CPU
		{56027908-B195-4D0A-A3EE-5C9F98B9850A}.Ad-Hoc|x64.ActiveCfg = Debug|Any CPU
		{56027908-B195-4D0A-A3EE-5C9F98B9850A}.Ad-Hoc|x64.Build.0 = Debug|Any CPU
		{56027908-B195-4D0A-A3EE-5C9F98B9850A}.Ad-Hoc|x86.ActiveCfg = Debug|Any CPU
		{56027908-B195-4D0A-A3EE-5C9F98B9850A}.Ad-Hoc|x86.Build.0 = Debug|Any CPU
		{56027908-B195-4D0A-A3EE-5C9F98B9850A}.AppStore|Any CPU.ActiveCfg = Debug|Any CPU
		{56027908-B195-4D0A-A3EE-5C9F98B9850A}.AppStore|Any CPU.Build.0 = Debug|Any CPU
		{56027908-B195-4D0A-A3EE-5C9F98B9850A}.AppStore|ARM.ActiveCfg = Debug|Any CPU
		{56027908-B195-4D0A-A3EE-5C9F98B9850A}.AppStore|ARM.Build.0 = Debug|Any CPU
		{56027908-B195-4D0A-A3EE-5C9F98B9850A}.AppStore|ARM64.ActiveCfg = Debug|Any CPU
		{56027908-B195-4D0A-A3EE-5C9F98B9850A}.AppStore|ARM64.Build.0 = Debug|Any CPU
		{56027908-B195-4D0A-A3EE-5C9F98B9850A}.AppStore|iPhone.ActiveCfg = Debug|Any CPU
		{56027908-B195-4D0A-A3EE-5C9F98B9850A}.AppStore|iPhone.Build.0 = Debug|Any CPU
		{56027908-B195-4D0A-A3EE-5C9F98B9850A}.AppStore|iPhoneSimulator.ActiveCfg = Debug|Any CPU
		{56027908-B195-4D0A-A3EE-5C9F98B9850A}.AppStore|iPhoneSimulator.Build.0 = Debug|Any CPU
		{56027908-B195-4D0A-A3EE-5C9F98B9850A}.AppStore|x64.ActiveCfg = Debug|Any CPU
		{56027908-B195-4D0A-A3EE-5C9F98B9850A}.AppStore|x64.Build.0 = Debug|Any CPU
		{56027908-B195-4D0A-A3EE-5C9F98B9850A}.AppStore|x86.ActiveCfg = Debug|Any CPU
		{56027908-B195-4D0A-A3EE-5C9F98B9850A}.AppStore|x86.Build.0 = Debug|Any CPU
		{56027908-B195-4D0A-A3EE-5C9F98B9850A}.Debug|Any CPU.ActiveCfg = Debug|Any CPU
		{56027908-B195-4D0A-A3EE-5C9F98B9850A}.Debug|Any CPU.Build.0 = Debug|Any CPU
		{56027908-B195-4D0A-A3EE-5C9F98B9850A}.Debug|Any CPU.Deploy.0 = Debug|Any CPU
		{56027908-B195-4D0A-A3EE-5C9F98B9850A}.Debug|ARM.ActiveCfg = Debug|Any CPU
		{56027908-B195-4D0A-A3EE-5C9F98B9850A}.Debug|ARM.Build.0 = Debug|Any CPU
		{56027908-B195-4D0A-A3EE-5C9F98B9850A}.Debug|ARM64.ActiveCfg = Debug|Any CPU
		{56027908-B195-4D0A-A3EE-5C9F98B9850A}.Debug|ARM64.Build.0 = Debug|Any CPU
		{56027908-B195-4D0A-A3EE-5C9F98B9850A}.Debug|iPhone.ActiveCfg = Debug|Any CPU
		{56027908-B195-4D0A-A3EE-5C9F98B9850A}.Debug|iPhone.Build.0 = Debug|Any CPU
		{56027908-B195-4D0A-A3EE-5C9F98B9850A}.Debug|iPhoneSimulator.ActiveCfg = Debug|Any CPU
		{56027908-B195-4D0A-A3EE-5C9F98B9850A}.Debug|iPhoneSimulator.Build.0 = Debug|Any CPU
		{56027908-B195-4D0A-A3EE-5C9F98B9850A}.Debug|x64.ActiveCfg = Debug|Any CPU
		{56027908-B195-4D0A-A3EE-5C9F98B9850A}.Debug|x64.Build.0 = Debug|Any CPU
		{56027908-B195-4D0A-A3EE-5C9F98B9850A}.Debug|x86.ActiveCfg = Debug|Any CPU
		{56027908-B195-4D0A-A3EE-5C9F98B9850A}.Debug|x86.Build.0 = Debug|Any CPU
		{56027908-B195-4D0A-A3EE-5C9F98B9850A}.Release|Any CPU.ActiveCfg = Release|Any CPU
		{56027908-B195-4D0A-A3EE-5C9F98B9850A}.Release|Any CPU.Build.0 = Release|Any CPU
		{56027908-B195-4D0A-A3EE-5C9F98B9850A}.Release|ARM.ActiveCfg = Release|Any CPU
		{56027908-B195-4D0A-A3EE-5C9F98B9850A}.Release|ARM.Build.0 = Release|Any CPU
		{56027908-B195-4D0A-A3EE-5C9F98B9850A}.Release|ARM64.ActiveCfg = Release|Any CPU
		{56027908-B195-4D0A-A3EE-5C9F98B9850A}.Release|ARM64.Build.0 = Release|Any CPU
		{56027908-B195-4D0A-A3EE-5C9F98B9850A}.Release|iPhone.ActiveCfg = Release|Any CPU
		{56027908-B195-4D0A-A3EE-5C9F98B9850A}.Release|iPhone.Build.0 = Release|Any CPU
		{56027908-B195-4D0A-A3EE-5C9F98B9850A}.Release|iPhoneSimulator.ActiveCfg = Release|Any CPU
		{56027908-B195-4D0A-A3EE-5C9F98B9850A}.Release|iPhoneSimulator.Build.0 = Release|Any CPU
		{56027908-B195-4D0A-A3EE-5C9F98B9850A}.Release|x64.ActiveCfg = Release|Any CPU
		{56027908-B195-4D0A-A3EE-5C9F98B9850A}.Release|x64.Build.0 = Release|Any CPU
		{56027908-B195-4D0A-A3EE-5C9F98B9850A}.Release|x86.ActiveCfg = Release|Any CPU
		{56027908-B195-4D0A-A3EE-5C9F98B9850A}.Release|x86.Build.0 = Release|Any CPU
	EndGlobalSection
	GlobalSection(SolutionProperties) = preSolution
		HideSolutionNode = FALSE
	EndGlobalSection
	GlobalSection(ExtensibilityGlobals) = postSolution
		SolutionGuid = {E012047E-6826-4037-8D1A-5606CD7D345D}
	EndGlobalSection
EndGlobal
