
Microsoft Visual Studio Solution File, Format Version 12.00
# Visual Studio Version 17
VisualStudioVersion = 17.3.32929.385
MinimumVisualStudioVersion = 15.0.26124.0
Project("{2150E333-8FDC-42A3-9474-1A3956D46DE8}") = "P42.Uno.Xamarin.Essentials", "P42.Uno.Xamarin.Essentials", "{75C181A9-E90B-4A85-8F7A-188A8D5C2AA3}"
EndProject
Project("{9A19103F-16F7-4668-BE54-9A1E7A4F7556}") = "P42.Uno.Xamarin.Essentials", "Xamarin.Essentials\P42.Uno.Xamarin.Essentials.csproj", "{ACF44024-C3F7-4CD0-B6D2-78E358C8A69F}"
EndProject
Project("{2150E333-8FDC-42A3-9474-1A3956D46DE8}") = "Samples.Uno.WinUi3", "Samples.Uno.WinUi3", "{07F2D688-9269-4211-B989-B3A267B77B61}"
EndProject
Project("{9A19103F-16F7-4668-BE54-9A1E7A4F7556}") = "Samples.Windows", "Samples.Uno.WinUi3\Samples.Windows\Samples.Windows.csproj", "{A7D00FDC-21C4-4505-A2D3-18F1F61D33A6}"
EndProject
Project("{9A19103F-16F7-4668-BE54-9A1E7A4F7556}") = "Samples.Wasm", "Samples.Uno.WinUi3\Samples.Wasm\Samples.Wasm.csproj", "{652F7D33-369F-4334-8E38-DC4F832FECC1}"
EndProject
Project("{9A19103F-16F7-4668-BE54-9A1E7A4F7556}") = "Samples.Skia.WPF", "Samples.Uno.WinUi3\Samples.Skia.WPF\Samples.Skia.WPF.csproj", "{7F0D06EC-7318-42E0-B5E1-D6EDA9197E7C}"
EndProject
Project("{9A19103F-16F7-4668-BE54-9A1E7A4F7556}") = "Samples.Skia.Linux.FrameBuffer", "Samples.Uno.WinUi3\Samples.Skia.Linux.FrameBuffer\Samples.Skia.Linux.FrameBuffer.csproj", "{0FB5D082-4A49-43C4-AB8F-40325B45BD99}"
EndProject
Project("{9A19103F-16F7-4668-BE54-9A1E7A4F7556}") = "Samples.Skia.Gtk", "Samples.Uno.WinUi3\Samples.Skia.Gtk\Samples.Skia.Gtk.csproj", "{D3DEA0FF-AE36-461B-8A89-0B7C48E856EA}"
EndProject
Project("{9A19103F-16F7-4668-BE54-9A1E7A4F7556}") = "Samples.Mobile", "Samples.Uno.WinUi3\Samples.Mobile\Samples.Mobile.csproj", "{93F32948-34BE-4AE3-BEFE-F42A0CF25773}"
EndProject
Project("{D954291E-2A0B-460D-934E-DC6B0785DB48}") = "Samples.Shared", "Samples.Uno.WinUi3\Samples.Shared\Samples.Shared.shproj", "{6279C845-92F8-4333-AB99-3D213163593C}"
EndProject
Global
	GlobalSection(SolutionConfigurationPlatforms) = preSolution
		Ad-Hoc|Any CPU = Ad-Hoc|Any CPU
		Ad-Hoc|ARM = Ad-Hoc|ARM
		Ad-Hoc|ARM64 = Ad-Hoc|ARM64
		Ad-Hoc|iPhone = Ad-Hoc|iPhone
		Ad-Hoc|iPhoneSimulator = Ad-Hoc|iPhoneSimulator
		Ad-Hoc|x64 = Ad-Hoc|x64
		Ad-Hoc|x86 = Ad-Hoc|x86
		AppStore|Any CPU = AppStore|Any CPU
		AppStore|ARM = AppStore|ARM
		AppStore|ARM64 = AppStore|ARM64
		AppStore|iPhone = AppStore|iPhone
		AppStore|iPhoneSimulator = AppStore|iPhoneSimulator
		AppStore|x64 = AppStore|x64
		AppStore|x86 = AppStore|x86
		Debug|Any CPU = Debug|Any CPU
		Debug|ARM = Debug|ARM
		Debug|ARM64 = Debug|ARM64
		Debug|iPhone = Debug|iPhone
		Debug|iPhoneSimulator = Debug|iPhoneSimulator
		Debug|x64 = Debug|x64
		Debug|x86 = Debug|x86
		Release|Any CPU = Release|Any CPU
		Release|ARM = Release|ARM
		Release|ARM64 = Release|ARM64
		Release|iPhone = Release|iPhone
		Release|iPhoneSimulator = Release|iPhoneSimulator
		Release|x64 = Release|x64
		Release|x86 = Release|x86
	EndGlobalSection
	GlobalSection(ProjectConfigurationPlatforms) = postSolution
		{ACF44024-C3F7-4CD0-B6D2-78E358C8A69F}.Ad-Hoc|Any CPU.ActiveCfg = Debug|Any CPU
		{ACF44024-C3F7-4CD0-B6D2-78E358C8A69F}.Ad-Hoc|Any CPU.Build.0 = Debug|Any CPU
		{ACF44024-C3F7-4CD0-B6D2-78E358C8A69F}.Ad-Hoc|ARM.ActiveCfg = Debug|Any CPU
		{ACF44024-C3F7-4CD0-B6D2-78E358C8A69F}.Ad-Hoc|ARM.Build.0 = Debug|Any CPU
		{ACF44024-C3F7-4CD0-B6D2-78E358C8A69F}.Ad-Hoc|ARM64.ActiveCfg = Debug|Any CPU
		{ACF44024-C3F7-4CD0-B6D2-78E358C8A69F}.Ad-Hoc|ARM64.Build.0 = Debug|Any CPU
		{ACF44024-C3F7-4CD0-B6D2-78E358C8A69F}.Ad-Hoc|iPhone.ActiveCfg = Debug|Any CPU
		{ACF44024-C3F7-4CD0-B6D2-78E358C8A69F}.Ad-Hoc|iPhone.Build.0 = Debug|Any CPU
		{ACF44024-C3F7-4CD0-B6D2-78E358C8A69F}.Ad-Hoc|iPhoneSimulator.ActiveCfg = Debug|Any CPU
		{ACF44024-C3F7-4CD0-B6D2-78E358C8A69F}.Ad-Hoc|iPhoneSimulator.Build.0 = Debug|Any CPU
		{ACF44024-C3F7-4CD0-B6D2-78E358C8A69F}.Ad-Hoc|x64.ActiveCfg = Debug|Any CPU
		{ACF44024-C3F7-4CD0-B6D2-78E358C8A69F}.Ad-Hoc|x64.Build.0 = Debug|Any CPU
		{ACF44024-C3F7-4CD0-B6D2-78E358C8A69F}.Ad-Hoc|x86.ActiveCfg = Debug|Any CPU
		{ACF44024-C3F7-4CD0-B6D2-78E358C8A69F}.Ad-Hoc|x86.Build.0 = Debug|Any CPU
		{ACF44024-C3F7-4CD0-B6D2-78E358C8A69F}.AppStore|Any CPU.ActiveCfg = Debug|Any CPU
		{ACF44024-C3F7-4CD0-B6D2-78E358C8A69F}.AppStore|Any CPU.Build.0 = Debug|Any CPU
		{ACF44024-C3F7-4CD0-B6D2-78E358C8A69F}.AppStore|ARM.ActiveCfg = Debug|Any CPU
		{ACF44024-C3F7-4CD0-B6D2-78E358C8A69F}.AppStore|ARM.Build.0 = Debug|Any CPU
		{ACF44024-C3F7-4CD0-B6D2-78E358C8A69F}.AppStore|ARM64.ActiveCfg = Debug|Any CPU
		{ACF44024-C3F7-4CD0-B6D2-78E358C8A69F}.AppStore|ARM64.Build.0 = Debug|Any CPU
		{ACF44024-C3F7-4CD0-B6D2-78E358C8A69F}.AppStore|iPhone.ActiveCfg = Debug|Any CPU
		{ACF44024-C3F7-4CD0-B6D2-78E358C8A69F}.AppStore|iPhone.Build.0 = Debug|Any CPU
		{ACF44024-C3F7-4CD0-B6D2-78E358C8A69F}.AppStore|iPhoneSimulator.ActiveCfg = Debug|Any CPU
		{ACF44024-C3F7-4CD0-B6D2-78E358C8A69F}.AppStore|iPhoneSimulator.Build.0 = Debug|Any CPU
		{ACF44024-C3F7-4CD0-B6D2-78E358C8A69F}.AppStore|x64.ActiveCfg = Debug|Any CPU
		{ACF44024-C3F7-4CD0-B6D2-78E358C8A69F}.AppStore|x64.Build.0 = Debug|Any CPU
		{ACF44024-C3F7-4CD0-B6D2-78E358C8A69F}.AppStore|x86.ActiveCfg = Debug|Any CPU
		{ACF44024-C3F7-4CD0-B6D2-78E358C8A69F}.AppStore|x86.Build.0 = Debug|Any CPU
		{ACF44024-C3F7-4CD0-B6D2-78E358C8A69F}.Debug|Any CPU.ActiveCfg = Debug|Any CPU
		{ACF44024-C3F7-4CD0-B6D2-78E358C8A69F}.Debug|Any CPU.Build.0 = Debug|Any CPU
		{ACF44024-C3F7-4CD0-B6D2-78E358C8A69F}.Debug|ARM.ActiveCfg = Debug|Any CPU
		{ACF44024-C3F7-4CD0-B6D2-78E358C8A69F}.Debug|ARM.Build.0 = Debug|Any CPU
		{ACF44024-C3F7-4CD0-B6D2-78E358C8A69F}.Debug|ARM64.ActiveCfg = Debug|Any CPU
		{ACF44024-C3F7-4CD0-B6D2-78E358C8A69F}.Debug|ARM64.Build.0 = Debug|Any CPU
		{ACF44024-C3F7-4CD0-B6D2-78E358C8A69F}.Debug|iPhone.ActiveCfg = Debug|Any CPU
		{ACF44024-C3F7-4CD0-B6D2-78E358C8A69F}.Debug|iPhone.Build.0 = Debug|Any CPU
		{ACF44024-C3F7-4CD0-B6D2-78E358C8A69F}.Debug|iPhoneSimulator.ActiveCfg = Debug|Any CPU
		{ACF44024-C3F7-4CD0-B6D2-78E358C8A69F}.Debug|iPhoneSimulator.Build.0 = Debug|Any CPU
		{ACF44024-C3F7-4CD0-B6D2-78E358C8A69F}.Debug|x64.ActiveCfg = Debug|Any CPU
		{ACF44024-C3F7-4CD0-B6D2-78E358C8A69F}.Debug|x64.Build.0 = Debug|Any CPU
		{ACF44024-C3F7-4CD0-B6D2-78E358C8A69F}.Debug|x86.ActiveCfg = Debug|Any CPU
		{ACF44024-C3F7-4CD0-B6D2-78E358C8A69F}.Debug|x86.Build.0 = Debug|Any CPU
		{ACF44024-C3F7-4CD0-B6D2-78E358C8A69F}.Release|Any CPU.ActiveCfg = Release|Any CPU
		{ACF44024-C3F7-4CD0-B6D2-78E358C8A69F}.Release|Any CPU.Build.0 = Release|Any CPU
		{ACF44024-C3F7-4CD0-B6D2-78E358C8A69F}.Release|ARM.ActiveCfg = Release|Any CPU
		{ACF44024-C3F7-4CD0-B6D2-78E358C8A69F}.Release|ARM.Build.0 = Release|Any CPU
		{ACF44024-C3F7-4CD0-B6D2-78E358C8A69F}.Release|ARM64.ActiveCfg = Release|Any CPU
		{ACF44024-C3F7-4CD0-B6D2-78E358C8A69F}.Release|ARM64.Build.0 = Release|Any CPU
		{ACF44024-C3F7-4CD0-B6D2-78E358C8A69F}.Release|iPhone.ActiveCfg = Release|Any CPU
		{ACF44024-C3F7-4CD0-B6D2-78E358C8A69F}.Release|iPhone.Build.0 = Release|Any CPU
		{ACF44024-C3F7-4CD0-B6D2-78E358C8A69F}.Release|iPhoneSimulator.ActiveCfg = Release|Any CPU
		{ACF44024-C3F7-4CD0-B6D2-78E358C8A69F}.Release|iPhoneSimulator.Build.0 = Release|Any CPU
		{ACF44024-C3F7-4CD0-B6D2-78E358C8A69F}.Release|x64.ActiveCfg = Release|Any CPU
		{ACF44024-C3F7-4CD0-B6D2-78E358C8A69F}.Release|x64.Build.0 = Release|Any CPU
		{ACF44024-C3F7-4CD0-B6D2-78E358C8A69F}.Release|x86.ActiveCfg = Release|Any CPU
		{ACF44024-C3F7-4CD0-B6D2-78E358C8A69F}.Release|x86.Build.0 = Release|Any CPU
		{A7D00FDC-21C4-4505-A2D3-18F1F61D33A6}.Ad-Hoc|Any CPU.ActiveCfg = Debug|x64
		{A7D00FDC-21C4-4505-A2D3-18F1F61D33A6}.Ad-Hoc|Any CPU.Build.0 = Debug|x64
		{A7D00FDC-21C4-4505-A2D3-18F1F61D33A6}.Ad-Hoc|Any CPU.Deploy.0 = Debug|x64
		{A7D00FDC-21C4-4505-A2D3-18F1F61D33A6}.Ad-Hoc|ARM.ActiveCfg = Debug|x64
		{A7D00FDC-21C4-4505-A2D3-18F1F61D33A6}.Ad-Hoc|ARM.Build.0 = Debug|x64
		{A7D00FDC-21C4-4505-A2D3-18F1F61D33A6}.Ad-Hoc|ARM.Deploy.0 = Debug|x64
		{A7D00FDC-21C4-4505-A2D3-18F1F61D33A6}.Ad-Hoc|ARM64.ActiveCfg = Debug|arm64
		{A7D00FDC-21C4-4505-A2D3-18F1F61D33A6}.Ad-Hoc|ARM64.Build.0 = Debug|arm64
		{A7D00FDC-21C4-4505-A2D3-18F1F61D33A6}.Ad-Hoc|ARM64.Deploy.0 = Debug|arm64
		{A7D00FDC-21C4-4505-A2D3-18F1F61D33A6}.Ad-Hoc|iPhone.ActiveCfg = Debug|x64
		{A7D00FDC-21C4-4505-A2D3-18F1F61D33A6}.Ad-Hoc|iPhone.Build.0 = Debug|x64
		{A7D00FDC-21C4-4505-A2D3-18F1F61D33A6}.Ad-Hoc|iPhone.Deploy.0 = Debug|x64
		{A7D00FDC-21C4-4505-A2D3-18F1F61D33A6}.Ad-Hoc|iPhoneSimulator.ActiveCfg = Debug|x64
		{A7D00FDC-21C4-4505-A2D3-18F1F61D33A6}.Ad-Hoc|iPhoneSimulator.Build.0 = Debug|x64
		{A7D00FDC-21C4-4505-A2D3-18F1F61D33A6}.Ad-Hoc|iPhoneSimulator.Deploy.0 = Debug|x64
		{A7D00FDC-21C4-4505-A2D3-18F1F61D33A6}.Ad-Hoc|x64.ActiveCfg = Debug|x64
		{A7D00FDC-21C4-4505-A2D3-18F1F61D33A6}.Ad-Hoc|x64.Build.0 = Debug|x64
		{A7D00FDC-21C4-4505-A2D3-18F1F61D33A6}.Ad-Hoc|x64.Deploy.0 = Debug|x64
		{A7D00FDC-21C4-4505-A2D3-18F1F61D33A6}.Ad-Hoc|x86.ActiveCfg = Debug|x86
		{A7D00FDC-21C4-4505-A2D3-18F1F61D33A6}.Ad-Hoc|x86.Build.0 = Debug|x86
		{A7D00FDC-21C4-4505-A2D3-18F1F61D33A6}.Ad-Hoc|x86.Deploy.0 = Debug|x86
		{A7D00FDC-21C4-4505-A2D3-18F1F61D33A6}.AppStore|Any CPU.ActiveCfg = Debug|x64
		{A7D00FDC-21C4-4505-A2D3-18F1F61D33A6}.AppStore|Any CPU.Build.0 = Debug|x64
		{A7D00FDC-21C4-4505-A2D3-18F1F61D33A6}.AppStore|Any CPU.Deploy.0 = Debug|x64
		{A7D00FDC-21C4-4505-A2D3-18F1F61D33A6}.AppStore|ARM.ActiveCfg = Debug|x64
		{A7D00FDC-21C4-4505-A2D3-18F1F61D33A6}.AppStore|ARM.Build.0 = Debug|x64
		{A7D00FDC-21C4-4505-A2D3-18F1F61D33A6}.AppStore|ARM.Deploy.0 = Debug|x64
		{A7D00FDC-21C4-4505-A2D3-18F1F61D33A6}.AppStore|ARM64.ActiveCfg = Debug|arm64
		{A7D00FDC-21C4-4505-A2D3-18F1F61D33A6}.AppStore|ARM64.Build.0 = Debug|arm64
		{A7D00FDC-21C4-4505-A2D3-18F1F61D33A6}.AppStore|ARM64.Deploy.0 = Debug|arm64
		{A7D00FDC-21C4-4505-A2D3-18F1F61D33A6}.AppStore|iPhone.ActiveCfg = Debug|x64
		{A7D00FDC-21C4-4505-A2D3-18F1F61D33A6}.AppStore|iPhone.Build.0 = Debug|x64
		{A7D00FDC-21C4-4505-A2D3-18F1F61D33A6}.AppStore|iPhone.Deploy.0 = Debug|x64
		{A7D00FDC-21C4-4505-A2D3-18F1F61D33A6}.AppStore|iPhoneSimulator.ActiveCfg = Debug|x64
		{A7D00FDC-21C4-4505-A2D3-18F1F61D33A6}.AppStore|iPhoneSimulator.Build.0 = Debug|x64
		{A7D00FDC-21C4-4505-A2D3-18F1F61D33A6}.AppStore|iPhoneSimulator.Deploy.0 = Debug|x64
		{A7D00FDC-21C4-4505-A2D3-18F1F61D33A6}.AppStore|x64.ActiveCfg = Debug|x64
		{A7D00FDC-21C4-4505-A2D3-18F1F61D33A6}.AppStore|x64.Build.0 = Debug|x64
		{A7D00FDC-21C4-4505-A2D3-18F1F61D33A6}.AppStore|x64.Deploy.0 = Debug|x64
		{A7D00FDC-21C4-4505-A2D3-18F1F61D33A6}.AppStore|x86.ActiveCfg = Debug|x86
		{A7D00FDC-21C4-4505-A2D3-18F1F61D33A6}.AppStore|x86.Build.0 = Debug|x86
		{A7D00FDC-21C4-4505-A2D3-18F1F61D33A6}.AppStore|x86.Deploy.0 = Debug|x86
		{A7D00FDC-21C4-4505-A2D3-18F1F61D33A6}.Debug|Any CPU.ActiveCfg = Debug|x64
		{A7D00FDC-21C4-4505-A2D3-18F1F61D33A6}.Debug|Any CPU.Build.0 = Debug|x64
		{A7D00FDC-21C4-4505-A2D3-18F1F61D33A6}.Debug|Any CPU.Deploy.0 = Debug|x64
		{A7D00FDC-21C4-4505-A2D3-18F1F61D33A6}.Debug|ARM.ActiveCfg = Debug|x64
		{A7D00FDC-21C4-4505-A2D3-18F1F61D33A6}.Debug|ARM.Build.0 = Debug|x64
		{A7D00FDC-21C4-4505-A2D3-18F1F61D33A6}.Debug|ARM.Deploy.0 = Debug|x64
		{A7D00FDC-21C4-4505-A2D3-18F1F61D33A6}.Debug|ARM64.ActiveCfg = Debug|arm64
		{A7D00FDC-21C4-4505-A2D3-18F1F61D33A6}.Debug|ARM64.Build.0 = Debug|arm64
		{A7D00FDC-21C4-4505-A2D3-18F1F61D33A6}.Debug|ARM64.Deploy.0 = Debug|arm64
		{A7D00FDC-21C4-4505-A2D3-18F1F61D33A6}.Debug|iPhone.ActiveCfg = Debug|x64
		{A7D00FDC-21C4-4505-A2D3-18F1F61D33A6}.Debug|iPhone.Build.0 = Debug|x64
		{A7D00FDC-21C4-4505-A2D3-18F1F61D33A6}.Debug|iPhone.Deploy.0 = Debug|x64
		{A7D00FDC-21C4-4505-A2D3-18F1F61D33A6}.Debug|iPhoneSimulator.ActiveCfg = Debug|x64
		{A7D00FDC-21C4-4505-A2D3-18F1F61D33A6}.Debug|iPhoneSimulator.Build.0 = Debug|x64
		{A7D00FDC-21C4-4505-A2D3-18F1F61D33A6}.Debug|iPhoneSimulator.Deploy.0 = Debug|x64
		{A7D00FDC-21C4-4505-A2D3-18F1F61D33A6}.Debug|x64.ActiveCfg = Debug|x64
		{A7D00FDC-21C4-4505-A2D3-18F1F61D33A6}.Debug|x64.Build.0 = Debug|x64
		{A7D00FDC-21C4-4505-A2D3-18F1F61D33A6}.Debug|x64.Deploy.0 = Debug|x64
		{A7D00FDC-21C4-4505-A2D3-18F1F61D33A6}.Debug|x86.ActiveCfg = Debug|x86
		{A7D00FDC-21C4-4505-A2D3-18F1F61D33A6}.Debug|x86.Build.0 = Debug|x86
		{A7D00FDC-21C4-4505-A2D3-18F1F61D33A6}.Debug|x86.Deploy.0 = Debug|x86
		{A7D00FDC-21C4-4505-A2D3-18F1F61D33A6}.Release|Any CPU.ActiveCfg = Release|x64
		{A7D00FDC-21C4-4505-A2D3-18F1F61D33A6}.Release|Any CPU.Build.0 = Release|x64
		{A7D00FDC-21C4-4505-A2D3-18F1F61D33A6}.Release|Any CPU.Deploy.0 = Release|x64
		{A7D00FDC-21C4-4505-A2D3-18F1F61D33A6}.Release|ARM.ActiveCfg = Release|x64
		{A7D00FDC-21C4-4505-A2D3-18F1F61D33A6}.Release|ARM.Build.0 = Release|x64
		{A7D00FDC-21C4-4505-A2D3-18F1F61D33A6}.Release|ARM.Deploy.0 = Release|x64
		{A7D00FDC-21C4-4505-A2D3-18F1F61D33A6}.Release|ARM64.ActiveCfg = Release|arm64
		{A7D00FDC-21C4-4505-A2D3-18F1F61D33A6}.Release|ARM64.Build.0 = Release|arm64
		{A7D00FDC-21C4-4505-A2D3-18F1F61D33A6}.Release|ARM64.Deploy.0 = Release|arm64
		{A7D00FDC-21C4-4505-A2D3-18F1F61D33A6}.Release|iPhone.ActiveCfg = Release|x64
		{A7D00FDC-21C4-4505-A2D3-18F1F61D33A6}.Release|iPhone.Build.0 = Release|x64
		{A7D00FDC-21C4-4505-A2D3-18F1F61D33A6}.Release|iPhone.Deploy.0 = Release|x64
		{A7D00FDC-21C4-4505-A2D3-18F1F61D33A6}.Release|iPhoneSimulator.ActiveCfg = Release|x64
		{A7D00FDC-21C4-4505-A2D3-18F1F61D33A6}.Release|iPhoneSimulator.Build.0 = Release|x64
		{A7D00FDC-21C4-4505-A2D3-18F1F61D33A6}.Release|iPhoneSimulator.Deploy.0 = Release|x64
		{A7D00FDC-21C4-4505-A2D3-18F1F61D33A6}.Release|x64.ActiveCfg = Release|x64
		{A7D00FDC-21C4-4505-A2D3-18F1F61D33A6}.Release|x64.Build.0 = Release|x64
		{A7D00FDC-21C4-4505-A2D3-18F1F61D33A6}.Release|x64.Deploy.0 = Release|x64
		{A7D00FDC-21C4-4505-A2D3-18F1F61D33A6}.Release|x86.ActiveCfg = Release|x86
		{A7D00FDC-21C4-4505-A2D3-18F1F61D33A6}.Release|x86.Build.0 = Release|x86
		{A7D00FDC-21C4-4505-A2D3-18F1F61D33A6}.Release|x86.Deploy.0 = Release|x86
		{652F7D33-369F-4334-8E38-DC4F832FECC1}.Ad-Hoc|Any CPU.ActiveCfg = Debug|Any CPU
		{652F7D33-369F-4334-8E38-DC4F832FECC1}.Ad-Hoc|Any CPU.Build.0 = Debug|Any CPU
		{652F7D33-369F-4334-8E38-DC4F832FECC1}.Ad-Hoc|ARM.ActiveCfg = Debug|Any CPU
		{652F7D33-369F-4334-8E38-DC4F832FECC1}.Ad-Hoc|ARM.Build.0 = Debug|Any CPU
		{652F7D33-369F-4334-8E38-DC4F832FECC1}.Ad-Hoc|ARM64.ActiveCfg = Debug|Any CPU
		{652F7D33-369F-4334-8E38-DC4F832FECC1}.Ad-Hoc|ARM64.Build.0 = Debug|Any CPU
		{652F7D33-369F-4334-8E38-DC4F832FECC1}.Ad-Hoc|iPhone.ActiveCfg = Debug|Any CPU
		{652F7D33-369F-4334-8E38-DC4F832FECC1}.Ad-Hoc|iPhone.Build.0 = Debug|Any CPU
		{652F7D33-369F-4334-8E38-DC4F832FECC1}.Ad-Hoc|iPhoneSimulator.ActiveCfg = Debug|Any CPU
		{652F7D33-369F-4334-8E38-DC4F832FECC1}.Ad-Hoc|iPhoneSimulator.Build.0 = Debug|Any CPU
		{652F7D33-369F-4334-8E38-DC4F832FECC1}.Ad-Hoc|x64.ActiveCfg = Debug|Any CPU
		{652F7D33-369F-4334-8E38-DC4F832FECC1}.Ad-Hoc|x64.Build.0 = Debug|Any CPU
		{652F7D33-369F-4334-8E38-DC4F832FECC1}.Ad-Hoc|x86.ActiveCfg = Debug|Any CPU
		{652F7D33-369F-4334-8E38-DC4F832FECC1}.Ad-Hoc|x86.Build.0 = Debug|Any CPU
		{652F7D33-369F-4334-8E38-DC4F832FECC1}.AppStore|Any CPU.ActiveCfg = Debug|Any CPU
		{652F7D33-369F-4334-8E38-DC4F832FECC1}.AppStore|Any CPU.Build.0 = Debug|Any CPU
		{652F7D33-369F-4334-8E38-DC4F832FECC1}.AppStore|ARM.ActiveCfg = Debug|Any CPU
		{652F7D33-369F-4334-8E38-DC4F832FECC1}.AppStore|ARM.Build.0 = Debug|Any CPU
		{652F7D33-369F-4334-8E38-DC4F832FECC1}.AppStore|ARM64.ActiveCfg = Debug|Any CPU
		{652F7D33-369F-4334-8E38-DC4F832FECC1}.AppStore|ARM64.Build.0 = Debug|Any CPU
		{652F7D33-369F-4334-8E38-DC4F832FECC1}.AppStore|iPhone.ActiveCfg = Debug|Any CPU
		{652F7D33-369F-4334-8E38-DC4F832FECC1}.AppStore|iPhone.Build.0 = Debug|Any CPU
		{652F7D33-369F-4334-8E38-DC4F832FECC1}.AppStore|iPhoneSimulator.ActiveCfg = Debug|Any CPU
		{652F7D33-369F-4334-8E38-DC4F832FECC1}.AppStore|iPhoneSimulator.Build.0 = Debug|Any CPU
		{652F7D33-369F-4334-8E38-DC4F832FECC1}.AppStore|x64.ActiveCfg = Debug|Any CPU
		{652F7D33-369F-4334-8E38-DC4F832FECC1}.AppStore|x64.Build.0 = Debug|Any CPU
		{652F7D33-369F-4334-8E38-DC4F832FECC1}.AppStore|x86.ActiveCfg = Debug|Any CPU
		{652F7D33-369F-4334-8E38-DC4F832FECC1}.AppStore|x86.Build.0 = Debug|Any CPU
		{652F7D33-369F-4334-8E38-DC4F832FECC1}.Debug|Any CPU.ActiveCfg = Debug|Any CPU
		{652F7D33-369F-4334-8E38-DC4F832FECC1}.Debug|Any CPU.Build.0 = Debug|Any CPU
		{652F7D33-369F-4334-8E38-DC4F832FECC1}.Debug|ARM.ActiveCfg = Debug|Any CPU
		{652F7D33-369F-4334-8E38-DC4F832FECC1}.Debug|ARM.Build.0 = Debug|Any CPU
		{652F7D33-369F-4334-8E38-DC4F832FECC1}.Debug|ARM64.ActiveCfg = Debug|Any CPU
		{652F7D33-369F-4334-8E38-DC4F832FECC1}.Debug|ARM64.Build.0 = Debug|Any CPU
		{652F7D33-369F-4334-8E38-DC4F832FECC1}.Debug|iPhone.ActiveCfg = Debug|Any CPU
		{652F7D33-369F-4334-8E38-DC4F832FECC1}.Debug|iPhone.Build.0 = Debug|Any CPU
		{652F7D33-369F-4334-8E38-DC4F832FECC1}.Debug|iPhoneSimulator.ActiveCfg = Debug|Any CPU
		{652F7D33-369F-4334-8E38-DC4F832FECC1}.Debug|iPhoneSimulator.Build.0 = Debug|Any CPU
		{652F7D33-369F-4334-8E38-DC4F832FECC1}.Debug|x64.ActiveCfg = Debug|Any CPU
		{652F7D33-369F-4334-8E38-DC4F832FECC1}.Debug|x64.Build.0 = Debug|Any CPU
		{652F7D33-369F-4334-8E38-DC4F832FECC1}.Debug|x86.ActiveCfg = Debug|Any CPU
		{652F7D33-369F-4334-8E38-DC4F832FECC1}.Debug|x86.Build.0 = Debug|Any CPU
		{652F7D33-369F-4334-8E38-DC4F832FECC1}.Release|Any CPU.ActiveCfg = Release|Any CPU
		{652F7D33-369F-4334-8E38-DC4F832FECC1}.Release|Any CPU.Build.0 = Release|Any CPU
		{652F7D33-369F-4334-8E38-DC4F832FECC1}.Release|ARM.ActiveCfg = Release|Any CPU
		{652F7D33-369F-4334-8E38-DC4F832FECC1}.Release|ARM.Build.0 = Release|Any CPU
		{652F7D33-369F-4334-8E38-DC4F832FECC1}.Release|ARM64.ActiveCfg = Release|Any CPU
		{652F7D33-369F-4334-8E38-DC4F832FECC1}.Release|ARM64.Build.0 = Release|Any CPU
		{652F7D33-369F-4334-8E38-DC4F832FECC1}.Release|iPhone.ActiveCfg = Release|Any CPU
		{652F7D33-369F-4334-8E38-DC4F832FECC1}.Release|iPhone.Build.0 = Release|Any CPU
		{652F7D33-369F-4334-8E38-DC4F832FECC1}.Release|iPhoneSimulator.ActiveCfg = Release|Any CPU
		{652F7D33-369F-4334-8E38-DC4F832FECC1}.Release|iPhoneSimulator.Build.0 = Release|Any CPU
		{652F7D33-369F-4334-8E38-DC4F832FECC1}.Release|x64.ActiveCfg = Release|Any CPU
		{652F7D33-369F-4334-8E38-DC4F832FECC1}.Release|x64.Build.0 = Release|Any CPU
		{652F7D33-369F-4334-8E38-DC4F832FECC1}.Release|x86.ActiveCfg = Release|Any CPU
		{652F7D33-369F-4334-8E38-DC4F832FECC1}.Release|x86.Build.0 = Release|Any CPU
		{7F0D06EC-7318-42E0-B5E1-D6EDA9197E7C}.Ad-Hoc|Any CPU.ActiveCfg = Debug|Any CPU
		{7F0D06EC-7318-42E0-B5E1-D6EDA9197E7C}.Ad-Hoc|Any CPU.Build.0 = Debug|Any CPU
		{7F0D06EC-7318-42E0-B5E1-D6EDA9197E7C}.Ad-Hoc|ARM.ActiveCfg = Debug|Any CPU
		{7F0D06EC-7318-42E0-B5E1-D6EDA9197E7C}.Ad-Hoc|ARM.Build.0 = Debug|Any CPU
		{7F0D06EC-7318-42E0-B5E1-D6EDA9197E7C}.Ad-Hoc|ARM64.ActiveCfg = Debug|Any CPU
		{7F0D06EC-7318-42E0-B5E1-D6EDA9197E7C}.Ad-Hoc|ARM64.Build.0 = Debug|Any CPU
		{7F0D06EC-7318-42E0-B5E1-D6EDA9197E7C}.Ad-Hoc|iPhone.ActiveCfg = Debug|Any CPU
		{7F0D06EC-7318-42E0-B5E1-D6EDA9197E7C}.Ad-Hoc|iPhone.Build.0 = Debug|Any CPU
		{7F0D06EC-7318-42E0-B5E1-D6EDA9197E7C}.Ad-Hoc|iPhoneSimulator.ActiveCfg = Debug|Any CPU
		{7F0D06EC-7318-42E0-B5E1-D6EDA9197E7C}.Ad-Hoc|iPhoneSimulator.Build.0 = Debug|Any CPU
		{7F0D06EC-7318-42E0-B5E1-D6EDA9197E7C}.Ad-Hoc|x64.ActiveCfg = Debug|Any CPU
		{7F0D06EC-7318-42E0-B5E1-D6EDA9197E7C}.Ad-Hoc|x64.Build.0 = Debug|Any CPU
		{7F0D06EC-7318-42E0-B5E1-D6EDA9197E7C}.Ad-Hoc|x86.ActiveCfg = Debug|Any CPU
		{7F0D06EC-7318-42E0-B5E1-D6EDA9197E7C}.Ad-Hoc|x86.Build.0 = Debug|Any CPU
		{7F0D06EC-7318-42E0-B5E1-D6EDA9197E7C}.AppStore|Any CPU.ActiveCfg = Debug|Any CPU
		{7F0D06EC-7318-42E0-B5E1-D6EDA9197E7C}.AppStore|Any CPU.Build.0 = Debug|Any CPU
		{7F0D06EC-7318-42E0-B5E1-D6EDA9197E7C}.AppStore|ARM.ActiveCfg = Debug|Any CPU
		{7F0D06EC-7318-42E0-B5E1-D6EDA9197E7C}.AppStore|ARM.Build.0 = Debug|Any CPU
		{7F0D06EC-7318-42E0-B5E1-D6EDA9197E7C}.AppStore|ARM64.ActiveCfg = Debug|Any CPU
		{7F0D06EC-7318-42E0-B5E1-D6EDA9197E7C}.AppStore|ARM64.Build.0 = Debug|Any CPU
		{7F0D06EC-7318-42E0-B5E1-D6EDA9197E7C}.AppStore|iPhone.ActiveCfg = Debug|Any CPU
		{7F0D06EC-7318-42E0-B5E1-D6EDA9197E7C}.AppStore|iPhone.Build.0 = Debug|Any CPU
		{7F0D06EC-7318-42E0-B5E1-D6EDA9197E7C}.AppStore|iPhoneSimulator.ActiveCfg = Debug|Any CPU
		{7F0D06EC-7318-42E0-B5E1-D6EDA9197E7C}.AppStore|iPhoneSimulator.Build.0 = Debug|Any CPU
		{7F0D06EC-7318-42E0-B5E1-D6EDA9197E7C}.AppStore|x64.ActiveCfg = Debug|Any CPU
		{7F0D06EC-7318-42E0-B5E1-D6EDA9197E7C}.AppStore|x64.Build.0 = Debug|Any CPU
		{7F0D06EC-7318-42E0-B5E1-D6EDA9197E7C}.AppStore|x86.ActiveCfg = Debug|Any CPU
		{7F0D06EC-7318-42E0-B5E1-D6EDA9197E7C}.AppStore|x86.Build.0 = Debug|Any CPU
		{7F0D06EC-7318-42E0-B5E1-D6EDA9197E7C}.Debug|Any CPU.ActiveCfg = Debug|Any CPU
		{7F0D06EC-7318-42E0-B5E1-D6EDA9197E7C}.Debug|Any CPU.Build.0 = Debug|Any CPU
		{7F0D06EC-7318-42E0-B5E1-D6EDA9197E7C}.Debug|ARM.ActiveCfg = Debug|Any CPU
		{7F0D06EC-7318-42E0-B5E1-D6EDA9197E7C}.Debug|ARM.Build.0 = Debug|Any CPU
		{7F0D06EC-7318-42E0-B5E1-D6EDA9197E7C}.Debug|ARM64.ActiveCfg = Debug|Any CPU
		{7F0D06EC-7318-42E0-B5E1-D6EDA9197E7C}.Debug|ARM64.Build.0 = Debug|Any CPU
		{7F0D06EC-7318-42E0-B5E1-D6EDA9197E7C}.Debug|iPhone.ActiveCfg = Debug|Any CPU
		{7F0D06EC-7318-42E0-B5E1-D6EDA9197E7C}.Debug|iPhone.Build.0 = Debug|Any CPU
		{7F0D06EC-7318-42E0-B5E1-D6EDA9197E7C}.Debug|iPhoneSimulator.ActiveCfg = Debug|Any CPU
		{7F0D06EC-7318-42E0-B5E1-D6EDA9197E7C}.Debug|iPhoneSimulator.Build.0 = Debug|Any CPU
		{7F0D06EC-7318-42E0-B5E1-D6EDA9197E7C}.Debug|x64.ActiveCfg = Debug|Any CPU
		{7F0D06EC-7318-42E0-B5E1-D6EDA9197E7C}.Debug|x64.Build.0 = Debug|Any CPU
		{7F0D06EC-7318-42E0-B5E1-D6EDA9197E7C}.Debug|x86.ActiveCfg = Debug|Any CPU
		{7F0D06EC-7318-42E0-B5E1-D6EDA9197E7C}.Debug|x86.Build.0 = Debug|Any CPU
		{7F0D06EC-7318-42E0-B5E1-D6EDA9197E7C}.Release|Any CPU.ActiveCfg = Release|Any CPU
		{7F0D06EC-7318-42E0-B5E1-D6EDA9197E7C}.Release|Any CPU.Build.0 = Release|Any CPU
		{7F0D06EC-7318-42E0-B5E1-D6EDA9197E7C}.Release|ARM.ActiveCfg = Release|Any CPU
		{7F0D06EC-7318-42E0-B5E1-D6EDA9197E7C}.Release|ARM.Build.0 = Release|Any CPU
		{7F0D06EC-7318-42E0-B5E1-D6EDA9197E7C}.Release|ARM64.ActiveCfg = Release|Any CPU
		{7F0D06EC-7318-42E0-B5E1-D6EDA9197E7C}.Release|ARM64.Build.0 = Release|Any CPU
		{7F0D06EC-7318-42E0-B5E1-D6EDA9197E7C}.Release|iPhone.ActiveCfg = Release|Any CPU
		{7F0D06EC-7318-42E0-B5E1-D6EDA9197E7C}.Release|iPhone.Build.0 = Release|Any CPU
		{7F0D06EC-7318-42E0-B5E1-D6EDA9197E7C}.Release|iPhoneSimulator.ActiveCfg = Release|Any CPU
		{7F0D06EC-7318-42E0-B5E1-D6EDA9197E7C}.Release|iPhoneSimulator.Build.0 = Release|Any CPU
		{7F0D06EC-7318-42E0-B5E1-D6EDA9197E7C}.Release|x64.ActiveCfg = Release|Any CPU
		{7F0D06EC-7318-42E0-B5E1-D6EDA9197E7C}.Release|x64.Build.0 = Release|Any CPU
		{7F0D06EC-7318-42E0-B5E1-D6EDA9197E7C}.Release|x86.ActiveCfg = Release|Any CPU
		{7F0D06EC-7318-42E0-B5E1-D6EDA9197E7C}.Release|x86.Build.0 = Release|Any CPU
		{0FB5D082-4A49-43C4-AB8F-40325B45BD99}.Ad-Hoc|Any CPU.ActiveCfg = Debug|Any CPU
		{0FB5D082-4A49-43C4-AB8F-40325B45BD99}.Ad-Hoc|Any CPU.Build.0 = Debug|Any CPU
		{0FB5D082-4A49-43C4-AB8F-40325B45BD99}.Ad-Hoc|ARM.ActiveCfg = Debug|Any CPU
		{0FB5D082-4A49-43C4-AB8F-40325B45BD99}.Ad-Hoc|ARM.Build.0 = Debug|Any CPU
		{0FB5D082-4A49-43C4-AB8F-40325B45BD99}.Ad-Hoc|ARM64.ActiveCfg = Debug|Any CPU
		{0FB5D082-4A49-43C4-AB8F-40325B45BD99}.Ad-Hoc|ARM64.Build.0 = Debug|Any CPU
		{0FB5D082-4A49-43C4-AB8F-40325B45BD99}.Ad-Hoc|iPhone.ActiveCfg = Debug|Any CPU
		{0FB5D082-4A49-43C4-AB8F-40325B45BD99}.Ad-Hoc|iPhone.Build.0 = Debug|Any CPU
		{0FB5D082-4A49-43C4-AB8F-40325B45BD99}.Ad-Hoc|iPhoneSimulator.ActiveCfg = Debug|Any CPU
		{0FB5D082-4A49-43C4-AB8F-40325B45BD99}.Ad-Hoc|iPhoneSimulator.Build.0 = Debug|Any CPU
		{0FB5D082-4A49-43C4-AB8F-40325B45BD99}.Ad-Hoc|x64.ActiveCfg = Debug|Any CPU
		{0FB5D082-4A49-43C4-AB8F-40325B45BD99}.Ad-Hoc|x64.Build.0 = Debug|Any CPU
		{0FB5D082-4A49-43C4-AB8F-40325B45BD99}.Ad-Hoc|x86.ActiveCfg = Debug|Any CPU
		{0FB5D082-4A49-43C4-AB8F-40325B45BD99}.Ad-Hoc|x86.Build.0 = Debug|Any CPU
		{0FB5D082-4A49-43C4-AB8F-40325B45BD99}.AppStore|Any CPU.ActiveCfg = Debug|Any CPU
		{0FB5D082-4A49-43C4-AB8F-40325B45BD99}.AppStore|Any CPU.Build.0 = Debug|Any CPU
		{0FB5D082-4A49-43C4-AB8F-40325B45BD99}.AppStore|ARM.ActiveCfg = Debug|Any CPU
		{0FB5D082-4A49-43C4-AB8F-40325B45BD99}.AppStore|ARM.Build.0 = Debug|Any CPU
		{0FB5D082-4A49-43C4-AB8F-40325B45BD99}.AppStore|ARM64.ActiveCfg = Debug|Any CPU
		{0FB5D082-4A49-43C4-AB8F-40325B45BD99}.AppStore|ARM64.Build.0 = Debug|Any CPU
		{0FB5D082-4A49-43C4-AB8F-40325B45BD99}.AppStore|iPhone.ActiveCfg = Debug|Any CPU
		{0FB5D082-4A49-43C4-AB8F-40325B45BD99}.AppStore|iPhone.Build.0 = Debug|Any CPU
		{0FB5D082-4A49-43C4-AB8F-40325B45BD99}.AppStore|iPhoneSimulator.ActiveCfg = Debug|Any CPU
		{0FB5D082-4A49-43C4-AB8F-40325B45BD99}.AppStore|iPhoneSimulator.Build.0 = Debug|Any CPU
		{0FB5D082-4A49-43C4-AB8F-40325B45BD99}.AppStore|x64.ActiveCfg = Debug|Any CPU
		{0FB5D082-4A49-43C4-AB8F-40325B45BD99}.AppStore|x64.Build.0 = Debug|Any CPU
		{0FB5D082-4A49-43C4-AB8F-40325B45BD99}.AppStore|x86.ActiveCfg = Debug|Any CPU
		{0FB5D082-4A49-43C4-AB8F-40325B45BD99}.AppStore|x86.Build.0 = Debug|Any CPU
		{0FB5D082-4A49-43C4-AB8F-40325B45BD99}.Debug|Any CPU.ActiveCfg = Debug|Any CPU
		{0FB5D082-4A49-43C4-AB8F-40325B45BD99}.Debug|Any CPU.Build.0 = Debug|Any CPU
		{0FB5D082-4A49-43C4-AB8F-40325B45BD99}.Debug|ARM.ActiveCfg = Debug|Any CPU
		{0FB5D082-4A49-43C4-AB8F-40325B45BD99}.Debug|ARM.Build.0 = Debug|Any CPU
		{0FB5D082-4A49-43C4-AB8F-40325B45BD99}.Debug|ARM64.ActiveCfg = Debug|Any CPU
		{0FB5D082-4A49-43C4-AB8F-40325B45BD99}.Debug|ARM64.Build.0 = Debug|Any CPU
		{0FB5D082-4A49-43C4-AB8F-40325B45BD99}.Debug|iPhone.ActiveCfg = Debug|Any CPU
		{0FB5D082-4A49-43C4-AB8F-40325B45BD99}.Debug|iPhone.Build.0 = Debug|Any CPU
		{0FB5D082-4A49-43C4-AB8F-40325B45BD99}.Debug|iPhoneSimulator.ActiveCfg = Debug|Any CPU
		{0FB5D082-4A49-43C4-AB8F-40325B45BD99}.Debug|iPhoneSimulator.Build.0 = Debug|Any CPU
		{0FB5D082-4A49-43C4-AB8F-40325B45BD99}.Debug|x64.ActiveCfg = Debug|Any CPU
		{0FB5D082-4A49-43C4-AB8F-40325B45BD99}.Debug|x64.Build.0 = Debug|Any CPU
		{0FB5D082-4A49-43C4-AB8F-40325B45BD99}.Debug|x86.ActiveCfg = Debug|Any CPU
		{0FB5D082-4A49-43C4-AB8F-40325B45BD99}.Debug|x86.Build.0 = Debug|Any CPU
		{0FB5D082-4A49-43C4-AB8F-40325B45BD99}.Release|Any CPU.ActiveCfg = Release|Any CPU
		{0FB5D082-4A49-43C4-AB8F-40325B45BD99}.Release|Any CPU.Build.0 = Release|Any CPU
		{0FB5D082-4A49-43C4-AB8F-40325B45BD99}.Release|ARM.ActiveCfg = Release|Any CPU
		{0FB5D082-4A49-43C4-AB8F-40325B45BD99}.Release|ARM.Build.0 = Release|Any CPU
		{0FB5D082-4A49-43C4-AB8F-40325B45BD99}.Release|ARM64.ActiveCfg = Release|Any CPU
		{0FB5D082-4A49-43C4-AB8F-40325B45BD99}.Release|ARM64.Build.0 = Release|Any CPU
		{0FB5D082-4A49-43C4-AB8F-40325B45BD99}.Release|iPhone.ActiveCfg = Release|Any CPU
		{0FB5D082-4A49-43C4-AB8F-40325B45BD99}.Release|iPhone.Build.0 = Release|Any CPU
		{0FB5D082-4A49-43C4-AB8F-40325B45BD99}.Release|iPhoneSimulator.ActiveCfg = Release|Any CPU
		{0FB5D082-4A49-43C4-AB8F-40325B45BD99}.Release|iPhoneSimulator.Build.0 = Release|Any CPU
		{0FB5D082-4A49-43C4-AB8F-40325B45BD99}.Release|x64.ActiveCfg = Release|Any CPU
		{0FB5D082-4A49-43C4-AB8F-40325B45BD99}.Release|x64.Build.0 = Release|Any CPU
		{0FB5D082-4A49-43C4-AB8F-40325B45BD99}.Release|x86.ActiveCfg = Release|Any CPU
		{0FB5D082-4A49-43C4-AB8F-40325B45BD99}.Release|x86.Build.0 = Release|Any CPU
		{D3DEA0FF-AE36-461B-8A89-0B7C48E856EA}.Ad-Hoc|Any CPU.ActiveCfg = Debug|Any CPU
		{D3DEA0FF-AE36-461B-8A89-0B7C48E856EA}.Ad-Hoc|Any CPU.Build.0 = Debug|Any CPU
		{D3DEA0FF-AE36-461B-8A89-0B7C48E856EA}.Ad-Hoc|ARM.ActiveCfg = Debug|Any CPU
		{D3DEA0FF-AE36-461B-8A89-0B7C48E856EA}.Ad-Hoc|ARM.Build.0 = Debug|Any CPU
		{D3DEA0FF-AE36-461B-8A89-0B7C48E856EA}.Ad-Hoc|ARM64.ActiveCfg = Debug|Any CPU
		{D3DEA0FF-AE36-461B-8A89-0B7C48E856EA}.Ad-Hoc|ARM64.Build.0 = Debug|Any CPU
		{D3DEA0FF-AE36-461B-8A89-0B7C48E856EA}.Ad-Hoc|iPhone.ActiveCfg = Debug|Any CPU
		{D3DEA0FF-AE36-461B-8A89-0B7C48E856EA}.Ad-Hoc|iPhone.Build.0 = Debug|Any CPU
		{D3DEA0FF-AE36-461B-8A89-0B7C48E856EA}.Ad-Hoc|iPhoneSimulator.ActiveCfg = Debug|Any CPU
		{D3DEA0FF-AE36-461B-8A89-0B7C48E856EA}.Ad-Hoc|iPhoneSimulator.Build.0 = Debug|Any CPU
		{D3DEA0FF-AE36-461B-8A89-0B7C48E856EA}.Ad-Hoc|x64.ActiveCfg = Debug|Any CPU
		{D3DEA0FF-AE36-461B-8A89-0B7C48E856EA}.Ad-Hoc|x64.Build.0 = Debug|Any CPU
		{D3DEA0FF-AE36-461B-8A89-0B7C48E856EA}.Ad-Hoc|x86.ActiveCfg = Debug|Any CPU
		{D3DEA0FF-AE36-461B-8A89-0B7C48E856EA}.Ad-Hoc|x86.Build.0 = Debug|Any CPU
		{D3DEA0FF-AE36-461B-8A89-0B7C48E856EA}.AppStore|Any CPU.ActiveCfg = Debug|Any CPU
		{D3DEA0FF-AE36-461B-8A89-0B7C48E856EA}.AppStore|Any CPU.Build.0 = Debug|Any CPU
		{D3DEA0FF-AE36-461B-8A89-0B7C48E856EA}.AppStore|ARM.ActiveCfg = Debug|Any CPU
		{D3DEA0FF-AE36-461B-8A89-0B7C48E856EA}.AppStore|ARM.Build.0 = Debug|Any CPU
		{D3DEA0FF-AE36-461B-8A89-0B7C48E856EA}.AppStore|ARM64.ActiveCfg = Debug|Any CPU
		{D3DEA0FF-AE36-461B-8A89-0B7C48E856EA}.AppStore|ARM64.Build.0 = Debug|Any CPU
		{D3DEA0FF-AE36-461B-8A89-0B7C48E856EA}.AppStore|iPhone.ActiveCfg = Debug|Any CPU
		{D3DEA0FF-AE36-461B-8A89-0B7C48E856EA}.AppStore|iPhone.Build.0 = Debug|Any CPU
		{D3DEA0FF-AE36-461B-8A89-0B7C48E856EA}.AppStore|iPhoneSimulator.ActiveCfg = Debug|Any CPU
		{D3DEA0FF-AE36-461B-8A89-0B7C48E856EA}.AppStore|iPhoneSimulator.Build.0 = Debug|Any CPU
		{D3DEA0FF-AE36-461B-8A89-0B7C48E856EA}.AppStore|x64.ActiveCfg = Debug|Any CPU
		{D3DEA0FF-AE36-461B-8A89-0B7C48E856EA}.AppStore|x64.Build.0 = Debug|Any CPU
		{D3DEA0FF-AE36-461B-8A89-0B7C48E856EA}.AppStore|x86.ActiveCfg = Debug|Any CPU
		{D3DEA0FF-AE36-461B-8A89-0B7C48E856EA}.AppStore|x86.Build.0 = Debug|Any CPU
		{D3DEA0FF-AE36-461B-8A89-0B7C48E856EA}.Debug|Any CPU.ActiveCfg = Debug|Any CPU
		{D3DEA0FF-AE36-461B-8A89-0B7C48E856EA}.Debug|Any CPU.Build.0 = Debug|Any CPU
		{D3DEA0FF-AE36-461B-8A89-0B7C48E856EA}.Debug|ARM.ActiveCfg = Debug|Any CPU
		{D3DEA0FF-AE36-461B-8A89-0B7C48E856EA}.Debug|ARM.Build.0 = Debug|Any CPU
		{D3DEA0FF-AE36-461B-8A89-0B7C48E856EA}.Debug|ARM64.ActiveCfg = Debug|Any CPU
		{D3DEA0FF-AE36-461B-8A89-0B7C48E856EA}.Debug|ARM64.Build.0 = Debug|Any CPU
		{D3DEA0FF-AE36-461B-8A89-0B7C48E856EA}.Debug|iPhone.ActiveCfg = Debug|Any CPU
		{D3DEA0FF-AE36-461B-8A89-0B7C48E856EA}.Debug|iPhone.Build.0 = Debug|Any CPU
		{D3DEA0FF-AE36-461B-8A89-0B7C48E856EA}.Debug|iPhoneSimulator.ActiveCfg = Debug|Any CPU
		{D3DEA0FF-AE36-461B-8A89-0B7C48E856EA}.Debug|iPhoneSimulator.Build.0 = Debug|Any CPU
		{D3DEA0FF-AE36-461B-8A89-0B7C48E856EA}.Debug|x64.ActiveCfg = Debug|Any CPU
		{D3DEA0FF-AE36-461B-8A89-0B7C48E856EA}.Debug|x64.Build.0 = Debug|Any CPU
		{D3DEA0FF-AE36-461B-8A89-0B7C48E856EA}.Debug|x86.ActiveCfg = Debug|Any CPU
		{D3DEA0FF-AE36-461B-8A89-0B7C48E856EA}.Debug|x86.Build.0 = Debug|Any CPU
		{D3DEA0FF-AE36-461B-8A89-0B7C48E856EA}.Release|Any CPU.ActiveCfg = Release|Any CPU
		{D3DEA0FF-AE36-461B-8A89-0B7C48E856EA}.Release|Any CPU.Build.0 = Release|Any CPU
		{D3DEA0FF-AE36-461B-8A89-0B7C48E856EA}.Release|ARM.ActiveCfg = Release|Any CPU
		{D3DEA0FF-AE36-461B-8A89-0B7C48E856EA}.Release|ARM.Build.0 = Release|Any CPU
		{D3DEA0FF-AE36-461B-8A89-0B7C48E856EA}.Release|ARM64.ActiveCfg = Release|Any CPU
		{D3DEA0FF-AE36-461B-8A89-0B7C48E856EA}.Release|ARM64.Build.0 = Release|Any CPU
		{D3DEA0FF-AE36-461B-8A89-0B7C48E856EA}.Release|iPhone.ActiveCfg = Release|Any CPU
		{D3DEA0FF-AE36-461B-8A89-0B7C48E856EA}.Release|iPhone.Build.0 = Release|Any CPU
		{D3DEA0FF-AE36-461B-8A89-0B7C48E856EA}.Release|iPhoneSimulator.ActiveCfg = Release|Any CPU
		{D3DEA0FF-AE36-461B-8A89-0B7C48E856EA}.Release|iPhoneSimulator.Build.0 = Release|Any CPU
		{D3DEA0FF-AE36-461B-8A89-0B7C48E856EA}.Release|x64.ActiveCfg = Release|Any CPU
		{D3DEA0FF-AE36-461B-8A89-0B7C48E856EA}.Release|x64.Build.0 = Release|Any CPU
		{D3DEA0FF-AE36-461B-8A89-0B7C48E856EA}.Release|x86.ActiveCfg = Release|Any CPU
		{D3DEA0FF-AE36-461B-8A89-0B7C48E856EA}.Release|x86.Build.0 = Release|Any CPU
		{93F32948-34BE-4AE3-BEFE-F42A0CF25773}.Ad-Hoc|Any CPU.ActiveCfg = Debug|Any CPU
		{93F32948-34BE-4AE3-BEFE-F42A0CF25773}.Ad-Hoc|Any CPU.Build.0 = Debug|Any CPU
		{93F32948-34BE-4AE3-BEFE-F42A0CF25773}.Ad-Hoc|ARM.ActiveCfg = Debug|Any CPU
		{93F32948-34BE-4AE3-BEFE-F42A0CF25773}.Ad-Hoc|ARM.Build.0 = Debug|Any CPU
		{93F32948-34BE-4AE3-BEFE-F42A0CF25773}.Ad-Hoc|ARM64.ActiveCfg = Debug|Any CPU
		{93F32948-34BE-4AE3-BEFE-F42A0CF25773}.Ad-Hoc|ARM64.Build.0 = Debug|Any CPU
		{93F32948-34BE-4AE3-BEFE-F42A0CF25773}.Ad-Hoc|iPhone.ActiveCfg = Debug|Any CPU
		{93F32948-34BE-4AE3-BEFE-F42A0CF25773}.Ad-Hoc|iPhone.Build.0 = Debug|Any CPU
		{93F32948-34BE-4AE3-BEFE-F42A0CF25773}.Ad-Hoc|iPhoneSimulator.ActiveCfg = Debug|Any CPU
		{93F32948-34BE-4AE3-BEFE-F42A0CF25773}.Ad-Hoc|iPhoneSimulator.Build.0 = Debug|Any CPU
		{93F32948-34BE-4AE3-BEFE-F42A0CF25773}.Ad-Hoc|x64.ActiveCfg = Debug|Any CPU
		{93F32948-34BE-4AE3-BEFE-F42A0CF25773}.Ad-Hoc|x64.Build.0 = Debug|Any CPU
		{93F32948-34BE-4AE3-BEFE-F42A0CF25773}.Ad-Hoc|x86.ActiveCfg = Debug|Any CPU
		{93F32948-34BE-4AE3-BEFE-F42A0CF25773}.Ad-Hoc|x86.Build.0 = Debug|Any CPU
		{93F32948-34BE-4AE3-BEFE-F42A0CF25773}.AppStore|Any CPU.ActiveCfg = Debug|Any CPU
		{93F32948-34BE-4AE3-BEFE-F42A0CF25773}.AppStore|Any CPU.Build.0 = Debug|Any CPU
		{93F32948-34BE-4AE3-BEFE-F42A0CF25773}.AppStore|ARM.ActiveCfg = Debug|Any CPU
		{93F32948-34BE-4AE3-BEFE-F42A0CF25773}.AppStore|ARM.Build.0 = Debug|Any CPU
		{93F32948-34BE-4AE3-BEFE-F42A0CF25773}.AppStore|ARM64.ActiveCfg = Debug|Any CPU
		{93F32948-34BE-4AE3-BEFE-F42A0CF25773}.AppStore|ARM64.Build.0 = Debug|Any CPU
		{93F32948-34BE-4AE3-BEFE-F42A0CF25773}.AppStore|iPhone.ActiveCfg = Debug|Any CPU
		{93F32948-34BE-4AE3-BEFE-F42A0CF25773}.AppStore|iPhone.Build.0 = Debug|Any CPU
		{93F32948-34BE-4AE3-BEFE-F42A0CF25773}.AppStore|iPhoneSimulator.ActiveCfg = Debug|Any CPU
		{93F32948-34BE-4AE3-BEFE-F42A0CF25773}.AppStore|iPhoneSimulator.Build.0 = Debug|Any CPU
		{93F32948-34BE-4AE3-BEFE-F42A0CF25773}.AppStore|x64.ActiveCfg = Debug|Any CPU
		{93F32948-34BE-4AE3-BEFE-F42A0CF25773}.AppStore|x64.Build.0 = Debug|Any CPU
		{93F32948-34BE-4AE3-BEFE-F42A0CF25773}.AppStore|x86.ActiveCfg = Debug|Any CPU
		{93F32948-34BE-4AE3-BEFE-F42A0CF25773}.AppStore|x86.Build.0 = Debug|Any CPU
		{93F32948-34BE-4AE3-BEFE-F42A0CF25773}.Debug|Any CPU.ActiveCfg = Debug|Any CPU
		{93F32948-34BE-4AE3-BEFE-F42A0CF25773}.Debug|Any CPU.Build.0 = Debug|Any CPU
		{93F32948-34BE-4AE3-BEFE-F42A0CF25773}.Debug|Any CPU.Deploy.0 = Debug|Any CPU
		{93F32948-34BE-4AE3-BEFE-F42A0CF25773}.Debug|ARM.ActiveCfg = Debug|Any CPU
		{93F32948-34BE-4AE3-BEFE-F42A0CF25773}.Debug|ARM.Build.0 = Debug|Any CPU
		{93F32948-34BE-4AE3-BEFE-F42A0CF25773}.Debug|ARM64.ActiveCfg = Debug|Any CPU
		{93F32948-34BE-4AE3-BEFE-F42A0CF25773}.Debug|ARM64.Build.0 = Debug|Any CPU
		{93F32948-34BE-4AE3-BEFE-F42A0CF25773}.Debug|iPhone.ActiveCfg = Debug|Any CPU
		{93F32948-34BE-4AE3-BEFE-F42A0CF25773}.Debug|iPhone.Build.0 = Debug|Any CPU
		{93F32948-34BE-4AE3-BEFE-F42A0CF25773}.Debug|iPhoneSimulator.ActiveCfg = Debug|Any CPU
		{93F32948-34BE-4AE3-BEFE-F42A0CF25773}.Debug|iPhoneSimulator.Build.0 = Debug|Any CPU
		{93F32948-34BE-4AE3-BEFE-F42A0CF25773}.Debug|x64.ActiveCfg = Debug|Any CPU
		{93F32948-34BE-4AE3-BEFE-F42A0CF25773}.Debug|x64.Build.0 = Debug|Any CPU
		{93F32948-34BE-4AE3-BEFE-F42A0CF25773}.Debug|x86.ActiveCfg = Debug|Any CPU
		{93F32948-34BE-4AE3-BEFE-F42A0CF25773}.Debug|x86.Build.0 = Debug|Any CPU
		{93F32948-34BE-4AE3-BEFE-F42A0CF25773}.Release|Any CPU.ActiveCfg = Release|Any CPU
		{93F32948-34BE-4AE3-BEFE-F42A0CF25773}.Release|Any CPU.Build.0 = Release|Any CPU
		{93F32948-34BE-4AE3-BEFE-F42A0CF25773}.Release|ARM.ActiveCfg = Release|Any CPU
		{93F32948-34BE-4AE3-BEFE-F42A0CF25773}.Release|ARM.Build.0 = Release|Any CPU
		{93F32948-34BE-4AE3-BEFE-F42A0CF25773}.Release|ARM64.ActiveCfg = Release|Any CPU
		{93F32948-34BE-4AE3-BEFE-F42A0CF25773}.Release|ARM64.Build.0 = Release|Any CPU
		{93F32948-34BE-4AE3-BEFE-F42A0CF25773}.Release|iPhone.ActiveCfg = Release|Any CPU
		{93F32948-34BE-4AE3-BEFE-F42A0CF25773}.Release|iPhone.Build.0 = Release|Any CPU
		{93F32948-34BE-4AE3-BEFE-F42A0CF25773}.Release|iPhoneSimulator.ActiveCfg = Release|Any CPU
		{93F32948-34BE-4AE3-BEFE-F42A0CF25773}.Release|iPhoneSimulator.Build.0 = Release|Any CPU
		{93F32948-34BE-4AE3-BEFE-F42A0CF25773}.Release|x64.ActiveCfg = Release|Any CPU
		{93F32948-34BE-4AE3-BEFE-F42A0CF25773}.Release|x64.Build.0 = Release|Any CPU
		{93F32948-34BE-4AE3-BEFE-F42A0CF25773}.Release|x86.ActiveCfg = Release|Any CPU
		{93F32948-34BE-4AE3-BEFE-F42A0CF25773}.Release|x86.Build.0 = Release|Any CPU
	EndGlobalSection
	GlobalSection(SolutionProperties) = preSolution
		HideSolutionNode = FALSE
	EndGlobalSection
	GlobalSection(NestedProjects) = preSolution
		{ACF44024-C3F7-4CD0-B6D2-78E358C8A69F} = {75C181A9-E90B-4A85-8F7A-188A8D5C2AA3}
		{A7D00FDC-21C4-4505-A2D3-18F1F61D33A6} = {07F2D688-9269-4211-B989-B3A267B77B61}
		{652F7D33-369F-4334-8E38-DC4F832FECC1} = {07F2D688-9269-4211-B989-B3A267B77B61}
		{7F0D06EC-7318-42E0-B5E1-D6EDA9197E7C} = {07F2D688-9269-4211-B989-B3A267B77B61}
		{0FB5D082-4A49-43C4-AB8F-40325B45BD99} = {07F2D688-9269-4211-B989-B3A267B77B61}
		{D3DEA0FF-AE36-461B-8A89-0B7C48E856EA} = {07F2D688-9269-4211-B989-B3A267B77B61}
		{93F32948-34BE-4AE3-BEFE-F42A0CF25773} = {07F2D688-9269-4211-B989-B3A267B77B61}
		{6279C845-92F8-4333-AB99-3D213163593C} = {07F2D688-9269-4211-B989-B3A267B77B61}
	EndGlobalSection
	GlobalSection(ExtensibilityGlobals) = postSolution
		SolutionGuid = {E012047E-6826-4037-8D1A-5606CD7D345D}
	EndGlobalSection
	GlobalSection(SharedMSBuildProjectFiles) = preSolution
		Samples.Uno.WinUi3\Samples.Shared\Samples.Shared.projitems*{6279c845-92f8-4333-ab99-3d213163593c}*SharedItemsImports = 13
	EndGlobalSection
EndGlobal
