
Microsoft Visual Studio Solution File, Format Version 12.00
# Visual Studio Version 16
VisualStudioVersion = 16.0.29505.209
MinimumVisualStudioVersion = 15.0.26124.0
Project("{2150E333-8FDC-42A3-9474-1A3956D46DE8}") = "Platforms", "Platforms", "{6A9E5179-13E1-4E03-8408-6E14A8ABF495}"
EndProject
Project("{FAE04EC0-301F-11D3-BF4B-00C04F79EFBC}") = "UnoSamples.Droid", "UnoSamples\UnoSamples.Droid\UnoSamples.Droid.csproj", "{CB627114-068E-4CE3-A2A6-282197EBC0F4}"
EndProject
Project("{FAE04EC0-301F-11D3-BF4B-00C04F79EFBC}") = "UnoSamples.iOS", "UnoSamples\UnoSamples.iOS\UnoSamples.iOS.csproj", "{3CB7C0BA-C2B8-4945-A062-F21900A4E94A}"
EndProject
Project("{FAE04EC0-301F-11D3-BF4B-00C04F79EFBC}") = "UnoSamples.UWP", "UnoSamples\UnoSamples.UWP\UnoSamples.UWP.csproj", "{0179C9FD-44E5-4F61-905A-93FF744D32C2}"
EndProject
Project("{9A19103F-16F7-4668-BE54-9A1E7A4F7556}") = "UnoSamples.Wasm", "UnoSamples\UnoSamples.Wasm\UnoSamples.Wasm.csproj", "{CDB8D3C9-AC6C-40DA-A327-64E493E90219}"
EndProject
Project("{FAE04EC0-301F-11D3-BF4B-00C04F79EFBC}") = "UnoSamples.macOS", "UnoSamples\UnoSamples.macOS\UnoSamples.macOS.csproj", "{1D9B0AA3-06D1-4AC6-9C1F-437B0A379519}"
EndProject
Project("{9A19103F-16F7-4668-BE54-9A1E7A4F7556}") = "UnoSamples.Skia.Wpf.Host", "UnoSamples\UnoSamples.Skia.Wpf.Host\UnoSamples.Skia.Wpf.Host.csproj", "{CE0A5C73-CB67-478B-A612-BEB2B2562632}"
EndProject
Project("{9A19103F-16F7-4668-BE54-9A1E7A4F7556}") = "UnoSamples.Skia.Wpf", "UnoSamples\UnoSamples.Skia.Wpf\UnoSamples.Skia.Wpf.csproj", "{509BEF7C-D65F-43A3-8A1A-003077B77837}"
EndProject
Project("{9A19103F-16F7-4668-BE54-9A1E7A4F7556}") = "UnoSamples.Skia.Gtk", "UnoSamples\UnoSamples.Skia.Gtk\UnoSamples.Skia.Gtk.csproj", "{70927BD9-93DF-45B3-8501-2FA187BC1497}"
EndProject
Project("{9A19103F-16F7-4668-BE54-9A1E7A4F7556}") = "UnoSamples.Skia.Tizen", "UnoSamples\UnoSamples.Skia.Tizen\UnoSamples.Skia.Tizen.csproj", "{52E83A9B-B205-4950-8832-F9CC7A0D4FB5}"
EndProject
Project("{D954291E-2A0B-460D-934E-DC6B0785DB48}") = "UnoSamples.Shared", "UnoSamples\UnoSamples.Shared\UnoSamples.Shared.shproj", "{6279C845-92F8-4333-AB99-3D213163593C}"
EndProject
Project("{2150E333-8FDC-42A3-9474-1A3956D46DE8}") = "Uno Samples", "Uno Samples", "{CBDF82E7-0ECA-4EBC-9F8D-CAED1BC1EA3F}"
EndProject
Project("{2150E333-8FDC-42A3-9474-1A3956D46DE8}") = "P42.Uno.Xamarin.Essentials", "P42.Uno.Xamarin.Essentials", "{75C181A9-E90B-4A85-8F7A-188A8D5C2AA3}"
EndProject
Project("{9A19103F-16F7-4668-BE54-9A1E7A4F7556}") = "P42.Uno.Xamarin.Essentials.Android", "Xamarin.Essentials\P42.Uno.Xamarin.Essentials.Android.csproj", "{B9A8F022-742D-4AD3-BBA3-DFEBBB997922}"
EndProject
Project("{9A19103F-16F7-4668-BE54-9A1E7A4F7556}") = "P42.Uno.Xamarin.Essentials.iOS", "Xamarin.Essentials\P42.Uno.Xamarin.Essentials.iOS.csproj", "{F5B7E97E-F816-40A4-9217-9AC40F8738EA}"
EndProject
Project("{9A19103F-16F7-4668-BE54-9A1E7A4F7556}") = "P42.Uno.Xamarin.Essentials.MacOS", "Xamarin.Essentials\P42.Uno.Xamarin.Essentials.MacOS.csproj", "{40B4219C-B652-4338-982A-0F67F732BEFF}"
EndProject
Project("{9A19103F-16F7-4668-BE54-9A1E7A4F7556}") = "P42.Uno.Xamarin.Essentials.Tizen", "Xamarin.Essentials\P42.Uno.Xamarin.Essentials.Tizen.csproj", "{75163699-16F2-4F08-AB37-3912FB7E7D3E}"
EndProject
Project("{9A19103F-16F7-4668-BE54-9A1E7A4F7556}") = "P42.Uno.Xamarin.Essentials.UWP", "Xamarin.Essentials\P42.Uno.Xamarin.Essentials.UWP.csproj", "{F444A19E-9F4A-4448-BA74-3897F06DE50B}"
EndProject
Project("{9A19103F-16F7-4668-BE54-9A1E7A4F7556}") = "P42.Uno.Xamarin.Essentials.Wasm", "Xamarin.Essentials\P42.Uno.Xamarin.Essentials.Wasm.csproj", "{E80618A7-BCF5-4AD1-96BE-CFFEF2BBA1AD}"
EndProject
Project("{9A19103F-16F7-4668-BE54-9A1E7A4F7556}") = "P42.Uno.Xamarin.Essentials.NetStandard", "Xamarin.Essentials\P42.Uno.Xamarin.Essentials.NetStandard.csproj", "{3E34F29D-7C5D-4C70-B636-3C6FC64C8F7D}"
EndProject
Global
	GlobalSection(SharedMSBuildProjectFiles) = preSolution
		UnoSamples\UnoSamples.Shared\UnoSamples.Shared.projitems*{0179c9fd-44e5-4f61-905a-93ff744d32c2}*SharedItemsImports = 4
		UnoSamples\UnoSamples.Shared\UnoSamples.Shared.projitems*{1d9b0aa3-06d1-4ac6-9c1f-437b0a379519}*SharedItemsImports = 4
		UnoSamples\UnoSamples.Shared\UnoSamples.Shared.projitems*{3cb7c0ba-c2b8-4945-a062-f21900a4e94a}*SharedItemsImports = 4
		UnoSamples\UnoSamples.Shared\UnoSamples.Shared.projitems*{6279c845-92f8-4333-ab99-3d213163593c}*SharedItemsImports = 13
		UnoSamples\UnoSamples.Shared\UnoSamples.Shared.projitems*{cb627114-068e-4ce3-a2a6-282197ebc0f4}*SharedItemsImports = 4
		UnoSamples\UnoSamples.Shared\UnoSamples.Shared.projitems*{cdb8d3c9-ac6c-40da-a327-64e493e90219}*SharedItemsImports = 5
	EndGlobalSection
	GlobalSection(SolutionConfigurationPlatforms) = preSolution
		Ad-Hoc|Any CPU = Ad-Hoc|Any CPU
		Ad-Hoc|ARM = Ad-Hoc|ARM
		Ad-Hoc|ARM64 = Ad-Hoc|ARM64
		Ad-Hoc|iPhone = Ad-Hoc|iPhone
		Ad-Hoc|iPhoneSimulator = Ad-Hoc|iPhoneSimulator
		Ad-Hoc|x64 = Ad-Hoc|x64
		Ad-Hoc|x86 = Ad-Hoc|x86
		AppStore|Any CPU = AppStore|Any CPU
		AppStore|ARM = AppStore|ARM
		AppStore|ARM64 = AppStore|ARM64
		AppStore|iPhone = AppStore|iPhone
		AppStore|iPhoneSimulator = AppStore|iPhoneSimulator
		AppStore|x64 = AppStore|x64
		AppStore|x86 = AppStore|x86
		Debug|Any CPU = Debug|Any CPU
		Debug|ARM = Debug|ARM
		Debug|ARM64 = Debug|ARM64
		Debug|iPhone = Debug|iPhone
		Debug|iPhoneSimulator = Debug|iPhoneSimulator
		Debug|x64 = Debug|x64
		Debug|x86 = Debug|x86
		Release|Any CPU = Release|Any CPU
		Release|ARM = Release|ARM
		Release|ARM64 = Release|ARM64
		Release|iPhone = Release|iPhone
		Release|iPhoneSimulator = Release|iPhoneSimulator
		Release|x64 = Release|x64
		Release|x86 = Release|x86
	EndGlobalSection
	GlobalSection(ProjectConfigurationPlatforms) = postSolution
		{CB627114-068E-4CE3-A2A6-282197EBC0F4}.Ad-Hoc|Any CPU.ActiveCfg = Debug|Any CPU
		{CB627114-068E-4CE3-A2A6-282197EBC0F4}.Ad-Hoc|Any CPU.Build.0 = Debug|Any CPU
		{CB627114-068E-4CE3-A2A6-282197EBC0F4}.Ad-Hoc|Any CPU.Deploy.0 = Debug|Any CPU
		{CB627114-068E-4CE3-A2A6-282197EBC0F4}.Ad-Hoc|ARM.ActiveCfg = Debug|Any CPU
		{CB627114-068E-4CE3-A2A6-282197EBC0F4}.Ad-Hoc|ARM.Build.0 = Debug|Any CPU
		{CB627114-068E-4CE3-A2A6-282197EBC0F4}.Ad-Hoc|ARM.Deploy.0 = Debug|Any CPU
		{CB627114-068E-4CE3-A2A6-282197EBC0F4}.Ad-Hoc|ARM64.ActiveCfg = Debug|Any CPU
		{CB627114-068E-4CE3-A2A6-282197EBC0F4}.Ad-Hoc|ARM64.Build.0 = Debug|Any CPU
		{CB627114-068E-4CE3-A2A6-282197EBC0F4}.Ad-Hoc|ARM64.Deploy.0 = Debug|Any CPU
		{CB627114-068E-4CE3-A2A6-282197EBC0F4}.Ad-Hoc|iPhone.ActiveCfg = Debug|Any CPU
		{CB627114-068E-4CE3-A2A6-282197EBC0F4}.Ad-Hoc|iPhone.Build.0 = Debug|Any CPU
		{CB627114-068E-4CE3-A2A6-282197EBC0F4}.Ad-Hoc|iPhone.Deploy.0 = Debug|Any CPU
		{CB627114-068E-4CE3-A2A6-282197EBC0F4}.Ad-Hoc|iPhoneSimulator.ActiveCfg = Debug|Any CPU
		{CB627114-068E-4CE3-A2A6-282197EBC0F4}.Ad-Hoc|iPhoneSimulator.Build.0 = Debug|Any CPU
		{CB627114-068E-4CE3-A2A6-282197EBC0F4}.Ad-Hoc|iPhoneSimulator.Deploy.0 = Debug|Any CPU
		{CB627114-068E-4CE3-A2A6-282197EBC0F4}.Ad-Hoc|x64.ActiveCfg = Debug|Any CPU
		{CB627114-068E-4CE3-A2A6-282197EBC0F4}.Ad-Hoc|x64.Build.0 = Debug|Any CPU
		{CB627114-068E-4CE3-A2A6-282197EBC0F4}.Ad-Hoc|x64.Deploy.0 = Debug|Any CPU
		{CB627114-068E-4CE3-A2A6-282197EBC0F4}.Ad-Hoc|x86.ActiveCfg = Debug|Any CPU
		{CB627114-068E-4CE3-A2A6-282197EBC0F4}.Ad-Hoc|x86.Build.0 = Debug|Any CPU
		{CB627114-068E-4CE3-A2A6-282197EBC0F4}.Ad-Hoc|x86.Deploy.0 = Debug|Any CPU
		{CB627114-068E-4CE3-A2A6-282197EBC0F4}.AppStore|Any CPU.ActiveCfg = Debug|Any CPU
		{CB627114-068E-4CE3-A2A6-282197EBC0F4}.AppStore|Any CPU.Build.0 = Debug|Any CPU
		{CB627114-068E-4CE3-A2A6-282197EBC0F4}.AppStore|Any CPU.Deploy.0 = Debug|Any CPU
		{CB627114-068E-4CE3-A2A6-282197EBC0F4}.AppStore|ARM.ActiveCfg = Debug|Any CPU
		{CB627114-068E-4CE3-A2A6-282197EBC0F4}.AppStore|ARM.Build.0 = Debug|Any CPU
		{CB627114-068E-4CE3-A2A6-282197EBC0F4}.AppStore|ARM.Deploy.0 = Debug|Any CPU
		{CB627114-068E-4CE3-A2A6-282197EBC0F4}.AppStore|ARM64.ActiveCfg = Debug|Any CPU
		{CB627114-068E-4CE3-A2A6-282197EBC0F4}.AppStore|ARM64.Build.0 = Debug|Any CPU
		{CB627114-068E-4CE3-A2A6-282197EBC0F4}.AppStore|ARM64.Deploy.0 = Debug|Any CPU
		{CB627114-068E-4CE3-A2A6-282197EBC0F4}.AppStore|iPhone.ActiveCfg = Debug|Any CPU
		{CB627114-068E-4CE3-A2A6-282197EBC0F4}.AppStore|iPhone.Build.0 = Debug|Any CPU
		{CB627114-068E-4CE3-A2A6-282197EBC0F4}.AppStore|iPhone.Deploy.0 = Debug|Any CPU
		{CB627114-068E-4CE3-A2A6-282197EBC0F4}.AppStore|iPhoneSimulator.ActiveCfg = Debug|Any CPU
		{CB627114-068E-4CE3-A2A6-282197EBC0F4}.AppStore|iPhoneSimulator.Build.0 = Debug|Any CPU
		{CB627114-068E-4CE3-A2A6-282197EBC0F4}.AppStore|iPhoneSimulator.Deploy.0 = Debug|Any CPU
		{CB627114-068E-4CE3-A2A6-282197EBC0F4}.AppStore|x64.ActiveCfg = Debug|Any CPU
		{CB627114-068E-4CE3-A2A6-282197EBC0F4}.AppStore|x64.Build.0 = Debug|Any CPU
		{CB627114-068E-4CE3-A2A6-282197EBC0F4}.AppStore|x64.Deploy.0 = Debug|Any CPU
		{CB627114-068E-4CE3-A2A6-282197EBC0F4}.AppStore|x86.ActiveCfg = Debug|Any CPU
		{CB627114-068E-4CE3-A2A6-282197EBC0F4}.AppStore|x86.Build.0 = Debug|Any CPU
		{CB627114-068E-4CE3-A2A6-282197EBC0F4}.AppStore|x86.Deploy.0 = Debug|Any CPU
		{CB627114-068E-4CE3-A2A6-282197EBC0F4}.Debug|Any CPU.ActiveCfg = Debug|Any CPU
		{CB627114-068E-4CE3-A2A6-282197EBC0F4}.Debug|Any CPU.Build.0 = Debug|Any CPU
		{CB627114-068E-4CE3-A2A6-282197EBC0F4}.Debug|Any CPU.Deploy.0 = Debug|Any CPU
		{CB627114-068E-4CE3-A2A6-282197EBC0F4}.Debug|ARM.ActiveCfg = Debug|Any CPU
		{CB627114-068E-4CE3-A2A6-282197EBC0F4}.Debug|ARM.Build.0 = Debug|Any CPU
		{CB627114-068E-4CE3-A2A6-282197EBC0F4}.Debug|ARM.Deploy.0 = Debug|Any CPU
		{CB627114-068E-4CE3-A2A6-282197EBC0F4}.Debug|ARM64.ActiveCfg = Debug|Any CPU
		{CB627114-068E-4CE3-A2A6-282197EBC0F4}.Debug|ARM64.Build.0 = Debug|Any CPU
		{CB627114-068E-4CE3-A2A6-282197EBC0F4}.Debug|ARM64.Deploy.0 = Debug|Any CPU
		{CB627114-068E-4CE3-A2A6-282197EBC0F4}.Debug|iPhone.ActiveCfg = Debug|Any CPU
		{CB627114-068E-4CE3-A2A6-282197EBC0F4}.Debug|iPhone.Build.0 = Debug|Any CPU
		{CB627114-068E-4CE3-A2A6-282197EBC0F4}.Debug|iPhone.Deploy.0 = Debug|Any CPU
		{CB627114-068E-4CE3-A2A6-282197EBC0F4}.Debug|iPhoneSimulator.ActiveCfg = Debug|Any CPU
		{CB627114-068E-4CE3-A2A6-282197EBC0F4}.Debug|iPhoneSimulator.Build.0 = Debug|Any CPU
		{CB627114-068E-4CE3-A2A6-282197EBC0F4}.Debug|iPhoneSimulator.Deploy.0 = Debug|Any CPU
		{CB627114-068E-4CE3-A2A6-282197EBC0F4}.Debug|x64.ActiveCfg = Debug|Any CPU
		{CB627114-068E-4CE3-A2A6-282197EBC0F4}.Debug|x64.Build.0 = Debug|Any CPU
		{CB627114-068E-4CE3-A2A6-282197EBC0F4}.Debug|x64.Deploy.0 = Debug|Any CPU
		{CB627114-068E-4CE3-A2A6-282197EBC0F4}.Debug|x86.ActiveCfg = Debug|Any CPU
		{CB627114-068E-4CE3-A2A6-282197EBC0F4}.Debug|x86.Build.0 = Debug|Any CPU
		{CB627114-068E-4CE3-A2A6-282197EBC0F4}.Debug|x86.Deploy.0 = Debug|Any CPU
		{CB627114-068E-4CE3-A2A6-282197EBC0F4}.Release|Any CPU.ActiveCfg = Release|Any CPU
		{CB627114-068E-4CE3-A2A6-282197EBC0F4}.Release|Any CPU.Build.0 = Release|Any CPU
		{CB627114-068E-4CE3-A2A6-282197EBC0F4}.Release|Any CPU.Deploy.0 = Release|Any CPU
		{CB627114-068E-4CE3-A2A6-282197EBC0F4}.Release|ARM.ActiveCfg = Release|Any CPU
		{CB627114-068E-4CE3-A2A6-282197EBC0F4}.Release|ARM.Build.0 = Release|Any CPU
		{CB627114-068E-4CE3-A2A6-282197EBC0F4}.Release|ARM.Deploy.0 = Release|Any CPU
		{CB627114-068E-4CE3-A2A6-282197EBC0F4}.Release|ARM64.ActiveCfg = Release|Any CPU
		{CB627114-068E-4CE3-A2A6-282197EBC0F4}.Release|ARM64.Build.0 = Release|Any CPU
		{CB627114-068E-4CE3-A2A6-282197EBC0F4}.Release|ARM64.Deploy.0 = Release|Any CPU
		{CB627114-068E-4CE3-A2A6-282197EBC0F4}.Release|iPhone.ActiveCfg = Release|Any CPU
		{CB627114-068E-4CE3-A2A6-282197EBC0F4}.Release|iPhone.Build.0 = Release|Any CPU
		{CB627114-068E-4CE3-A2A6-282197EBC0F4}.Release|iPhone.Deploy.0 = Release|Any CPU
		{CB627114-068E-4CE3-A2A6-282197EBC0F4}.Release|iPhoneSimulator.ActiveCfg = Release|Any CPU
		{CB627114-068E-4CE3-A2A6-282197EBC0F4}.Release|iPhoneSimulator.Build.0 = Release|Any CPU
		{CB627114-068E-4CE3-A2A6-282197EBC0F4}.Release|iPhoneSimulator.Deploy.0 = Release|Any CPU
		{CB627114-068E-4CE3-A2A6-282197EBC0F4}.Release|x64.ActiveCfg = Release|Any CPU
		{CB627114-068E-4CE3-A2A6-282197EBC0F4}.Release|x64.Build.0 = Release|Any CPU
		{CB627114-068E-4CE3-A2A6-282197EBC0F4}.Release|x64.Deploy.0 = Release|Any CPU
		{CB627114-068E-4CE3-A2A6-282197EBC0F4}.Release|x86.ActiveCfg = Release|Any CPU
		{CB627114-068E-4CE3-A2A6-282197EBC0F4}.Release|x86.Build.0 = Release|Any CPU
		{CB627114-068E-4CE3-A2A6-282197EBC0F4}.Release|x86.Deploy.0 = Release|Any CPU
		{3CB7C0BA-C2B8-4945-A062-F21900A4E94A}.Ad-Hoc|Any CPU.ActiveCfg = Ad-Hoc|iPhoneSimulator
		{3CB7C0BA-C2B8-4945-A062-F21900A4E94A}.Ad-Hoc|ARM.ActiveCfg = Ad-Hoc|iPhoneSimulator
		{3CB7C0BA-C2B8-4945-A062-F21900A4E94A}.Ad-Hoc|ARM64.ActiveCfg = Ad-Hoc|iPhoneSimulator
		{3CB7C0BA-C2B8-4945-A062-F21900A4E94A}.Ad-Hoc|iPhone.ActiveCfg = Ad-Hoc|iPhone
		{3CB7C0BA-C2B8-4945-A062-F21900A4E94A}.Ad-Hoc|iPhone.Build.0 = Ad-Hoc|iPhone
		{3CB7C0BA-C2B8-4945-A062-F21900A4E94A}.Ad-Hoc|iPhoneSimulator.ActiveCfg = Ad-Hoc|iPhoneSimulator
		{3CB7C0BA-C2B8-4945-A062-F21900A4E94A}.Ad-Hoc|iPhoneSimulator.Build.0 = Ad-Hoc|iPhoneSimulator
		{3CB7C0BA-C2B8-4945-A062-F21900A4E94A}.Ad-Hoc|x64.ActiveCfg = Ad-Hoc|iPhoneSimulator
		{3CB7C0BA-C2B8-4945-A062-F21900A4E94A}.Ad-Hoc|x86.ActiveCfg = Ad-Hoc|iPhoneSimulator
		{3CB7C0BA-C2B8-4945-A062-F21900A4E94A}.AppStore|Any CPU.ActiveCfg = AppStore|iPhoneSimulator
		{3CB7C0BA-C2B8-4945-A062-F21900A4E94A}.AppStore|ARM.ActiveCfg = AppStore|iPhoneSimulator
		{3CB7C0BA-C2B8-4945-A062-F21900A4E94A}.AppStore|ARM64.ActiveCfg = AppStore|iPhoneSimulator
		{3CB7C0BA-C2B8-4945-A062-F21900A4E94A}.AppStore|iPhone.ActiveCfg = AppStore|iPhone
		{3CB7C0BA-C2B8-4945-A062-F21900A4E94A}.AppStore|iPhone.Build.0 = AppStore|iPhone
		{3CB7C0BA-C2B8-4945-A062-F21900A4E94A}.AppStore|iPhoneSimulator.ActiveCfg = AppStore|iPhoneSimulator
		{3CB7C0BA-C2B8-4945-A062-F21900A4E94A}.AppStore|iPhoneSimulator.Build.0 = AppStore|iPhoneSimulator
		{3CB7C0BA-C2B8-4945-A062-F21900A4E94A}.AppStore|x64.ActiveCfg = AppStore|iPhoneSimulator
		{3CB7C0BA-C2B8-4945-A062-F21900A4E94A}.AppStore|x86.ActiveCfg = AppStore|iPhoneSimulator
		{3CB7C0BA-C2B8-4945-A062-F21900A4E94A}.Debug|Any CPU.ActiveCfg = Debug|iPhoneSimulator
		{3CB7C0BA-C2B8-4945-A062-F21900A4E94A}.Debug|ARM.ActiveCfg = Debug|iPhoneSimulator
		{3CB7C0BA-C2B8-4945-A062-F21900A4E94A}.Debug|ARM64.ActiveCfg = Debug|iPhoneSimulator
		{3CB7C0BA-C2B8-4945-A062-F21900A4E94A}.Debug|iPhone.ActiveCfg = Debug|iPhone
		{3CB7C0BA-C2B8-4945-A062-F21900A4E94A}.Debug|iPhone.Build.0 = Debug|iPhone
		{3CB7C0BA-C2B8-4945-A062-F21900A4E94A}.Debug|iPhoneSimulator.ActiveCfg = Debug|iPhoneSimulator
		{3CB7C0BA-C2B8-4945-A062-F21900A4E94A}.Debug|iPhoneSimulator.Build.0 = Debug|iPhoneSimulator
		{3CB7C0BA-C2B8-4945-A062-F21900A4E94A}.Debug|x64.ActiveCfg = Debug|iPhoneSimulator
		{3CB7C0BA-C2B8-4945-A062-F21900A4E94A}.Debug|x86.ActiveCfg = Debug|iPhoneSimulator
		{3CB7C0BA-C2B8-4945-A062-F21900A4E94A}.Release|Any CPU.ActiveCfg = Release|iPhoneSimulator
		{3CB7C0BA-C2B8-4945-A062-F21900A4E94A}.Release|ARM.ActiveCfg = Release|iPhoneSimulator
		{3CB7C0BA-C2B8-4945-A062-F21900A4E94A}.Release|ARM64.ActiveCfg = Release|iPhoneSimulator
		{3CB7C0BA-C2B8-4945-A062-F21900A4E94A}.Release|iPhone.ActiveCfg = Release|iPhone
		{3CB7C0BA-C2B8-4945-A062-F21900A4E94A}.Release|iPhone.Build.0 = Release|iPhone
		{3CB7C0BA-C2B8-4945-A062-F21900A4E94A}.Release|iPhoneSimulator.ActiveCfg = Release|iPhoneSimulator
		{3CB7C0BA-C2B8-4945-A062-F21900A4E94A}.Release|iPhoneSimulator.Build.0 = Release|iPhoneSimulator
		{3CB7C0BA-C2B8-4945-A062-F21900A4E94A}.Release|x64.ActiveCfg = Release|iPhoneSimulator
		{3CB7C0BA-C2B8-4945-A062-F21900A4E94A}.Release|x86.ActiveCfg = Release|iPhoneSimulator
		{0179C9FD-44E5-4F61-905A-93FF744D32C2}.Ad-Hoc|Any CPU.ActiveCfg = Debug|x86
		{0179C9FD-44E5-4F61-905A-93FF744D32C2}.Ad-Hoc|Any CPU.Build.0 = Debug|x86
		{0179C9FD-44E5-4F61-905A-93FF744D32C2}.Ad-Hoc|Any CPU.Deploy.0 = Debug|x86
		{0179C9FD-44E5-4F61-905A-93FF744D32C2}.Ad-Hoc|ARM.ActiveCfg = Debug|ARM
		{0179C9FD-44E5-4F61-905A-93FF744D32C2}.Ad-Hoc|ARM.Build.0 = Debug|ARM
		{0179C9FD-44E5-4F61-905A-93FF744D32C2}.Ad-Hoc|ARM.Deploy.0 = Debug|ARM
		{0179C9FD-44E5-4F61-905A-93FF744D32C2}.Ad-Hoc|ARM64.ActiveCfg = Debug|ARM64
		{0179C9FD-44E5-4F61-905A-93FF744D32C2}.Ad-Hoc|ARM64.Build.0 = Debug|ARM64
		{0179C9FD-44E5-4F61-905A-93FF744D32C2}.Ad-Hoc|ARM64.Deploy.0 = Debug|ARM64
		{0179C9FD-44E5-4F61-905A-93FF744D32C2}.Ad-Hoc|iPhone.ActiveCfg = Debug|x86
		{0179C9FD-44E5-4F61-905A-93FF744D32C2}.Ad-Hoc|iPhone.Build.0 = Debug|x86
		{0179C9FD-44E5-4F61-905A-93FF744D32C2}.Ad-Hoc|iPhone.Deploy.0 = Debug|x86
		{0179C9FD-44E5-4F61-905A-93FF744D32C2}.Ad-Hoc|iPhoneSimulator.ActiveCfg = Debug|x86
		{0179C9FD-44E5-4F61-905A-93FF744D32C2}.Ad-Hoc|iPhoneSimulator.Build.0 = Debug|x86
		{0179C9FD-44E5-4F61-905A-93FF744D32C2}.Ad-Hoc|iPhoneSimulator.Deploy.0 = Debug|x86
		{0179C9FD-44E5-4F61-905A-93FF744D32C2}.Ad-Hoc|x64.ActiveCfg = Debug|x64
		{0179C9FD-44E5-4F61-905A-93FF744D32C2}.Ad-Hoc|x64.Build.0 = Debug|x64
		{0179C9FD-44E5-4F61-905A-93FF744D32C2}.Ad-Hoc|x64.Deploy.0 = Debug|x64
		{0179C9FD-44E5-4F61-905A-93FF744D32C2}.Ad-Hoc|x86.ActiveCfg = Debug|x86
		{0179C9FD-44E5-4F61-905A-93FF744D32C2}.Ad-Hoc|x86.Build.0 = Debug|x86
		{0179C9FD-44E5-4F61-905A-93FF744D32C2}.Ad-Hoc|x86.Deploy.0 = Debug|x86
		{0179C9FD-44E5-4F61-905A-93FF744D32C2}.AppStore|Any CPU.ActiveCfg = Debug|x86
		{0179C9FD-44E5-4F61-905A-93FF744D32C2}.AppStore|Any CPU.Build.0 = Debug|x86
		{0179C9FD-44E5-4F61-905A-93FF744D32C2}.AppStore|Any CPU.Deploy.0 = Debug|x86
		{0179C9FD-44E5-4F61-905A-93FF744D32C2}.AppStore|ARM.ActiveCfg = Debug|ARM
		{0179C9FD-44E5-4F61-905A-93FF744D32C2}.AppStore|ARM.Build.0 = Debug|ARM
		{0179C9FD-44E5-4F61-905A-93FF744D32C2}.AppStore|ARM.Deploy.0 = Debug|ARM
		{0179C9FD-44E5-4F61-905A-93FF744D32C2}.AppStore|ARM64.ActiveCfg = Debug|ARM64
		{0179C9FD-44E5-4F61-905A-93FF744D32C2}.AppStore|ARM64.Build.0 = Debug|ARM64
		{0179C9FD-44E5-4F61-905A-93FF744D32C2}.AppStore|ARM64.Deploy.0 = Debug|ARM64
		{0179C9FD-44E5-4F61-905A-93FF744D32C2}.AppStore|iPhone.ActiveCfg = Debug|x86
		{0179C9FD-44E5-4F61-905A-93FF744D32C2}.AppStore|iPhone.Build.0 = Debug|x86
		{0179C9FD-44E5-4F61-905A-93FF744D32C2}.AppStore|iPhone.Deploy.0 = Debug|x86
		{0179C9FD-44E5-4F61-905A-93FF744D32C2}.AppStore|iPhoneSimulator.ActiveCfg = Debug|x86
		{0179C9FD-44E5-4F61-905A-93FF744D32C2}.AppStore|iPhoneSimulator.Build.0 = Debug|x86
		{0179C9FD-44E5-4F61-905A-93FF744D32C2}.AppStore|iPhoneSimulator.Deploy.0 = Debug|x86
		{0179C9FD-44E5-4F61-905A-93FF744D32C2}.AppStore|x64.ActiveCfg = Debug|x64
		{0179C9FD-44E5-4F61-905A-93FF744D32C2}.AppStore|x64.Build.0 = Debug|x64
		{0179C9FD-44E5-4F61-905A-93FF744D32C2}.AppStore|x64.Deploy.0 = Debug|x64
		{0179C9FD-44E5-4F61-905A-93FF744D32C2}.AppStore|x86.ActiveCfg = Debug|x86
		{0179C9FD-44E5-4F61-905A-93FF744D32C2}.AppStore|x86.Build.0 = Debug|x86
		{0179C9FD-44E5-4F61-905A-93FF744D32C2}.AppStore|x86.Deploy.0 = Debug|x86
		{0179C9FD-44E5-4F61-905A-93FF744D32C2}.Debug|Any CPU.ActiveCfg = Debug|x86
		{0179C9FD-44E5-4F61-905A-93FF744D32C2}.Debug|Any CPU.Build.0 = Debug|x86
		{0179C9FD-44E5-4F61-905A-93FF744D32C2}.Debug|Any CPU.Deploy.0 = Debug|x86
		{0179C9FD-44E5-4F61-905A-93FF744D32C2}.Debug|ARM.ActiveCfg = Debug|ARM
		{0179C9FD-44E5-4F61-905A-93FF744D32C2}.Debug|ARM.Build.0 = Debug|ARM
		{0179C9FD-44E5-4F61-905A-93FF744D32C2}.Debug|ARM.Deploy.0 = Debug|ARM
		{0179C9FD-44E5-4F61-905A-93FF744D32C2}.Debug|ARM64.ActiveCfg = Debug|ARM64
		{0179C9FD-44E5-4F61-905A-93FF744D32C2}.Debug|ARM64.Build.0 = Debug|ARM64
		{0179C9FD-44E5-4F61-905A-93FF744D32C2}.Debug|ARM64.Deploy.0 = Debug|ARM64
		{0179C9FD-44E5-4F61-905A-93FF744D32C2}.Debug|iPhone.ActiveCfg = Debug|x86
		{0179C9FD-44E5-4F61-905A-93FF744D32C2}.Debug|iPhoneSimulator.ActiveCfg = Debug|x86
		{0179C9FD-44E5-4F61-905A-93FF744D32C2}.Debug|x64.ActiveCfg = Debug|x64
		{0179C9FD-44E5-4F61-905A-93FF744D32C2}.Debug|x64.Build.0 = Debug|x64
		{0179C9FD-44E5-4F61-905A-93FF744D32C2}.Debug|x64.Deploy.0 = Debug|x64
		{0179C9FD-44E5-4F61-905A-93FF744D32C2}.Debug|x86.ActiveCfg = Debug|x86
		{0179C9FD-44E5-4F61-905A-93FF744D32C2}.Debug|x86.Build.0 = Debug|x86
		{0179C9FD-44E5-4F61-905A-93FF744D32C2}.Debug|x86.Deploy.0 = Debug|x86
		{0179C9FD-44E5-4F61-905A-93FF744D32C2}.Release|Any CPU.ActiveCfg = Release|x86
		{0179C9FD-44E5-4F61-905A-93FF744D32C2}.Release|ARM.ActiveCfg = Release|ARM
		{0179C9FD-44E5-4F61-905A-93FF744D32C2}.Release|ARM.Build.0 = Release|ARM
		{0179C9FD-44E5-4F61-905A-93FF744D32C2}.Release|ARM.Deploy.0 = Release|ARM
		{0179C9FD-44E5-4F61-905A-93FF744D32C2}.Release|ARM64.ActiveCfg = Release|ARM64
		{0179C9FD-44E5-4F61-905A-93FF744D32C2}.Release|ARM64.Build.0 = Release|ARM64
		{0179C9FD-44E5-4F61-905A-93FF744D32C2}.Release|ARM64.Deploy.0 = Release|ARM64
		{0179C9FD-44E5-4F61-905A-93FF744D32C2}.Release|iPhone.ActiveCfg = Release|x86
		{0179C9FD-44E5-4F61-905A-93FF744D32C2}.Release|iPhoneSimulator.ActiveCfg = Release|x86
		{0179C9FD-44E5-4F61-905A-93FF744D32C2}.Release|x64.ActiveCfg = Release|x64
		{0179C9FD-44E5-4F61-905A-93FF744D32C2}.Release|x64.Build.0 = Release|x64
		{0179C9FD-44E5-4F61-905A-93FF744D32C2}.Release|x64.Deploy.0 = Release|x64
		{0179C9FD-44E5-4F61-905A-93FF744D32C2}.Release|x86.ActiveCfg = Release|x86
		{0179C9FD-44E5-4F61-905A-93FF744D32C2}.Release|x86.Build.0 = Release|x86
		{0179C9FD-44E5-4F61-905A-93FF744D32C2}.Release|x86.Deploy.0 = Release|x86
		{CDB8D3C9-AC6C-40DA-A327-64E493E90219}.Ad-Hoc|Any CPU.ActiveCfg = Debug|Any CPU
		{CDB8D3C9-AC6C-40DA-A327-64E493E90219}.Ad-Hoc|Any CPU.Build.0 = Debug|Any CPU
		{CDB8D3C9-AC6C-40DA-A327-64E493E90219}.Ad-Hoc|ARM.ActiveCfg = Debug|Any CPU
		{CDB8D3C9-AC6C-40DA-A327-64E493E90219}.Ad-Hoc|ARM.Build.0 = Debug|Any CPU
		{CDB8D3C9-AC6C-40DA-A327-64E493E90219}.Ad-Hoc|ARM64.ActiveCfg = Debug|Any CPU
		{CDB8D3C9-AC6C-40DA-A327-64E493E90219}.Ad-Hoc|ARM64.Build.0 = Debug|Any CPU
		{CDB8D3C9-AC6C-40DA-A327-64E493E90219}.Ad-Hoc|iPhone.ActiveCfg = Debug|Any CPU
		{CDB8D3C9-AC6C-40DA-A327-64E493E90219}.Ad-Hoc|iPhone.Build.0 = Debug|Any CPU
		{CDB8D3C9-AC6C-40DA-A327-64E493E90219}.Ad-Hoc|iPhoneSimulator.ActiveCfg = Debug|Any CPU
		{CDB8D3C9-AC6C-40DA-A327-64E493E90219}.Ad-Hoc|iPhoneSimulator.Build.0 = Debug|Any CPU
		{CDB8D3C9-AC6C-40DA-A327-64E493E90219}.Ad-Hoc|x64.ActiveCfg = Debug|Any CPU
		{CDB8D3C9-AC6C-40DA-A327-64E493E90219}.Ad-Hoc|x64.Build.0 = Debug|Any CPU
		{CDB8D3C9-AC6C-40DA-A327-64E493E90219}.Ad-Hoc|x86.ActiveCfg = Debug|Any CPU
		{CDB8D3C9-AC6C-40DA-A327-64E493E90219}.Ad-Hoc|x86.Build.0 = Debug|Any CPU
		{CDB8D3C9-AC6C-40DA-A327-64E493E90219}.AppStore|Any CPU.ActiveCfg = Debug|Any CPU
		{CDB8D3C9-AC6C-40DA-A327-64E493E90219}.AppStore|Any CPU.Build.0 = Debug|Any CPU
		{CDB8D3C9-AC6C-40DA-A327-64E493E90219}.AppStore|ARM.ActiveCfg = Debug|Any CPU
		{CDB8D3C9-AC6C-40DA-A327-64E493E90219}.AppStore|ARM.Build.0 = Debug|Any CPU
		{CDB8D3C9-AC6C-40DA-A327-64E493E90219}.AppStore|ARM64.ActiveCfg = Debug|Any CPU
		{CDB8D3C9-AC6C-40DA-A327-64E493E90219}.AppStore|ARM64.Build.0 = Debug|Any CPU
		{CDB8D3C9-AC6C-40DA-A327-64E493E90219}.AppStore|iPhone.ActiveCfg = Debug|Any CPU
		{CDB8D3C9-AC6C-40DA-A327-64E493E90219}.AppStore|iPhone.Build.0 = Debug|Any CPU
		{CDB8D3C9-AC6C-40DA-A327-64E493E90219}.AppStore|iPhoneSimulator.ActiveCfg = Debug|Any CPU
		{CDB8D3C9-AC6C-40DA-A327-64E493E90219}.AppStore|iPhoneSimulator.Build.0 = Debug|Any CPU
		{CDB8D3C9-AC6C-40DA-A327-64E493E90219}.AppStore|x64.ActiveCfg = Debug|Any CPU
		{CDB8D3C9-AC6C-40DA-A327-64E493E90219}.AppStore|x64.Build.0 = Debug|Any CPU
		{CDB8D3C9-AC6C-40DA-A327-64E493E90219}.AppStore|x86.ActiveCfg = Debug|Any CPU
		{CDB8D3C9-AC6C-40DA-A327-64E493E90219}.AppStore|x86.Build.0 = Debug|Any CPU
		{CDB8D3C9-AC6C-40DA-A327-64E493E90219}.Debug|Any CPU.ActiveCfg = Debug|Any CPU
		{CDB8D3C9-AC6C-40DA-A327-64E493E90219}.Debug|Any CPU.Build.0 = Debug|Any CPU
		{CDB8D3C9-AC6C-40DA-A327-64E493E90219}.Debug|ARM.ActiveCfg = Debug|Any CPU
		{CDB8D3C9-AC6C-40DA-A327-64E493E90219}.Debug|ARM.Build.0 = Debug|Any CPU
		{CDB8D3C9-AC6C-40DA-A327-64E493E90219}.Debug|ARM64.ActiveCfg = Debug|Any CPU
		{CDB8D3C9-AC6C-40DA-A327-64E493E90219}.Debug|ARM64.Build.0 = Debug|Any CPU
		{CDB8D3C9-AC6C-40DA-A327-64E493E90219}.Debug|iPhone.ActiveCfg = Debug|Any CPU
		{CDB8D3C9-AC6C-40DA-A327-64E493E90219}.Debug|iPhone.Build.0 = Debug|Any CPU
		{CDB8D3C9-AC6C-40DA-A327-64E493E90219}.Debug|iPhoneSimulator.ActiveCfg = Debug|Any CPU
		{CDB8D3C9-AC6C-40DA-A327-64E493E90219}.Debug|iPhoneSimulator.Build.0 = Debug|Any CPU
		{CDB8D3C9-AC6C-40DA-A327-64E493E90219}.Debug|x64.ActiveCfg = Debug|Any CPU
		{CDB8D3C9-AC6C-40DA-A327-64E493E90219}.Debug|x64.Build.0 = Debug|Any CPU
		{CDB8D3C9-AC6C-40DA-A327-64E493E90219}.Debug|x86.ActiveCfg = Debug|Any CPU
		{CDB8D3C9-AC6C-40DA-A327-64E493E90219}.Debug|x86.Build.0 = Debug|Any CPU
		{CDB8D3C9-AC6C-40DA-A327-64E493E90219}.Release|Any CPU.ActiveCfg = Release|Any CPU
		{CDB8D3C9-AC6C-40DA-A327-64E493E90219}.Release|Any CPU.Build.0 = Release|Any CPU
		{CDB8D3C9-AC6C-40DA-A327-64E493E90219}.Release|ARM.ActiveCfg = Release|Any CPU
		{CDB8D3C9-AC6C-40DA-A327-64E493E90219}.Release|ARM.Build.0 = Release|Any CPU
		{CDB8D3C9-AC6C-40DA-A327-64E493E90219}.Release|ARM64.ActiveCfg = Release|Any CPU
		{CDB8D3C9-AC6C-40DA-A327-64E493E90219}.Release|ARM64.Build.0 = Release|Any CPU
		{CDB8D3C9-AC6C-40DA-A327-64E493E90219}.Release|iPhone.ActiveCfg = Release|Any CPU
		{CDB8D3C9-AC6C-40DA-A327-64E493E90219}.Release|iPhone.Build.0 = Release|Any CPU
		{CDB8D3C9-AC6C-40DA-A327-64E493E90219}.Release|iPhoneSimulator.ActiveCfg = Release|Any CPU
		{CDB8D3C9-AC6C-40DA-A327-64E493E90219}.Release|iPhoneSimulator.Build.0 = Release|Any CPU
		{CDB8D3C9-AC6C-40DA-A327-64E493E90219}.Release|x64.ActiveCfg = Release|Any CPU
		{CDB8D3C9-AC6C-40DA-A327-64E493E90219}.Release|x64.Build.0 = Release|Any CPU
		{CDB8D3C9-AC6C-40DA-A327-64E493E90219}.Release|x86.ActiveCfg = Release|Any CPU
		{CDB8D3C9-AC6C-40DA-A327-64E493E90219}.Release|x86.Build.0 = Release|Any CPU
		{1D9B0AA3-06D1-4AC6-9C1F-437B0A379519}.Ad-Hoc|Any CPU.ActiveCfg = Debug|iPhoneSimulator
		{1D9B0AA3-06D1-4AC6-9C1F-437B0A379519}.Ad-Hoc|Any CPU.Build.0 = Debug|iPhoneSimulator
		{1D9B0AA3-06D1-4AC6-9C1F-437B0A379519}.Ad-Hoc|ARM.ActiveCfg = Debug|iPhoneSimulator
		{1D9B0AA3-06D1-4AC6-9C1F-437B0A379519}.Ad-Hoc|ARM.Build.0 = Debug|iPhoneSimulator
		{1D9B0AA3-06D1-4AC6-9C1F-437B0A379519}.Ad-Hoc|ARM64.ActiveCfg = Debug|iPhoneSimulator
		{1D9B0AA3-06D1-4AC6-9C1F-437B0A379519}.Ad-Hoc|ARM64.Build.0 = Debug|iPhoneSimulator
		{1D9B0AA3-06D1-4AC6-9C1F-437B0A379519}.Ad-Hoc|iPhone.ActiveCfg = Debug|iPhoneSimulator
		{1D9B0AA3-06D1-4AC6-9C1F-437B0A379519}.Ad-Hoc|iPhone.Build.0 = Debug|iPhoneSimulator
		{1D9B0AA3-06D1-4AC6-9C1F-437B0A379519}.Ad-Hoc|iPhoneSimulator.ActiveCfg = Debug|iPhoneSimulator
		{1D9B0AA3-06D1-4AC6-9C1F-437B0A379519}.Ad-Hoc|iPhoneSimulator.Build.0 = Debug|iPhoneSimulator
		{1D9B0AA3-06D1-4AC6-9C1F-437B0A379519}.Ad-Hoc|x64.ActiveCfg = Debug|iPhoneSimulator
		{1D9B0AA3-06D1-4AC6-9C1F-437B0A379519}.Ad-Hoc|x64.Build.0 = Debug|iPhoneSimulator
		{1D9B0AA3-06D1-4AC6-9C1F-437B0A379519}.Ad-Hoc|x86.ActiveCfg = Debug|iPhoneSimulator
		{1D9B0AA3-06D1-4AC6-9C1F-437B0A379519}.Ad-Hoc|x86.Build.0 = Debug|iPhoneSimulator
		{1D9B0AA3-06D1-4AC6-9C1F-437B0A379519}.AppStore|Any CPU.ActiveCfg = Debug|iPhoneSimulator
		{1D9B0AA3-06D1-4AC6-9C1F-437B0A379519}.AppStore|Any CPU.Build.0 = Debug|iPhoneSimulator
		{1D9B0AA3-06D1-4AC6-9C1F-437B0A379519}.AppStore|ARM.ActiveCfg = Debug|iPhoneSimulator
		{1D9B0AA3-06D1-4AC6-9C1F-437B0A379519}.AppStore|ARM.Build.0 = Debug|iPhoneSimulator
		{1D9B0AA3-06D1-4AC6-9C1F-437B0A379519}.AppStore|ARM64.ActiveCfg = Debug|iPhoneSimulator
		{1D9B0AA3-06D1-4AC6-9C1F-437B0A379519}.AppStore|ARM64.Build.0 = Debug|iPhoneSimulator
		{1D9B0AA3-06D1-4AC6-9C1F-437B0A379519}.AppStore|iPhone.ActiveCfg = Debug|iPhoneSimulator
		{1D9B0AA3-06D1-4AC6-9C1F-437B0A379519}.AppStore|iPhone.Build.0 = Debug|iPhoneSimulator
		{1D9B0AA3-06D1-4AC6-9C1F-437B0A379519}.AppStore|iPhoneSimulator.ActiveCfg = Debug|iPhoneSimulator
		{1D9B0AA3-06D1-4AC6-9C1F-437B0A379519}.AppStore|iPhoneSimulator.Build.0 = Debug|iPhoneSimulator
		{1D9B0AA3-06D1-4AC6-9C1F-437B0A379519}.AppStore|x64.ActiveCfg = Debug|iPhoneSimulator
		{1D9B0AA3-06D1-4AC6-9C1F-437B0A379519}.AppStore|x64.Build.0 = Debug|iPhoneSimulator
		{1D9B0AA3-06D1-4AC6-9C1F-437B0A379519}.AppStore|x86.ActiveCfg = Debug|iPhoneSimulator
		{1D9B0AA3-06D1-4AC6-9C1F-437B0A379519}.AppStore|x86.Build.0 = Debug|iPhoneSimulator
		{1D9B0AA3-06D1-4AC6-9C1F-437B0A379519}.Debug|Any CPU.ActiveCfg = Debug|iPhoneSimulator
		{1D9B0AA3-06D1-4AC6-9C1F-437B0A379519}.Debug|ARM.ActiveCfg = Debug|iPhoneSimulator
		{1D9B0AA3-06D1-4AC6-9C1F-437B0A379519}.Debug|ARM64.ActiveCfg = Debug|iPhoneSimulator
		{1D9B0AA3-06D1-4AC6-9C1F-437B0A379519}.Debug|iPhone.ActiveCfg = Debug|iPhoneSimulator
		{1D9B0AA3-06D1-4AC6-9C1F-437B0A379519}.Debug|iPhoneSimulator.ActiveCfg = Debug|iPhoneSimulator
		{1D9B0AA3-06D1-4AC6-9C1F-437B0A379519}.Debug|iPhoneSimulator.Build.0 = Debug|iPhoneSimulator
		{1D9B0AA3-06D1-4AC6-9C1F-437B0A379519}.Debug|x64.ActiveCfg = Debug|iPhoneSimulator
		{1D9B0AA3-06D1-4AC6-9C1F-437B0A379519}.Debug|x86.ActiveCfg = Debug|iPhoneSimulator
		{1D9B0AA3-06D1-4AC6-9C1F-437B0A379519}.Release|Any CPU.ActiveCfg = Release|iPhoneSimulator
		{1D9B0AA3-06D1-4AC6-9C1F-437B0A379519}.Release|ARM.ActiveCfg = Release|iPhoneSimulator
		{1D9B0AA3-06D1-4AC6-9C1F-437B0A379519}.Release|ARM64.ActiveCfg = Release|iPhoneSimulator
		{1D9B0AA3-06D1-4AC6-9C1F-437B0A379519}.Release|iPhone.ActiveCfg = Release|iPhoneSimulator
		{1D9B0AA3-06D1-4AC6-9C1F-437B0A379519}.Release|iPhoneSimulator.ActiveCfg = Release|iPhoneSimulator
		{1D9B0AA3-06D1-4AC6-9C1F-437B0A379519}.Release|iPhoneSimulator.Build.0 = Release|iPhoneSimulator
		{1D9B0AA3-06D1-4AC6-9C1F-437B0A379519}.Release|x64.ActiveCfg = Release|iPhoneSimulator
		{1D9B0AA3-06D1-4AC6-9C1F-437B0A379519}.Release|x86.ActiveCfg = Release|iPhoneSimulator
		{CE0A5C73-CB67-478B-A612-BEB2B2562632}.Ad-Hoc|Any CPU.ActiveCfg = Debug|Any CPU
		{CE0A5C73-CB67-478B-A612-BEB2B2562632}.Ad-Hoc|Any CPU.Build.0 = Debug|Any CPU
		{CE0A5C73-CB67-478B-A612-BEB2B2562632}.Ad-Hoc|ARM.ActiveCfg = Debug|Any CPU
		{CE0A5C73-CB67-478B-A612-BEB2B2562632}.Ad-Hoc|ARM.Build.0 = Debug|Any CPU
		{CE0A5C73-CB67-478B-A612-BEB2B2562632}.Ad-Hoc|ARM64.ActiveCfg = Debug|Any CPU
		{CE0A5C73-CB67-478B-A612-BEB2B2562632}.Ad-Hoc|ARM64.Build.0 = Debug|Any CPU
		{CE0A5C73-CB67-478B-A612-BEB2B2562632}.Ad-Hoc|iPhone.ActiveCfg = Debug|Any CPU
		{CE0A5C73-CB67-478B-A612-BEB2B2562632}.Ad-Hoc|iPhone.Build.0 = Debug|Any CPU
		{CE0A5C73-CB67-478B-A612-BEB2B2562632}.Ad-Hoc|iPhoneSimulator.ActiveCfg = Debug|Any CPU
		{CE0A5C73-CB67-478B-A612-BEB2B2562632}.Ad-Hoc|iPhoneSimulator.Build.0 = Debug|Any CPU
		{CE0A5C73-CB67-478B-A612-BEB2B2562632}.Ad-Hoc|x64.ActiveCfg = Debug|Any CPU
		{CE0A5C73-CB67-478B-A612-BEB2B2562632}.Ad-Hoc|x64.Build.0 = Debug|Any CPU
		{CE0A5C73-CB67-478B-A612-BEB2B2562632}.Ad-Hoc|x86.ActiveCfg = Debug|Any CPU
		{CE0A5C73-CB67-478B-A612-BEB2B2562632}.Ad-Hoc|x86.Build.0 = Debug|Any CPU
		{CE0A5C73-CB67-478B-A612-BEB2B2562632}.AppStore|Any CPU.ActiveCfg = Debug|Any CPU
		{CE0A5C73-CB67-478B-A612-BEB2B2562632}.AppStore|Any CPU.Build.0 = Debug|Any CPU
		{CE0A5C73-CB67-478B-A612-BEB2B2562632}.AppStore|ARM.ActiveCfg = Debug|Any CPU
		{CE0A5C73-CB67-478B-A612-BEB2B2562632}.AppStore|ARM.Build.0 = Debug|Any CPU
		{CE0A5C73-CB67-478B-A612-BEB2B2562632}.AppStore|ARM64.ActiveCfg = Debug|Any CPU
		{CE0A5C73-CB67-478B-A612-BEB2B2562632}.AppStore|ARM64.Build.0 = Debug|Any CPU
		{CE0A5C73-CB67-478B-A612-BEB2B2562632}.AppStore|iPhone.ActiveCfg = Debug|Any CPU
		{CE0A5C73-CB67-478B-A612-BEB2B2562632}.AppStore|iPhone.Build.0 = Debug|Any CPU
		{CE0A5C73-CB67-478B-A612-BEB2B2562632}.AppStore|iPhoneSimulator.ActiveCfg = Debug|Any CPU
		{CE0A5C73-CB67-478B-A612-BEB2B2562632}.AppStore|iPhoneSimulator.Build.0 = Debug|Any CPU
		{CE0A5C73-CB67-478B-A612-BEB2B2562632}.AppStore|x64.ActiveCfg = Debug|Any CPU
		{CE0A5C73-CB67-478B-A612-BEB2B2562632}.AppStore|x64.Build.0 = Debug|Any CPU
		{CE0A5C73-CB67-478B-A612-BEB2B2562632}.AppStore|x86.ActiveCfg = Debug|Any CPU
		{CE0A5C73-CB67-478B-A612-BEB2B2562632}.AppStore|x86.Build.0 = Debug|Any CPU
		{CE0A5C73-CB67-478B-A612-BEB2B2562632}.Debug|Any CPU.ActiveCfg = Debug|Any CPU
		{CE0A5C73-CB67-478B-A612-BEB2B2562632}.Debug|Any CPU.Build.0 = Debug|Any CPU
		{CE0A5C73-CB67-478B-A612-BEB2B2562632}.Debug|ARM.ActiveCfg = Debug|Any CPU
		{CE0A5C73-CB67-478B-A612-BEB2B2562632}.Debug|ARM.Build.0 = Debug|Any CPU
		{CE0A5C73-CB67-478B-A612-BEB2B2562632}.Debug|ARM64.ActiveCfg = Debug|Any CPU
		{CE0A5C73-CB67-478B-A612-BEB2B2562632}.Debug|ARM64.Build.0 = Debug|Any CPU
		{CE0A5C73-CB67-478B-A612-BEB2B2562632}.Debug|iPhone.ActiveCfg = Debug|Any CPU
		{CE0A5C73-CB67-478B-A612-BEB2B2562632}.Debug|iPhone.Build.0 = Debug|Any CPU
		{CE0A5C73-CB67-478B-A612-BEB2B2562632}.Debug|iPhoneSimulator.ActiveCfg = Debug|Any CPU
		{CE0A5C73-CB67-478B-A612-BEB2B2562632}.Debug|iPhoneSimulator.Build.0 = Debug|Any CPU
		{CE0A5C73-CB67-478B-A612-BEB2B2562632}.Debug|x64.ActiveCfg = Debug|Any CPU
		{CE0A5C73-CB67-478B-A612-BEB2B2562632}.Debug|x64.Build.0 = Debug|Any CPU
		{CE0A5C73-CB67-478B-A612-BEB2B2562632}.Debug|x86.ActiveCfg = Debug|Any CPU
		{CE0A5C73-CB67-478B-A612-BEB2B2562632}.Debug|x86.Build.0 = Debug|Any CPU
		{CE0A5C73-CB67-478B-A612-BEB2B2562632}.Release|Any CPU.ActiveCfg = Release|Any CPU
		{CE0A5C73-CB67-478B-A612-BEB2B2562632}.Release|Any CPU.Build.0 = Release|Any CPU
		{CE0A5C73-CB67-478B-A612-BEB2B2562632}.Release|ARM.ActiveCfg = Release|Any CPU
		{CE0A5C73-CB67-478B-A612-BEB2B2562632}.Release|ARM.Build.0 = Release|Any CPU
		{CE0A5C73-CB67-478B-A612-BEB2B2562632}.Release|ARM64.ActiveCfg = Release|Any CPU
		{CE0A5C73-CB67-478B-A612-BEB2B2562632}.Release|ARM64.Build.0 = Release|Any CPU
		{CE0A5C73-CB67-478B-A612-BEB2B2562632}.Release|iPhone.ActiveCfg = Release|Any CPU
		{CE0A5C73-CB67-478B-A612-BEB2B2562632}.Release|iPhone.Build.0 = Release|Any CPU
		{CE0A5C73-CB67-478B-A612-BEB2B2562632}.Release|iPhoneSimulator.ActiveCfg = Release|Any CPU
		{CE0A5C73-CB67-478B-A612-BEB2B2562632}.Release|iPhoneSimulator.Build.0 = Release|Any CPU
		{CE0A5C73-CB67-478B-A612-BEB2B2562632}.Release|x64.ActiveCfg = Release|Any CPU
		{CE0A5C73-CB67-478B-A612-BEB2B2562632}.Release|x64.Build.0 = Release|Any CPU
		{CE0A5C73-CB67-478B-A612-BEB2B2562632}.Release|x86.ActiveCfg = Release|Any CPU
		{CE0A5C73-CB67-478B-A612-BEB2B2562632}.Release|x86.Build.0 = Release|Any CPU
		{509BEF7C-D65F-43A3-8A1A-003077B77837}.Ad-Hoc|Any CPU.ActiveCfg = Debug|Any CPU
		{509BEF7C-D65F-43A3-8A1A-003077B77837}.Ad-Hoc|Any CPU.Build.0 = Debug|Any CPU
		{509BEF7C-D65F-43A3-8A1A-003077B77837}.Ad-Hoc|ARM.ActiveCfg = Debug|Any CPU
		{509BEF7C-D65F-43A3-8A1A-003077B77837}.Ad-Hoc|ARM.Build.0 = Debug|Any CPU
		{509BEF7C-D65F-43A3-8A1A-003077B77837}.Ad-Hoc|ARM64.ActiveCfg = Debug|Any CPU
		{509BEF7C-D65F-43A3-8A1A-003077B77837}.Ad-Hoc|ARM64.Build.0 = Debug|Any CPU
		{509BEF7C-D65F-43A3-8A1A-003077B77837}.Ad-Hoc|iPhone.ActiveCfg = Debug|Any CPU
		{509BEF7C-D65F-43A3-8A1A-003077B77837}.Ad-Hoc|iPhone.Build.0 = Debug|Any CPU
		{509BEF7C-D65F-43A3-8A1A-003077B77837}.Ad-Hoc|iPhoneSimulator.ActiveCfg = Debug|Any CPU
		{509BEF7C-D65F-43A3-8A1A-003077B77837}.Ad-Hoc|iPhoneSimulator.Build.0 = Debug|Any CPU
		{509BEF7C-D65F-43A3-8A1A-003077B77837}.Ad-Hoc|x64.ActiveCfg = Debug|Any CPU
		{509BEF7C-D65F-43A3-8A1A-003077B77837}.Ad-Hoc|x64.Build.0 = Debug|Any CPU
		{509BEF7C-D65F-43A3-8A1A-003077B77837}.Ad-Hoc|x86.ActiveCfg = Debug|Any CPU
		{509BEF7C-D65F-43A3-8A1A-003077B77837}.Ad-Hoc|x86.Build.0 = Debug|Any CPU
		{509BEF7C-D65F-43A3-8A1A-003077B77837}.AppStore|Any CPU.ActiveCfg = Debug|Any CPU
		{509BEF7C-D65F-43A3-8A1A-003077B77837}.AppStore|Any CPU.Build.0 = Debug|Any CPU
		{509BEF7C-D65F-43A3-8A1A-003077B77837}.AppStore|ARM.ActiveCfg = Debug|Any CPU
		{509BEF7C-D65F-43A3-8A1A-003077B77837}.AppStore|ARM.Build.0 = Debug|Any CPU
		{509BEF7C-D65F-43A3-8A1A-003077B77837}.AppStore|ARM64.ActiveCfg = Debug|Any CPU
		{509BEF7C-D65F-43A3-8A1A-003077B77837}.AppStore|ARM64.Build.0 = Debug|Any CPU
		{509BEF7C-D65F-43A3-8A1A-003077B77837}.AppStore|iPhone.ActiveCfg = Debug|Any CPU
		{509BEF7C-D65F-43A3-8A1A-003077B77837}.AppStore|iPhone.Build.0 = Debug|Any CPU
		{509BEF7C-D65F-43A3-8A1A-003077B77837}.AppStore|iPhoneSimulator.ActiveCfg = Debug|Any CPU
		{509BEF7C-D65F-43A3-8A1A-003077B77837}.AppStore|iPhoneSimulator.Build.0 = Debug|Any CPU
		{509BEF7C-D65F-43A3-8A1A-003077B77837}.AppStore|x64.ActiveCfg = Debug|Any CPU
		{509BEF7C-D65F-43A3-8A1A-003077B77837}.AppStore|x64.Build.0 = Debug|Any CPU
		{509BEF7C-D65F-43A3-8A1A-003077B77837}.AppStore|x86.ActiveCfg = Debug|Any CPU
		{509BEF7C-D65F-43A3-8A1A-003077B77837}.AppStore|x86.Build.0 = Debug|Any CPU
		{509BEF7C-D65F-43A3-8A1A-003077B77837}.Debug|Any CPU.ActiveCfg = Debug|Any CPU
		{509BEF7C-D65F-43A3-8A1A-003077B77837}.Debug|Any CPU.Build.0 = Debug|Any CPU
		{509BEF7C-D65F-43A3-8A1A-003077B77837}.Debug|ARM.ActiveCfg = Debug|Any CPU
		{509BEF7C-D65F-43A3-8A1A-003077B77837}.Debug|ARM.Build.0 = Debug|Any CPU
		{509BEF7C-D65F-43A3-8A1A-003077B77837}.Debug|ARM64.ActiveCfg = Debug|Any CPU
		{509BEF7C-D65F-43A3-8A1A-003077B77837}.Debug|ARM64.Build.0 = Debug|Any CPU
		{509BEF7C-D65F-43A3-8A1A-003077B77837}.Debug|iPhone.ActiveCfg = Debug|Any CPU
		{509BEF7C-D65F-43A3-8A1A-003077B77837}.Debug|iPhone.Build.0 = Debug|Any CPU
		{509BEF7C-D65F-43A3-8A1A-003077B77837}.Debug|iPhoneSimulator.ActiveCfg = Debug|Any CPU
		{509BEF7C-D65F-43A3-8A1A-003077B77837}.Debug|iPhoneSimulator.Build.0 = Debug|Any CPU
		{509BEF7C-D65F-43A3-8A1A-003077B77837}.Debug|x64.ActiveCfg = Debug|Any CPU
		{509BEF7C-D65F-43A3-8A1A-003077B77837}.Debug|x64.Build.0 = Debug|Any CPU
		{509BEF7C-D65F-43A3-8A1A-003077B77837}.Debug|x86.ActiveCfg = Debug|Any CPU
		{509BEF7C-D65F-43A3-8A1A-003077B77837}.Debug|x86.Build.0 = Debug|Any CPU
		{509BEF7C-D65F-43A3-8A1A-003077B77837}.Release|Any CPU.ActiveCfg = Release|Any CPU
		{509BEF7C-D65F-43A3-8A1A-003077B77837}.Release|Any CPU.Build.0 = Release|Any CPU
		{509BEF7C-D65F-43A3-8A1A-003077B77837}.Release|ARM.ActiveCfg = Release|Any CPU
		{509BEF7C-D65F-43A3-8A1A-003077B77837}.Release|ARM.Build.0 = Release|Any CPU
		{509BEF7C-D65F-43A3-8A1A-003077B77837}.Release|ARM64.ActiveCfg = Release|Any CPU
		{509BEF7C-D65F-43A3-8A1A-003077B77837}.Release|ARM64.Build.0 = Release|Any CPU
		{509BEF7C-D65F-43A3-8A1A-003077B77837}.Release|iPhone.ActiveCfg = Release|Any CPU
		{509BEF7C-D65F-43A3-8A1A-003077B77837}.Release|iPhone.Build.0 = Release|Any CPU
		{509BEF7C-D65F-43A3-8A1A-003077B77837}.Release|iPhoneSimulator.ActiveCfg = Release|Any CPU
		{509BEF7C-D65F-43A3-8A1A-003077B77837}.Release|iPhoneSimulator.Build.0 = Release|Any CPU
		{509BEF7C-D65F-43A3-8A1A-003077B77837}.Release|x64.ActiveCfg = Release|Any CPU
		{509BEF7C-D65F-43A3-8A1A-003077B77837}.Release|x64.Build.0 = Release|Any CPU
		{509BEF7C-D65F-43A3-8A1A-003077B77837}.Release|x86.ActiveCfg = Release|Any CPU
		{509BEF7C-D65F-43A3-8A1A-003077B77837}.Release|x86.Build.0 = Release|Any CPU
		{70927BD9-93DF-45B3-8501-2FA187BC1497}.Ad-Hoc|Any CPU.ActiveCfg = Debug|Any CPU
		{70927BD9-93DF-45B3-8501-2FA187BC1497}.Ad-Hoc|Any CPU.Build.0 = Debug|Any CPU
		{70927BD9-93DF-45B3-8501-2FA187BC1497}.Ad-Hoc|ARM.ActiveCfg = Debug|Any CPU
		{70927BD9-93DF-45B3-8501-2FA187BC1497}.Ad-Hoc|ARM.Build.0 = Debug|Any CPU
		{70927BD9-93DF-45B3-8501-2FA187BC1497}.Ad-Hoc|ARM64.ActiveCfg = Debug|Any CPU
		{70927BD9-93DF-45B3-8501-2FA187BC1497}.Ad-Hoc|ARM64.Build.0 = Debug|Any CPU
		{70927BD9-93DF-45B3-8501-2FA187BC1497}.Ad-Hoc|iPhone.ActiveCfg = Debug|Any CPU
		{70927BD9-93DF-45B3-8501-2FA187BC1497}.Ad-Hoc|iPhone.Build.0 = Debug|Any CPU
		{70927BD9-93DF-45B3-8501-2FA187BC1497}.Ad-Hoc|iPhoneSimulator.ActiveCfg = Debug|Any CPU
		{70927BD9-93DF-45B3-8501-2FA187BC1497}.Ad-Hoc|iPhoneSimulator.Build.0 = Debug|Any CPU
		{70927BD9-93DF-45B3-8501-2FA187BC1497}.Ad-Hoc|x64.ActiveCfg = Debug|Any CPU
		{70927BD9-93DF-45B3-8501-2FA187BC1497}.Ad-Hoc|x64.Build.0 = Debug|Any CPU
		{70927BD9-93DF-45B3-8501-2FA187BC1497}.Ad-Hoc|x86.ActiveCfg = Debug|Any CPU
		{70927BD9-93DF-45B3-8501-2FA187BC1497}.Ad-Hoc|x86.Build.0 = Debug|Any CPU
		{70927BD9-93DF-45B3-8501-2FA187BC1497}.AppStore|Any CPU.ActiveCfg = Debug|Any CPU
		{70927BD9-93DF-45B3-8501-2FA187BC1497}.AppStore|Any CPU.Build.0 = Debug|Any CPU
		{70927BD9-93DF-45B3-8501-2FA187BC1497}.AppStore|ARM.ActiveCfg = Debug|Any CPU
		{70927BD9-93DF-45B3-8501-2FA187BC1497}.AppStore|ARM.Build.0 = Debug|Any CPU
		{70927BD9-93DF-45B3-8501-2FA187BC1497}.AppStore|ARM64.ActiveCfg = Debug|Any CPU
		{70927BD9-93DF-45B3-8501-2FA187BC1497}.AppStore|ARM64.Build.0 = Debug|Any CPU
		{70927BD9-93DF-45B3-8501-2FA187BC1497}.AppStore|iPhone.ActiveCfg = Debug|Any CPU
		{70927BD9-93DF-45B3-8501-2FA187BC1497}.AppStore|iPhone.Build.0 = Debug|Any CPU
		{70927BD9-93DF-45B3-8501-2FA187BC1497}.AppStore|iPhoneSimulator.ActiveCfg = Debug|Any CPU
		{70927BD9-93DF-45B3-8501-2FA187BC1497}.AppStore|iPhoneSimulator.Build.0 = Debug|Any CPU
		{70927BD9-93DF-45B3-8501-2FA187BC1497}.AppStore|x64.ActiveCfg = Debug|Any CPU
		{70927BD9-93DF-45B3-8501-2FA187BC1497}.AppStore|x64.Build.0 = Debug|Any CPU
		{70927BD9-93DF-45B3-8501-2FA187BC1497}.AppStore|x86.ActiveCfg = Debug|Any CPU
		{70927BD9-93DF-45B3-8501-2FA187BC1497}.AppStore|x86.Build.0 = Debug|Any CPU
		{70927BD9-93DF-45B3-8501-2FA187BC1497}.Debug|Any CPU.ActiveCfg = Debug|Any CPU
		{70927BD9-93DF-45B3-8501-2FA187BC1497}.Debug|Any CPU.Build.0 = Debug|Any CPU
		{70927BD9-93DF-45B3-8501-2FA187BC1497}.Debug|ARM.ActiveCfg = Debug|Any CPU
		{70927BD9-93DF-45B3-8501-2FA187BC1497}.Debug|ARM.Build.0 = Debug|Any CPU
		{70927BD9-93DF-45B3-8501-2FA187BC1497}.Debug|ARM64.ActiveCfg = Debug|Any CPU
		{70927BD9-93DF-45B3-8501-2FA187BC1497}.Debug|ARM64.Build.0 = Debug|Any CPU
		{70927BD9-93DF-45B3-8501-2FA187BC1497}.Debug|iPhone.ActiveCfg = Debug|Any CPU
		{70927BD9-93DF-45B3-8501-2FA187BC1497}.Debug|iPhone.Build.0 = Debug|Any CPU
		{70927BD9-93DF-45B3-8501-2FA187BC1497}.Debug|iPhoneSimulator.ActiveCfg = Debug|Any CPU
		{70927BD9-93DF-45B3-8501-2FA187BC1497}.Debug|iPhoneSimulator.Build.0 = Debug|Any CPU
		{70927BD9-93DF-45B3-8501-2FA187BC1497}.Debug|x64.ActiveCfg = Debug|Any CPU
		{70927BD9-93DF-45B3-8501-2FA187BC1497}.Debug|x64.Build.0 = Debug|Any CPU
		{70927BD9-93DF-45B3-8501-2FA187BC1497}.Debug|x86.ActiveCfg = Debug|Any CPU
		{70927BD9-93DF-45B3-8501-2FA187BC1497}.Debug|x86.Build.0 = Debug|Any CPU
		{70927BD9-93DF-45B3-8501-2FA187BC1497}.Release|Any CPU.ActiveCfg = Release|Any CPU
		{70927BD9-93DF-45B3-8501-2FA187BC1497}.Release|Any CPU.Build.0 = Release|Any CPU
		{70927BD9-93DF-45B3-8501-2FA187BC1497}.Release|ARM.ActiveCfg = Release|Any CPU
		{70927BD9-93DF-45B3-8501-2FA187BC1497}.Release|ARM.Build.0 = Release|Any CPU
		{70927BD9-93DF-45B3-8501-2FA187BC1497}.Release|ARM64.ActiveCfg = Release|Any CPU
		{70927BD9-93DF-45B3-8501-2FA187BC1497}.Release|ARM64.Build.0 = Release|Any CPU
		{70927BD9-93DF-45B3-8501-2FA187BC1497}.Release|iPhone.ActiveCfg = Release|Any CPU
		{70927BD9-93DF-45B3-8501-2FA187BC1497}.Release|iPhone.Build.0 = Release|Any CPU
		{70927BD9-93DF-45B3-8501-2FA187BC1497}.Release|iPhoneSimulator.ActiveCfg = Release|Any CPU
		{70927BD9-93DF-45B3-8501-2FA187BC1497}.Release|iPhoneSimulator.Build.0 = Release|Any CPU
		{70927BD9-93DF-45B3-8501-2FA187BC1497}.Release|x64.ActiveCfg = Release|Any CPU
		{70927BD9-93DF-45B3-8501-2FA187BC1497}.Release|x64.Build.0 = Release|Any CPU
		{70927BD9-93DF-45B3-8501-2FA187BC1497}.Release|x86.ActiveCfg = Release|Any CPU
		{70927BD9-93DF-45B3-8501-2FA187BC1497}.Release|x86.Build.0 = Release|Any CPU
		{52E83A9B-B205-4950-8832-F9CC7A0D4FB5}.Ad-Hoc|Any CPU.ActiveCfg = Debug|Any CPU
		{52E83A9B-B205-4950-8832-F9CC7A0D4FB5}.Ad-Hoc|Any CPU.Build.0 = Debug|Any CPU
		{52E83A9B-B205-4950-8832-F9CC7A0D4FB5}.Ad-Hoc|ARM.ActiveCfg = Debug|Any CPU
		{52E83A9B-B205-4950-8832-F9CC7A0D4FB5}.Ad-Hoc|ARM.Build.0 = Debug|Any CPU
		{52E83A9B-B205-4950-8832-F9CC7A0D4FB5}.Ad-Hoc|ARM64.ActiveCfg = Debug|Any CPU
		{52E83A9B-B205-4950-8832-F9CC7A0D4FB5}.Ad-Hoc|ARM64.Build.0 = Debug|Any CPU
		{52E83A9B-B205-4950-8832-F9CC7A0D4FB5}.Ad-Hoc|iPhone.ActiveCfg = Debug|Any CPU
		{52E83A9B-B205-4950-8832-F9CC7A0D4FB5}.Ad-Hoc|iPhone.Build.0 = Debug|Any CPU
		{52E83A9B-B205-4950-8832-F9CC7A0D4FB5}.Ad-Hoc|iPhoneSimulator.ActiveCfg = Debug|Any CPU
		{52E83A9B-B205-4950-8832-F9CC7A0D4FB5}.Ad-Hoc|iPhoneSimulator.Build.0 = Debug|Any CPU
		{52E83A9B-B205-4950-8832-F9CC7A0D4FB5}.Ad-Hoc|x64.ActiveCfg = Debug|Any CPU
		{52E83A9B-B205-4950-8832-F9CC7A0D4FB5}.Ad-Hoc|x64.Build.0 = Debug|Any CPU
		{52E83A9B-B205-4950-8832-F9CC7A0D4FB5}.Ad-Hoc|x86.ActiveCfg = Debug|Any CPU
		{52E83A9B-B205-4950-8832-F9CC7A0D4FB5}.Ad-Hoc|x86.Build.0 = Debug|Any CPU
		{52E83A9B-B205-4950-8832-F9CC7A0D4FB5}.AppStore|Any CPU.ActiveCfg = Debug|Any CPU
		{52E83A9B-B205-4950-8832-F9CC7A0D4FB5}.AppStore|Any CPU.Build.0 = Debug|Any CPU
		{52E83A9B-B205-4950-8832-F9CC7A0D4FB5}.AppStore|ARM.ActiveCfg = Debug|Any CPU
		{52E83A9B-B205-4950-8832-F9CC7A0D4FB5}.AppStore|ARM.Build.0 = Debug|Any CPU
		{52E83A9B-B205-4950-8832-F9CC7A0D4FB5}.AppStore|ARM64.ActiveCfg = Debug|Any CPU
		{52E83A9B-B205-4950-8832-F9CC7A0D4FB5}.AppStore|ARM64.Build.0 = Debug|Any CPU
		{52E83A9B-B205-4950-8832-F9CC7A0D4FB5}.AppStore|iPhone.ActiveCfg = Debug|Any CPU
		{52E83A9B-B205-4950-8832-F9CC7A0D4FB5}.AppStore|iPhone.Build.0 = Debug|Any CPU
		{52E83A9B-B205-4950-8832-F9CC7A0D4FB5}.AppStore|iPhoneSimulator.ActiveCfg = Debug|Any CPU
		{52E83A9B-B205-4950-8832-F9CC7A0D4FB5}.AppStore|iPhoneSimulator.Build.0 = Debug|Any CPU
		{52E83A9B-B205-4950-8832-F9CC7A0D4FB5}.AppStore|x64.ActiveCfg = Debug|Any CPU
		{52E83A9B-B205-4950-8832-F9CC7A0D4FB5}.AppStore|x64.Build.0 = Debug|Any CPU
		{52E83A9B-B205-4950-8832-F9CC7A0D4FB5}.AppStore|x86.ActiveCfg = Debug|Any CPU
		{52E83A9B-B205-4950-8832-F9CC7A0D4FB5}.AppStore|x86.Build.0 = Debug|Any CPU
		{52E83A9B-B205-4950-8832-F9CC7A0D4FB5}.Debug|Any CPU.ActiveCfg = Debug|Any CPU
		{52E83A9B-B205-4950-8832-F9CC7A0D4FB5}.Debug|Any CPU.Build.0 = Debug|Any CPU
		{52E83A9B-B205-4950-8832-F9CC7A0D4FB5}.Debug|ARM.ActiveCfg = Debug|Any CPU
		{52E83A9B-B205-4950-8832-F9CC7A0D4FB5}.Debug|ARM.Build.0 = Debug|Any CPU
		{52E83A9B-B205-4950-8832-F9CC7A0D4FB5}.Debug|ARM64.ActiveCfg = Debug|Any CPU
		{52E83A9B-B205-4950-8832-F9CC7A0D4FB5}.Debug|ARM64.Build.0 = Debug|Any CPU
		{52E83A9B-B205-4950-8832-F9CC7A0D4FB5}.Debug|iPhone.ActiveCfg = Debug|Any CPU
		{52E83A9B-B205-4950-8832-F9CC7A0D4FB5}.Debug|iPhone.Build.0 = Debug|Any CPU
		{52E83A9B-B205-4950-8832-F9CC7A0D4FB5}.Debug|iPhoneSimulator.ActiveCfg = Debug|Any CPU
		{52E83A9B-B205-4950-8832-F9CC7A0D4FB5}.Debug|iPhoneSimulator.Build.0 = Debug|Any CPU
		{52E83A9B-B205-4950-8832-F9CC7A0D4FB5}.Debug|x64.ActiveCfg = Debug|Any CPU
		{52E83A9B-B205-4950-8832-F9CC7A0D4FB5}.Debug|x64.Build.0 = Debug|Any CPU
		{52E83A9B-B205-4950-8832-F9CC7A0D4FB5}.Debug|x86.ActiveCfg = Debug|Any CPU
		{52E83A9B-B205-4950-8832-F9CC7A0D4FB5}.Debug|x86.Build.0 = Debug|Any CPU
		{52E83A9B-B205-4950-8832-F9CC7A0D4FB5}.Release|Any CPU.ActiveCfg = Release|Any CPU
		{52E83A9B-B205-4950-8832-F9CC7A0D4FB5}.Release|Any CPU.Build.0 = Release|Any CPU
		{52E83A9B-B205-4950-8832-F9CC7A0D4FB5}.Release|ARM.ActiveCfg = Release|Any CPU
		{52E83A9B-B205-4950-8832-F9CC7A0D4FB5}.Release|ARM.Build.0 = Release|Any CPU
		{52E83A9B-B205-4950-8832-F9CC7A0D4FB5}.Release|ARM64.ActiveCfg = Release|Any CPU
		{52E83A9B-B205-4950-8832-F9CC7A0D4FB5}.Release|ARM64.Build.0 = Release|Any CPU
		{52E83A9B-B205-4950-8832-F9CC7A0D4FB5}.Release|iPhone.ActiveCfg = Release|Any CPU
		{52E83A9B-B205-4950-8832-F9CC7A0D4FB5}.Release|iPhone.Build.0 = Release|Any CPU
		{52E83A9B-B205-4950-8832-F9CC7A0D4FB5}.Release|iPhoneSimulator.ActiveCfg = Release|Any CPU
		{52E83A9B-B205-4950-8832-F9CC7A0D4FB5}.Release|iPhoneSimulator.Build.0 = Release|Any CPU
		{52E83A9B-B205-4950-8832-F9CC7A0D4FB5}.Release|x64.ActiveCfg = Release|Any CPU
		{52E83A9B-B205-4950-8832-F9CC7A0D4FB5}.Release|x64.Build.0 = Release|Any CPU
		{52E83A9B-B205-4950-8832-F9CC7A0D4FB5}.Release|x86.ActiveCfg = Release|Any CPU
		{52E83A9B-B205-4950-8832-F9CC7A0D4FB5}.Release|x86.Build.0 = Release|Any CPU
		{B9A8F022-742D-4AD3-BBA3-DFEBBB997922}.Ad-Hoc|Any CPU.ActiveCfg = Debug|Any CPU
		{B9A8F022-742D-4AD3-BBA3-DFEBBB997922}.Ad-Hoc|Any CPU.Build.0 = Debug|Any CPU
		{B9A8F022-742D-4AD3-BBA3-DFEBBB997922}.Ad-Hoc|ARM.ActiveCfg = Debug|Any CPU
		{B9A8F022-742D-4AD3-BBA3-DFEBBB997922}.Ad-Hoc|ARM.Build.0 = Debug|Any CPU
		{B9A8F022-742D-4AD3-BBA3-DFEBBB997922}.Ad-Hoc|ARM64.ActiveCfg = Debug|Any CPU
		{B9A8F022-742D-4AD3-BBA3-DFEBBB997922}.Ad-Hoc|ARM64.Build.0 = Debug|Any CPU
		{B9A8F022-742D-4AD3-BBA3-DFEBBB997922}.Ad-Hoc|iPhone.ActiveCfg = Debug|Any CPU
		{B9A8F022-742D-4AD3-BBA3-DFEBBB997922}.Ad-Hoc|iPhone.Build.0 = Debug|Any CPU
		{B9A8F022-742D-4AD3-BBA3-DFEBBB997922}.Ad-Hoc|iPhoneSimulator.ActiveCfg = Debug|Any CPU
		{B9A8F022-742D-4AD3-BBA3-DFEBBB997922}.Ad-Hoc|iPhoneSimulator.Build.0 = Debug|Any CPU
		{B9A8F022-742D-4AD3-BBA3-DFEBBB997922}.Ad-Hoc|x64.ActiveCfg = Debug|Any CPU
		{B9A8F022-742D-4AD3-BBA3-DFEBBB997922}.Ad-Hoc|x64.Build.0 = Debug|Any CPU
		{B9A8F022-742D-4AD3-BBA3-DFEBBB997922}.Ad-Hoc|x86.ActiveCfg = Debug|Any CPU
		{B9A8F022-742D-4AD3-BBA3-DFEBBB997922}.Ad-Hoc|x86.Build.0 = Debug|Any CPU
		{B9A8F022-742D-4AD3-BBA3-DFEBBB997922}.AppStore|Any CPU.ActiveCfg = Debug|Any CPU
		{B9A8F022-742D-4AD3-BBA3-DFEBBB997922}.AppStore|Any CPU.Build.0 = Debug|Any CPU
		{B9A8F022-742D-4AD3-BBA3-DFEBBB997922}.AppStore|ARM.ActiveCfg = Debug|Any CPU
		{B9A8F022-742D-4AD3-BBA3-DFEBBB997922}.AppStore|ARM.Build.0 = Debug|Any CPU
		{B9A8F022-742D-4AD3-BBA3-DFEBBB997922}.AppStore|ARM64.ActiveCfg = Debug|Any CPU
		{B9A8F022-742D-4AD3-BBA3-DFEBBB997922}.AppStore|ARM64.Build.0 = Debug|Any CPU
		{B9A8F022-742D-4AD3-BBA3-DFEBBB997922}.AppStore|iPhone.ActiveCfg = Debug|Any CPU
		{B9A8F022-742D-4AD3-BBA3-DFEBBB997922}.AppStore|iPhone.Build.0 = Debug|Any CPU
		{B9A8F022-742D-4AD3-BBA3-DFEBBB997922}.AppStore|iPhoneSimulator.ActiveCfg = Debug|Any CPU
		{B9A8F022-742D-4AD3-BBA3-DFEBBB997922}.AppStore|iPhoneSimulator.Build.0 = Debug|Any CPU
		{B9A8F022-742D-4AD3-BBA3-DFEBBB997922}.AppStore|x64.ActiveCfg = Debug|Any CPU
		{B9A8F022-742D-4AD3-BBA3-DFEBBB997922}.AppStore|x64.Build.0 = Debug|Any CPU
		{B9A8F022-742D-4AD3-BBA3-DFEBBB997922}.AppStore|x86.ActiveCfg = Debug|Any CPU
		{B9A8F022-742D-4AD3-BBA3-DFEBBB997922}.AppStore|x86.Build.0 = Debug|Any CPU
		{B9A8F022-742D-4AD3-BBA3-DFEBBB997922}.Debug|Any CPU.ActiveCfg = Debug|Any CPU
		{B9A8F022-742D-4AD3-BBA3-DFEBBB997922}.Debug|Any CPU.Build.0 = Debug|Any CPU
		{B9A8F022-742D-4AD3-BBA3-DFEBBB997922}.Debug|ARM.ActiveCfg = Debug|Any CPU
		{B9A8F022-742D-4AD3-BBA3-DFEBBB997922}.Debug|ARM.Build.0 = Debug|Any CPU
		{B9A8F022-742D-4AD3-BBA3-DFEBBB997922}.Debug|ARM64.ActiveCfg = Debug|Any CPU
		{B9A8F022-742D-4AD3-BBA3-DFEBBB997922}.Debug|ARM64.Build.0 = Debug|Any CPU
		{B9A8F022-742D-4AD3-BBA3-DFEBBB997922}.Debug|iPhone.ActiveCfg = Debug|Any CPU
		{B9A8F022-742D-4AD3-BBA3-DFEBBB997922}.Debug|iPhone.Build.0 = Debug|Any CPU
		{B9A8F022-742D-4AD3-BBA3-DFEBBB997922}.Debug|iPhoneSimulator.ActiveCfg = Debug|Any CPU
		{B9A8F022-742D-4AD3-BBA3-DFEBBB997922}.Debug|iPhoneSimulator.Build.0 = Debug|Any CPU
		{B9A8F022-742D-4AD3-BBA3-DFEBBB997922}.Debug|x64.ActiveCfg = Debug|Any CPU
		{B9A8F022-742D-4AD3-BBA3-DFEBBB997922}.Debug|x64.Build.0 = Debug|Any CPU
		{B9A8F022-742D-4AD3-BBA3-DFEBBB997922}.Debug|x86.ActiveCfg = Debug|Any CPU
		{B9A8F022-742D-4AD3-BBA3-DFEBBB997922}.Debug|x86.Build.0 = Debug|Any CPU
		{B9A8F022-742D-4AD3-BBA3-DFEBBB997922}.Release|Any CPU.ActiveCfg = Release|Any CPU
		{B9A8F022-742D-4AD3-BBA3-DFEBBB997922}.Release|Any CPU.Build.0 = Release|Any CPU
		{B9A8F022-742D-4AD3-BBA3-DFEBBB997922}.Release|ARM.ActiveCfg = Release|Any CPU
		{B9A8F022-742D-4AD3-BBA3-DFEBBB997922}.Release|ARM.Build.0 = Release|Any CPU
		{B9A8F022-742D-4AD3-BBA3-DFEBBB997922}.Release|ARM64.ActiveCfg = Release|Any CPU
		{B9A8F022-742D-4AD3-BBA3-DFEBBB997922}.Release|ARM64.Build.0 = Release|Any CPU
		{B9A8F022-742D-4AD3-BBA3-DFEBBB997922}.Release|iPhone.ActiveCfg = Release|Any CPU
		{B9A8F022-742D-4AD3-BBA3-DFEBBB997922}.Release|iPhone.Build.0 = Release|Any CPU
		{B9A8F022-742D-4AD3-BBA3-DFEBBB997922}.Release|iPhoneSimulator.ActiveCfg = Release|Any CPU
		{B9A8F022-742D-4AD3-BBA3-DFEBBB997922}.Release|iPhoneSimulator.Build.0 = Release|Any CPU
		{B9A8F022-742D-4AD3-BBA3-DFEBBB997922}.Release|x64.ActiveCfg = Release|Any CPU
		{B9A8F022-742D-4AD3-BBA3-DFEBBB997922}.Release|x64.Build.0 = Release|Any CPU
		{B9A8F022-742D-4AD3-BBA3-DFEBBB997922}.Release|x86.ActiveCfg = Release|Any CPU
		{B9A8F022-742D-4AD3-BBA3-DFEBBB997922}.Release|x86.Build.0 = Release|Any CPU
		{F5B7E97E-F816-40A4-9217-9AC40F8738EA}.Ad-Hoc|Any CPU.ActiveCfg = Debug|Any CPU
		{F5B7E97E-F816-40A4-9217-9AC40F8738EA}.Ad-Hoc|Any CPU.Build.0 = Debug|Any CPU
		{F5B7E97E-F816-40A4-9217-9AC40F8738EA}.Ad-Hoc|ARM.ActiveCfg = Debug|Any CPU
		{F5B7E97E-F816-40A4-9217-9AC40F8738EA}.Ad-Hoc|ARM.Build.0 = Debug|Any CPU
		{F5B7E97E-F816-40A4-9217-9AC40F8738EA}.Ad-Hoc|ARM64.ActiveCfg = Debug|Any CPU
		{F5B7E97E-F816-40A4-9217-9AC40F8738EA}.Ad-Hoc|ARM64.Build.0 = Debug|Any CPU
		{F5B7E97E-F816-40A4-9217-9AC40F8738EA}.Ad-Hoc|iPhone.ActiveCfg = Debug|Any CPU
		{F5B7E97E-F816-40A4-9217-9AC40F8738EA}.Ad-Hoc|iPhone.Build.0 = Debug|Any CPU
		{F5B7E97E-F816-40A4-9217-9AC40F8738EA}.Ad-Hoc|iPhoneSimulator.ActiveCfg = Debug|Any CPU
		{F5B7E97E-F816-40A4-9217-9AC40F8738EA}.Ad-Hoc|iPhoneSimulator.Build.0 = Debug|Any CPU
		{F5B7E97E-F816-40A4-9217-9AC40F8738EA}.Ad-Hoc|x64.ActiveCfg = Debug|Any CPU
		{F5B7E97E-F816-40A4-9217-9AC40F8738EA}.Ad-Hoc|x64.Build.0 = Debug|Any CPU
		{F5B7E97E-F816-40A4-9217-9AC40F8738EA}.Ad-Hoc|x86.ActiveCfg = Debug|Any CPU
		{F5B7E97E-F816-40A4-9217-9AC40F8738EA}.Ad-Hoc|x86.Build.0 = Debug|Any CPU
		{F5B7E97E-F816-40A4-9217-9AC40F8738EA}.AppStore|Any CPU.ActiveCfg = Debug|Any CPU
		{F5B7E97E-F816-40A4-9217-9AC40F8738EA}.AppStore|Any CPU.Build.0 = Debug|Any CPU
		{F5B7E97E-F816-40A4-9217-9AC40F8738EA}.AppStore|ARM.ActiveCfg = Debug|Any CPU
		{F5B7E97E-F816-40A4-9217-9AC40F8738EA}.AppStore|ARM.Build.0 = Debug|Any CPU
		{F5B7E97E-F816-40A4-9217-9AC40F8738EA}.AppStore|ARM64.ActiveCfg = Debug|Any CPU
		{F5B7E97E-F816-40A4-9217-9AC40F8738EA}.AppStore|ARM64.Build.0 = Debug|Any CPU
		{F5B7E97E-F816-40A4-9217-9AC40F8738EA}.AppStore|iPhone.ActiveCfg = Debug|Any CPU
		{F5B7E97E-F816-40A4-9217-9AC40F8738EA}.AppStore|iPhone.Build.0 = Debug|Any CPU
		{F5B7E97E-F816-40A4-9217-9AC40F8738EA}.AppStore|iPhoneSimulator.ActiveCfg = Debug|Any CPU
		{F5B7E97E-F816-40A4-9217-9AC40F8738EA}.AppStore|iPhoneSimulator.Build.0 = Debug|Any CPU
		{F5B7E97E-F816-40A4-9217-9AC40F8738EA}.AppStore|x64.ActiveCfg = Debug|Any CPU
		{F5B7E97E-F816-40A4-9217-9AC40F8738EA}.AppStore|x64.Build.0 = Debug|Any CPU
		{F5B7E97E-F816-40A4-9217-9AC40F8738EA}.AppStore|x86.ActiveCfg = Debug|Any CPU
		{F5B7E97E-F816-40A4-9217-9AC40F8738EA}.AppStore|x86.Build.0 = Debug|Any CPU
		{F5B7E97E-F816-40A4-9217-9AC40F8738EA}.Debug|Any CPU.ActiveCfg = Debug|Any CPU
		{F5B7E97E-F816-40A4-9217-9AC40F8738EA}.Debug|Any CPU.Build.0 = Debug|Any CPU
		{F5B7E97E-F816-40A4-9217-9AC40F8738EA}.Debug|ARM.ActiveCfg = Debug|Any CPU
		{F5B7E97E-F816-40A4-9217-9AC40F8738EA}.Debug|ARM.Build.0 = Debug|Any CPU
		{F5B7E97E-F816-40A4-9217-9AC40F8738EA}.Debug|ARM64.ActiveCfg = Debug|Any CPU
		{F5B7E97E-F816-40A4-9217-9AC40F8738EA}.Debug|ARM64.Build.0 = Debug|Any CPU
		{F5B7E97E-F816-40A4-9217-9AC40F8738EA}.Debug|iPhone.ActiveCfg = Debug|Any CPU
		{F5B7E97E-F816-40A4-9217-9AC40F8738EA}.Debug|iPhone.Build.0 = Debug|Any CPU
		{F5B7E97E-F816-40A4-9217-9AC40F8738EA}.Debug|iPhoneSimulator.ActiveCfg = Debug|Any CPU
		{F5B7E97E-F816-40A4-9217-9AC40F8738EA}.Debug|iPhoneSimulator.Build.0 = Debug|Any CPU
		{F5B7E97E-F816-40A4-9217-9AC40F8738EA}.Debug|x64.ActiveCfg = Debug|Any CPU
		{F5B7E97E-F816-40A4-9217-9AC40F8738EA}.Debug|x64.Build.0 = Debug|Any CPU
		{F5B7E97E-F816-40A4-9217-9AC40F8738EA}.Debug|x86.ActiveCfg = Debug|Any CPU
		{F5B7E97E-F816-40A4-9217-9AC40F8738EA}.Debug|x86.Build.0 = Debug|Any CPU
		{F5B7E97E-F816-40A4-9217-9AC40F8738EA}.Release|Any CPU.ActiveCfg = Release|Any CPU
		{F5B7E97E-F816-40A4-9217-9AC40F8738EA}.Release|Any CPU.Build.0 = Release|Any CPU
		{F5B7E97E-F816-40A4-9217-9AC40F8738EA}.Release|ARM.ActiveCfg = Release|Any CPU
		{F5B7E97E-F816-40A4-9217-9AC40F8738EA}.Release|ARM.Build.0 = Release|Any CPU
		{F5B7E97E-F816-40A4-9217-9AC40F8738EA}.Release|ARM64.ActiveCfg = Release|Any CPU
		{F5B7E97E-F816-40A4-9217-9AC40F8738EA}.Release|ARM64.Build.0 = Release|Any CPU
		{F5B7E97E-F816-40A4-9217-9AC40F8738EA}.Release|iPhone.ActiveCfg = Release|Any CPU
		{F5B7E97E-F816-40A4-9217-9AC40F8738EA}.Release|iPhone.Build.0 = Release|Any CPU
		{F5B7E97E-F816-40A4-9217-9AC40F8738EA}.Release|iPhoneSimulator.ActiveCfg = Release|Any CPU
		{F5B7E97E-F816-40A4-9217-9AC40F8738EA}.Release|iPhoneSimulator.Build.0 = Release|Any CPU
		{F5B7E97E-F816-40A4-9217-9AC40F8738EA}.Release|x64.ActiveCfg = Release|Any CPU
		{F5B7E97E-F816-40A4-9217-9AC40F8738EA}.Release|x64.Build.0 = Release|Any CPU
		{F5B7E97E-F816-40A4-9217-9AC40F8738EA}.Release|x86.ActiveCfg = Release|Any CPU
		{F5B7E97E-F816-40A4-9217-9AC40F8738EA}.Release|x86.Build.0 = Release|Any CPU
		{40B4219C-B652-4338-982A-0F67F732BEFF}.Ad-Hoc|Any CPU.ActiveCfg = Debug|Any CPU
		{40B4219C-B652-4338-982A-0F67F732BEFF}.Ad-Hoc|Any CPU.Build.0 = Debug|Any CPU
		{40B4219C-B652-4338-982A-0F67F732BEFF}.Ad-Hoc|ARM.ActiveCfg = Debug|Any CPU
		{40B4219C-B652-4338-982A-0F67F732BEFF}.Ad-Hoc|ARM.Build.0 = Debug|Any CPU
		{40B4219C-B652-4338-982A-0F67F732BEFF}.Ad-Hoc|ARM64.ActiveCfg = Debug|Any CPU
		{40B4219C-B652-4338-982A-0F67F732BEFF}.Ad-Hoc|ARM64.Build.0 = Debug|Any CPU
		{40B4219C-B652-4338-982A-0F67F732BEFF}.Ad-Hoc|iPhone.ActiveCfg = Debug|Any CPU
		{40B4219C-B652-4338-982A-0F67F732BEFF}.Ad-Hoc|iPhone.Build.0 = Debug|Any CPU
		{40B4219C-B652-4338-982A-0F67F732BEFF}.Ad-Hoc|iPhoneSimulator.ActiveCfg = Debug|Any CPU
		{40B4219C-B652-4338-982A-0F67F732BEFF}.Ad-Hoc|iPhoneSimulator.Build.0 = Debug|Any CPU
		{40B4219C-B652-4338-982A-0F67F732BEFF}.Ad-Hoc|x64.ActiveCfg = Debug|Any CPU
		{40B4219C-B652-4338-982A-0F67F732BEFF}.Ad-Hoc|x64.Build.0 = Debug|Any CPU
		{40B4219C-B652-4338-982A-0F67F732BEFF}.Ad-Hoc|x86.ActiveCfg = Debug|Any CPU
		{40B4219C-B652-4338-982A-0F67F732BEFF}.Ad-Hoc|x86.Build.0 = Debug|Any CPU
		{40B4219C-B652-4338-982A-0F67F732BEFF}.AppStore|Any CPU.ActiveCfg = Debug|Any CPU
		{40B4219C-B652-4338-982A-0F67F732BEFF}.AppStore|Any CPU.Build.0 = Debug|Any CPU
		{40B4219C-B652-4338-982A-0F67F732BEFF}.AppStore|ARM.ActiveCfg = Debug|Any CPU
		{40B4219C-B652-4338-982A-0F67F732BEFF}.AppStore|ARM.Build.0 = Debug|Any CPU
		{40B4219C-B652-4338-982A-0F67F732BEFF}.AppStore|ARM64.ActiveCfg = Debug|Any CPU
		{40B4219C-B652-4338-982A-0F67F732BEFF}.AppStore|ARM64.Build.0 = Debug|Any CPU
		{40B4219C-B652-4338-982A-0F67F732BEFF}.AppStore|iPhone.ActiveCfg = Debug|Any CPU
		{40B4219C-B652-4338-982A-0F67F732BEFF}.AppStore|iPhone.Build.0 = Debug|Any CPU
		{40B4219C-B652-4338-982A-0F67F732BEFF}.AppStore|iPhoneSimulator.ActiveCfg = Debug|Any CPU
		{40B4219C-B652-4338-982A-0F67F732BEFF}.AppStore|iPhoneSimulator.Build.0 = Debug|Any CPU
		{40B4219C-B652-4338-982A-0F67F732BEFF}.AppStore|x64.ActiveCfg = Debug|Any CPU
		{40B4219C-B652-4338-982A-0F67F732BEFF}.AppStore|x64.Build.0 = Debug|Any CPU
		{40B4219C-B652-4338-982A-0F67F732BEFF}.AppStore|x86.ActiveCfg = Debug|Any CPU
		{40B4219C-B652-4338-982A-0F67F732BEFF}.AppStore|x86.Build.0 = Debug|Any CPU
		{40B4219C-B652-4338-982A-0F67F732BEFF}.Debug|Any CPU.ActiveCfg = Debug|Any CPU
		{40B4219C-B652-4338-982A-0F67F732BEFF}.Debug|Any CPU.Build.0 = Debug|Any CPU
		{40B4219C-B652-4338-982A-0F67F732BEFF}.Debug|ARM.ActiveCfg = Debug|Any CPU
		{40B4219C-B652-4338-982A-0F67F732BEFF}.Debug|ARM.Build.0 = Debug|Any CPU
		{40B4219C-B652-4338-982A-0F67F732BEFF}.Debug|ARM64.ActiveCfg = Debug|Any CPU
		{40B4219C-B652-4338-982A-0F67F732BEFF}.Debug|ARM64.Build.0 = Debug|Any CPU
		{40B4219C-B652-4338-982A-0F67F732BEFF}.Debug|iPhone.ActiveCfg = Debug|Any CPU
		{40B4219C-B652-4338-982A-0F67F732BEFF}.Debug|iPhone.Build.0 = Debug|Any CPU
		{40B4219C-B652-4338-982A-0F67F732BEFF}.Debug|iPhoneSimulator.ActiveCfg = Debug|Any CPU
		{40B4219C-B652-4338-982A-0F67F732BEFF}.Debug|iPhoneSimulator.Build.0 = Debug|Any CPU
		{40B4219C-B652-4338-982A-0F67F732BEFF}.Debug|x64.ActiveCfg = Debug|Any CPU
		{40B4219C-B652-4338-982A-0F67F732BEFF}.Debug|x64.Build.0 = Debug|Any CPU
		{40B4219C-B652-4338-982A-0F67F732BEFF}.Debug|x86.ActiveCfg = Debug|Any CPU
		{40B4219C-B652-4338-982A-0F67F732BEFF}.Debug|x86.Build.0 = Debug|Any CPU
		{40B4219C-B652-4338-982A-0F67F732BEFF}.Release|Any CPU.ActiveCfg = Release|Any CPU
		{40B4219C-B652-4338-982A-0F67F732BEFF}.Release|Any CPU.Build.0 = Release|Any CPU
		{40B4219C-B652-4338-982A-0F67F732BEFF}.Release|ARM.ActiveCfg = Release|Any CPU
		{40B4219C-B652-4338-982A-0F67F732BEFF}.Release|ARM.Build.0 = Release|Any CPU
		{40B4219C-B652-4338-982A-0F67F732BEFF}.Release|ARM64.ActiveCfg = Release|Any CPU
		{40B4219C-B652-4338-982A-0F67F732BEFF}.Release|ARM64.Build.0 = Release|Any CPU
		{40B4219C-B652-4338-982A-0F67F732BEFF}.Release|iPhone.ActiveCfg = Release|Any CPU
		{40B4219C-B652-4338-982A-0F67F732BEFF}.Release|iPhone.Build.0 = Release|Any CPU
		{40B4219C-B652-4338-982A-0F67F732BEFF}.Release|iPhoneSimulator.ActiveCfg = Release|Any CPU
		{40B4219C-B652-4338-982A-0F67F732BEFF}.Release|iPhoneSimulator.Build.0 = Release|Any CPU
		{40B4219C-B652-4338-982A-0F67F732BEFF}.Release|x64.ActiveCfg = Release|Any CPU
		{40B4219C-B652-4338-982A-0F67F732BEFF}.Release|x64.Build.0 = Release|Any CPU
		{40B4219C-B652-4338-982A-0F67F732BEFF}.Release|x86.ActiveCfg = Release|Any CPU
		{40B4219C-B652-4338-982A-0F67F732BEFF}.Release|x86.Build.0 = Release|Any CPU
		{75163699-16F2-4F08-AB37-3912FB7E7D3E}.Ad-Hoc|Any CPU.ActiveCfg = Debug|Any CPU
		{75163699-16F2-4F08-AB37-3912FB7E7D3E}.Ad-Hoc|Any CPU.Build.0 = Debug|Any CPU
		{75163699-16F2-4F08-AB37-3912FB7E7D3E}.Ad-Hoc|ARM.ActiveCfg = Debug|Any CPU
		{75163699-16F2-4F08-AB37-3912FB7E7D3E}.Ad-Hoc|ARM.Build.0 = Debug|Any CPU
		{75163699-16F2-4F08-AB37-3912FB7E7D3E}.Ad-Hoc|ARM64.ActiveCfg = Debug|Any CPU
		{75163699-16F2-4F08-AB37-3912FB7E7D3E}.Ad-Hoc|ARM64.Build.0 = Debug|Any CPU
		{75163699-16F2-4F08-AB37-3912FB7E7D3E}.Ad-Hoc|iPhone.ActiveCfg = Debug|Any CPU
		{75163699-16F2-4F08-AB37-3912FB7E7D3E}.Ad-Hoc|iPhone.Build.0 = Debug|Any CPU
		{75163699-16F2-4F08-AB37-3912FB7E7D3E}.Ad-Hoc|iPhoneSimulator.ActiveCfg = Debug|Any CPU
		{75163699-16F2-4F08-AB37-3912FB7E7D3E}.Ad-Hoc|iPhoneSimulator.Build.0 = Debug|Any CPU
		{75163699-16F2-4F08-AB37-3912FB7E7D3E}.Ad-Hoc|x64.ActiveCfg = Debug|Any CPU
		{75163699-16F2-4F08-AB37-3912FB7E7D3E}.Ad-Hoc|x64.Build.0 = Debug|Any CPU
		{75163699-16F2-4F08-AB37-3912FB7E7D3E}.Ad-Hoc|x86.ActiveCfg = Debug|Any CPU
		{75163699-16F2-4F08-AB37-3912FB7E7D3E}.Ad-Hoc|x86.Build.0 = Debug|Any CPU
		{75163699-16F2-4F08-AB37-3912FB7E7D3E}.AppStore|Any CPU.ActiveCfg = Debug|Any CPU
		{75163699-16F2-4F08-AB37-3912FB7E7D3E}.AppStore|Any CPU.Build.0 = Debug|Any CPU
		{75163699-16F2-4F08-AB37-3912FB7E7D3E}.AppStore|ARM.ActiveCfg = Debug|Any CPU
		{75163699-16F2-4F08-AB37-3912FB7E7D3E}.AppStore|ARM.Build.0 = Debug|Any CPU
		{75163699-16F2-4F08-AB37-3912FB7E7D3E}.AppStore|ARM64.ActiveCfg = Debug|Any CPU
		{75163699-16F2-4F08-AB37-3912FB7E7D3E}.AppStore|ARM64.Build.0 = Debug|Any CPU
		{75163699-16F2-4F08-AB37-3912FB7E7D3E}.AppStore|iPhone.ActiveCfg = Debug|Any CPU
		{75163699-16F2-4F08-AB37-3912FB7E7D3E}.AppStore|iPhone.Build.0 = Debug|Any CPU
		{75163699-16F2-4F08-AB37-3912FB7E7D3E}.AppStore|iPhoneSimulator.ActiveCfg = Debug|Any CPU
		{75163699-16F2-4F08-AB37-3912FB7E7D3E}.AppStore|iPhoneSimulator.Build.0 = Debug|Any CPU
		{75163699-16F2-4F08-AB37-3912FB7E7D3E}.AppStore|x64.ActiveCfg = Debug|Any CPU
		{75163699-16F2-4F08-AB37-3912FB7E7D3E}.AppStore|x64.Build.0 = Debug|Any CPU
		{75163699-16F2-4F08-AB37-3912FB7E7D3E}.AppStore|x86.ActiveCfg = Debug|Any CPU
		{75163699-16F2-4F08-AB37-3912FB7E7D3E}.AppStore|x86.Build.0 = Debug|Any CPU
		{75163699-16F2-4F08-AB37-3912FB7E7D3E}.Debug|Any CPU.ActiveCfg = Debug|Any CPU
		{75163699-16F2-4F08-AB37-3912FB7E7D3E}.Debug|Any CPU.Build.0 = Debug|Any CPU
		{75163699-16F2-4F08-AB37-3912FB7E7D3E}.Debug|ARM.ActiveCfg = Debug|Any CPU
		{75163699-16F2-4F08-AB37-3912FB7E7D3E}.Debug|ARM.Build.0 = Debug|Any CPU
		{75163699-16F2-4F08-AB37-3912FB7E7D3E}.Debug|ARM64.ActiveCfg = Debug|Any CPU
		{75163699-16F2-4F08-AB37-3912FB7E7D3E}.Debug|ARM64.Build.0 = Debug|Any CPU
		{75163699-16F2-4F08-AB37-3912FB7E7D3E}.Debug|iPhone.ActiveCfg = Debug|Any CPU
		{75163699-16F2-4F08-AB37-3912FB7E7D3E}.Debug|iPhone.Build.0 = Debug|Any CPU
		{75163699-16F2-4F08-AB37-3912FB7E7D3E}.Debug|iPhoneSimulator.ActiveCfg = Debug|Any CPU
		{75163699-16F2-4F08-AB37-3912FB7E7D3E}.Debug|iPhoneSimulator.Build.0 = Debug|Any CPU
		{75163699-16F2-4F08-AB37-3912FB7E7D3E}.Debug|x64.ActiveCfg = Debug|Any CPU
		{75163699-16F2-4F08-AB37-3912FB7E7D3E}.Debug|x64.Build.0 = Debug|Any CPU
		{75163699-16F2-4F08-AB37-3912FB7E7D3E}.Debug|x86.ActiveCfg = Debug|Any CPU
		{75163699-16F2-4F08-AB37-3912FB7E7D3E}.Debug|x86.Build.0 = Debug|Any CPU
		{75163699-16F2-4F08-AB37-3912FB7E7D3E}.Release|Any CPU.ActiveCfg = Release|Any CPU
		{75163699-16F2-4F08-AB37-3912FB7E7D3E}.Release|Any CPU.Build.0 = Release|Any CPU
		{75163699-16F2-4F08-AB37-3912FB7E7D3E}.Release|ARM.ActiveCfg = Release|Any CPU
		{75163699-16F2-4F08-AB37-3912FB7E7D3E}.Release|ARM.Build.0 = Release|Any CPU
		{75163699-16F2-4F08-AB37-3912FB7E7D3E}.Release|ARM64.ActiveCfg = Release|Any CPU
		{75163699-16F2-4F08-AB37-3912FB7E7D3E}.Release|ARM64.Build.0 = Release|Any CPU
		{75163699-16F2-4F08-AB37-3912FB7E7D3E}.Release|iPhone.ActiveCfg = Release|Any CPU
		{75163699-16F2-4F08-AB37-3912FB7E7D3E}.Release|iPhone.Build.0 = Release|Any CPU
		{75163699-16F2-4F08-AB37-3912FB7E7D3E}.Release|iPhoneSimulator.ActiveCfg = Release|Any CPU
		{75163699-16F2-4F08-AB37-3912FB7E7D3E}.Release|iPhoneSimulator.Build.0 = Release|Any CPU
		{75163699-16F2-4F08-AB37-3912FB7E7D3E}.Release|x64.ActiveCfg = Release|Any CPU
		{75163699-16F2-4F08-AB37-3912FB7E7D3E}.Release|x64.Build.0 = Release|Any CPU
		{75163699-16F2-4F08-AB37-3912FB7E7D3E}.Release|x86.ActiveCfg = Release|Any CPU
		{75163699-16F2-4F08-AB37-3912FB7E7D3E}.Release|x86.Build.0 = Release|Any CPU
		{F444A19E-9F4A-4448-BA74-3897F06DE50B}.Ad-Hoc|Any CPU.ActiveCfg = Debug|Any CPU
		{F444A19E-9F4A-4448-BA74-3897F06DE50B}.Ad-Hoc|Any CPU.Build.0 = Debug|Any CPU
		{F444A19E-9F4A-4448-BA74-3897F06DE50B}.Ad-Hoc|ARM.ActiveCfg = Debug|Any CPU
		{F444A19E-9F4A-4448-BA74-3897F06DE50B}.Ad-Hoc|ARM.Build.0 = Debug|Any CPU
		{F444A19E-9F4A-4448-BA74-3897F06DE50B}.Ad-Hoc|ARM64.ActiveCfg = Debug|Any CPU
		{F444A19E-9F4A-4448-BA74-3897F06DE50B}.Ad-Hoc|ARM64.Build.0 = Debug|Any CPU
		{F444A19E-9F4A-4448-BA74-3897F06DE50B}.Ad-Hoc|iPhone.ActiveCfg = Debug|Any CPU
		{F444A19E-9F4A-4448-BA74-3897F06DE50B}.Ad-Hoc|iPhone.Build.0 = Debug|Any CPU
		{F444A19E-9F4A-4448-BA74-3897F06DE50B}.Ad-Hoc|iPhoneSimulator.ActiveCfg = Debug|Any CPU
		{F444A19E-9F4A-4448-BA74-3897F06DE50B}.Ad-Hoc|iPhoneSimulator.Build.0 = Debug|Any CPU
		{F444A19E-9F4A-4448-BA74-3897F06DE50B}.Ad-Hoc|x64.ActiveCfg = Debug|Any CPU
		{F444A19E-9F4A-4448-BA74-3897F06DE50B}.Ad-Hoc|x64.Build.0 = Debug|Any CPU
		{F444A19E-9F4A-4448-BA74-3897F06DE50B}.Ad-Hoc|x86.ActiveCfg = Debug|Any CPU
		{F444A19E-9F4A-4448-BA74-3897F06DE50B}.Ad-Hoc|x86.Build.0 = Debug|Any CPU
		{F444A19E-9F4A-4448-BA74-3897F06DE50B}.AppStore|Any CPU.ActiveCfg = Debug|Any CPU
		{F444A19E-9F4A-4448-BA74-3897F06DE50B}.AppStore|Any CPU.Build.0 = Debug|Any CPU
		{F444A19E-9F4A-4448-BA74-3897F06DE50B}.AppStore|ARM.ActiveCfg = Debug|Any CPU
		{F444A19E-9F4A-4448-BA74-3897F06DE50B}.AppStore|ARM.Build.0 = Debug|Any CPU
		{F444A19E-9F4A-4448-BA74-3897F06DE50B}.AppStore|ARM64.ActiveCfg = Debug|Any CPU
		{F444A19E-9F4A-4448-BA74-3897F06DE50B}.AppStore|ARM64.Build.0 = Debug|Any CPU
		{F444A19E-9F4A-4448-BA74-3897F06DE50B}.AppStore|iPhone.ActiveCfg = Debug|Any CPU
		{F444A19E-9F4A-4448-BA74-3897F06DE50B}.AppStore|iPhone.Build.0 = Debug|Any CPU
		{F444A19E-9F4A-4448-BA74-3897F06DE50B}.AppStore|iPhoneSimulator.ActiveCfg = Debug|Any CPU
		{F444A19E-9F4A-4448-BA74-3897F06DE50B}.AppStore|iPhoneSimulator.Build.0 = Debug|Any CPU
		{F444A19E-9F4A-4448-BA74-3897F06DE50B}.AppStore|x64.ActiveCfg = Debug|Any CPU
		{F444A19E-9F4A-4448-BA74-3897F06DE50B}.AppStore|x64.Build.0 = Debug|Any CPU
		{F444A19E-9F4A-4448-BA74-3897F06DE50B}.AppStore|x86.ActiveCfg = Debug|Any CPU
		{F444A19E-9F4A-4448-BA74-3897F06DE50B}.AppStore|x86.Build.0 = Debug|Any CPU
		{F444A19E-9F4A-4448-BA74-3897F06DE50B}.Debug|Any CPU.ActiveCfg = Debug|Any CPU
		{F444A19E-9F4A-4448-BA74-3897F06DE50B}.Debug|Any CPU.Build.0 = Debug|Any CPU
		{F444A19E-9F4A-4448-BA74-3897F06DE50B}.Debug|ARM.ActiveCfg = Debug|Any CPU
		{F444A19E-9F4A-4448-BA74-3897F06DE50B}.Debug|ARM.Build.0 = Debug|Any CPU
		{F444A19E-9F4A-4448-BA74-3897F06DE50B}.Debug|ARM64.ActiveCfg = Debug|Any CPU
		{F444A19E-9F4A-4448-BA74-3897F06DE50B}.Debug|ARM64.Build.0 = Debug|Any CPU
		{F444A19E-9F4A-4448-BA74-3897F06DE50B}.Debug|iPhone.ActiveCfg = Debug|Any CPU
		{F444A19E-9F4A-4448-BA74-3897F06DE50B}.Debug|iPhone.Build.0 = Debug|Any CPU
		{F444A19E-9F4A-4448-BA74-3897F06DE50B}.Debug|iPhoneSimulator.ActiveCfg = Debug|Any CPU
		{F444A19E-9F4A-4448-BA74-3897F06DE50B}.Debug|iPhoneSimulator.Build.0 = Debug|Any CPU
		{F444A19E-9F4A-4448-BA74-3897F06DE50B}.Debug|x64.ActiveCfg = Debug|Any CPU
		{F444A19E-9F4A-4448-BA74-3897F06DE50B}.Debug|x64.Build.0 = Debug|Any CPU
		{F444A19E-9F4A-4448-BA74-3897F06DE50B}.Debug|x86.ActiveCfg = Debug|Any CPU
		{F444A19E-9F4A-4448-BA74-3897F06DE50B}.Debug|x86.Build.0 = Debug|Any CPU
		{F444A19E-9F4A-4448-BA74-3897F06DE50B}.Release|Any CPU.ActiveCfg = Release|Any CPU
		{F444A19E-9F4A-4448-BA74-3897F06DE50B}.Release|Any CPU.Build.0 = Release|Any CPU
		{F444A19E-9F4A-4448-BA74-3897F06DE50B}.Release|ARM.ActiveCfg = Release|Any CPU
		{F444A19E-9F4A-4448-BA74-3897F06DE50B}.Release|ARM.Build.0 = Release|Any CPU
		{F444A19E-9F4A-4448-BA74-3897F06DE50B}.Release|ARM64.ActiveCfg = Release|Any CPU
		{F444A19E-9F4A-4448-BA74-3897F06DE50B}.Release|ARM64.Build.0 = Release|Any CPU
		{F444A19E-9F4A-4448-BA74-3897F06DE50B}.Release|iPhone.ActiveCfg = Release|Any CPU
		{F444A19E-9F4A-4448-BA74-3897F06DE50B}.Release|iPhone.Build.0 = Release|Any CPU
		{F444A19E-9F4A-4448-BA74-3897F06DE50B}.Release|iPhoneSimulator.ActiveCfg = Release|Any CPU
		{F444A19E-9F4A-4448-BA74-3897F06DE50B}.Release|iPhoneSimulator.Build.0 = Release|Any CPU
		{F444A19E-9F4A-4448-BA74-3897F06DE50B}.Release|x64.ActiveCfg = Release|Any CPU
		{F444A19E-9F4A-4448-BA74-3897F06DE50B}.Release|x64.Build.0 = Release|Any CPU
		{F444A19E-9F4A-4448-BA74-3897F06DE50B}.Release|x86.ActiveCfg = Release|Any CPU
		{F444A19E-9F4A-4448-BA74-3897F06DE50B}.Release|x86.Build.0 = Release|Any CPU
		{E80618A7-BCF5-4AD1-96BE-CFFEF2BBA1AD}.Ad-Hoc|Any CPU.ActiveCfg = Debug|Any CPU
		{E80618A7-BCF5-4AD1-96BE-CFFEF2BBA1AD}.Ad-Hoc|Any CPU.Build.0 = Debug|Any CPU
		{E80618A7-BCF5-4AD1-96BE-CFFEF2BBA1AD}.Ad-Hoc|ARM.ActiveCfg = Debug|Any CPU
		{E80618A7-BCF5-4AD1-96BE-CFFEF2BBA1AD}.Ad-Hoc|ARM.Build.0 = Debug|Any CPU
		{E80618A7-BCF5-4AD1-96BE-CFFEF2BBA1AD}.Ad-Hoc|ARM64.ActiveCfg = Debug|Any CPU
		{E80618A7-BCF5-4AD1-96BE-CFFEF2BBA1AD}.Ad-Hoc|ARM64.Build.0 = Debug|Any CPU
		{E80618A7-BCF5-4AD1-96BE-CFFEF2BBA1AD}.Ad-Hoc|iPhone.ActiveCfg = Debug|Any CPU
		{E80618A7-BCF5-4AD1-96BE-CFFEF2BBA1AD}.Ad-Hoc|iPhone.Build.0 = Debug|Any CPU
		{E80618A7-BCF5-4AD1-96BE-CFFEF2BBA1AD}.Ad-Hoc|iPhoneSimulator.ActiveCfg = Debug|Any CPU
		{E80618A7-BCF5-4AD1-96BE-CFFEF2BBA1AD}.Ad-Hoc|iPhoneSimulator.Build.0 = Debug|Any CPU
		{E80618A7-BCF5-4AD1-96BE-CFFEF2BBA1AD}.Ad-Hoc|x64.ActiveCfg = Debug|Any CPU
		{E80618A7-BCF5-4AD1-96BE-CFFEF2BBA1AD}.Ad-Hoc|x64.Build.0 = Debug|Any CPU
		{E80618A7-BCF5-4AD1-96BE-CFFEF2BBA1AD}.Ad-Hoc|x86.ActiveCfg = Debug|Any CPU
		{E80618A7-BCF5-4AD1-96BE-CFFEF2BBA1AD}.Ad-Hoc|x86.Build.0 = Debug|Any CPU
		{E80618A7-BCF5-4AD1-96BE-CFFEF2BBA1AD}.AppStore|Any CPU.ActiveCfg = Debug|Any CPU
		{E80618A7-BCF5-4AD1-96BE-CFFEF2BBA1AD}.AppStore|Any CPU.Build.0 = Debug|Any CPU
		{E80618A7-BCF5-4AD1-96BE-CFFEF2BBA1AD}.AppStore|ARM.ActiveCfg = Debug|Any CPU
		{E80618A7-BCF5-4AD1-96BE-CFFEF2BBA1AD}.AppStore|ARM.Build.0 = Debug|Any CPU
		{E80618A7-BCF5-4AD1-96BE-CFFEF2BBA1AD}.AppStore|ARM64.ActiveCfg = Debug|Any CPU
		{E80618A7-BCF5-4AD1-96BE-CFFEF2BBA1AD}.AppStore|ARM64.Build.0 = Debug|Any CPU
		{E80618A7-BCF5-4AD1-96BE-CFFEF2BBA1AD}.AppStore|iPhone.ActiveCfg = Debug|Any CPU
		{E80618A7-BCF5-4AD1-96BE-CFFEF2BBA1AD}.AppStore|iPhone.Build.0 = Debug|Any CPU
		{E80618A7-BCF5-4AD1-96BE-CFFEF2BBA1AD}.AppStore|iPhoneSimulator.ActiveCfg = Debug|Any CPU
		{E80618A7-BCF5-4AD1-96BE-CFFEF2BBA1AD}.AppStore|iPhoneSimulator.Build.0 = Debug|Any CPU
		{E80618A7-BCF5-4AD1-96BE-CFFEF2BBA1AD}.AppStore|x64.ActiveCfg = Debug|Any CPU
		{E80618A7-BCF5-4AD1-96BE-CFFEF2BBA1AD}.AppStore|x64.Build.0 = Debug|Any CPU
		{E80618A7-BCF5-4AD1-96BE-CFFEF2BBA1AD}.AppStore|x86.ActiveCfg = Debug|Any CPU
		{E80618A7-BCF5-4AD1-96BE-CFFEF2BBA1AD}.AppStore|x86.Build.0 = Debug|Any CPU
		{E80618A7-BCF5-4AD1-96BE-CFFEF2BBA1AD}.Debug|Any CPU.ActiveCfg = Debug|Any CPU
		{E80618A7-BCF5-4AD1-96BE-CFFEF2BBA1AD}.Debug|Any CPU.Build.0 = Debug|Any CPU
		{E80618A7-BCF5-4AD1-96BE-CFFEF2BBA1AD}.Debug|ARM.ActiveCfg = Debug|Any CPU
		{E80618A7-BCF5-4AD1-96BE-CFFEF2BBA1AD}.Debug|ARM.Build.0 = Debug|Any CPU
		{E80618A7-BCF5-4AD1-96BE-CFFEF2BBA1AD}.Debug|ARM64.ActiveCfg = Debug|Any CPU
		{E80618A7-BCF5-4AD1-96BE-CFFEF2BBA1AD}.Debug|ARM64.Build.0 = Debug|Any CPU
		{E80618A7-BCF5-4AD1-96BE-CFFEF2BBA1AD}.Debug|iPhone.ActiveCfg = Debug|Any CPU
		{E80618A7-BCF5-4AD1-96BE-CFFEF2BBA1AD}.Debug|iPhone.Build.0 = Debug|Any CPU
		{E80618A7-BCF5-4AD1-96BE-CFFEF2BBA1AD}.Debug|iPhoneSimulator.ActiveCfg = Debug|Any CPU
		{E80618A7-BCF5-4AD1-96BE-CFFEF2BBA1AD}.Debug|iPhoneSimulator.Build.0 = Debug|Any CPU
		{E80618A7-BCF5-4AD1-96BE-CFFEF2BBA1AD}.Debug|x64.ActiveCfg = Debug|Any CPU
		{E80618A7-BCF5-4AD1-96BE-CFFEF2BBA1AD}.Debug|x64.Build.0 = Debug|Any CPU
		{E80618A7-BCF5-4AD1-96BE-CFFEF2BBA1AD}.Debug|x86.ActiveCfg = Debug|Any CPU
		{E80618A7-BCF5-4AD1-96BE-CFFEF2BBA1AD}.Debug|x86.Build.0 = Debug|Any CPU
		{E80618A7-BCF5-4AD1-96BE-CFFEF2BBA1AD}.Release|Any CPU.ActiveCfg = Release|Any CPU
		{E80618A7-BCF5-4AD1-96BE-CFFEF2BBA1AD}.Release|Any CPU.Build.0 = Release|Any CPU
		{E80618A7-BCF5-4AD1-96BE-CFFEF2BBA1AD}.Release|ARM.ActiveCfg = Release|Any CPU
		{E80618A7-BCF5-4AD1-96BE-CFFEF2BBA1AD}.Release|ARM.Build.0 = Release|Any CPU
		{E80618A7-BCF5-4AD1-96BE-CFFEF2BBA1AD}.Release|ARM64.ActiveCfg = Release|Any CPU
		{E80618A7-BCF5-4AD1-96BE-CFFEF2BBA1AD}.Release|ARM64.Build.0 = Release|Any CPU
		{E80618A7-BCF5-4AD1-96BE-CFFEF2BBA1AD}.Release|iPhone.ActiveCfg = Release|Any CPU
		{E80618A7-BCF5-4AD1-96BE-CFFEF2BBA1AD}.Release|iPhone.Build.0 = Release|Any CPU
		{E80618A7-BCF5-4AD1-96BE-CFFEF2BBA1AD}.Release|iPhoneSimulator.ActiveCfg = Release|Any CPU
		{E80618A7-BCF5-4AD1-96BE-CFFEF2BBA1AD}.Release|iPhoneSimulator.Build.0 = Release|Any CPU
		{E80618A7-BCF5-4AD1-96BE-CFFEF2BBA1AD}.Release|x64.ActiveCfg = Release|Any CPU
		{E80618A7-BCF5-4AD1-96BE-CFFEF2BBA1AD}.Release|x64.Build.0 = Release|Any CPU
		{E80618A7-BCF5-4AD1-96BE-CFFEF2BBA1AD}.Release|x86.ActiveCfg = Release|Any CPU
		{E80618A7-BCF5-4AD1-96BE-CFFEF2BBA1AD}.Release|x86.Build.0 = Release|Any CPU
		{3E34F29D-7C5D-4C70-B636-3C6FC64C8F7D}.Ad-Hoc|Any CPU.ActiveCfg = Debug|Any CPU
		{3E34F29D-7C5D-4C70-B636-3C6FC64C8F7D}.Ad-Hoc|Any CPU.Build.0 = Debug|Any CPU
		{3E34F29D-7C5D-4C70-B636-3C6FC64C8F7D}.Ad-Hoc|ARM.ActiveCfg = Debug|Any CPU
		{3E34F29D-7C5D-4C70-B636-3C6FC64C8F7D}.Ad-Hoc|ARM.Build.0 = Debug|Any CPU
		{3E34F29D-7C5D-4C70-B636-3C6FC64C8F7D}.Ad-Hoc|ARM64.ActiveCfg = Debug|Any CPU
		{3E34F29D-7C5D-4C70-B636-3C6FC64C8F7D}.Ad-Hoc|ARM64.Build.0 = Debug|Any CPU
		{3E34F29D-7C5D-4C70-B636-3C6FC64C8F7D}.Ad-Hoc|iPhone.ActiveCfg = Debug|Any CPU
		{3E34F29D-7C5D-4C70-B636-3C6FC64C8F7D}.Ad-Hoc|iPhone.Build.0 = Debug|Any CPU
		{3E34F29D-7C5D-4C70-B636-3C6FC64C8F7D}.Ad-Hoc|iPhoneSimulator.ActiveCfg = Debug|Any CPU
		{3E34F29D-7C5D-4C70-B636-3C6FC64C8F7D}.Ad-Hoc|iPhoneSimulator.Build.0 = Debug|Any CPU
		{3E34F29D-7C5D-4C70-B636-3C6FC64C8F7D}.Ad-Hoc|x64.ActiveCfg = Debug|Any CPU
		{3E34F29D-7C5D-4C70-B636-3C6FC64C8F7D}.Ad-Hoc|x64.Build.0 = Debug|Any CPU
		{3E34F29D-7C5D-4C70-B636-3C6FC64C8F7D}.Ad-Hoc|x86.ActiveCfg = Debug|Any CPU
		{3E34F29D-7C5D-4C70-B636-3C6FC64C8F7D}.Ad-Hoc|x86.Build.0 = Debug|Any CPU
		{3E34F29D-7C5D-4C70-B636-3C6FC64C8F7D}.AppStore|Any CPU.ActiveCfg = Debug|Any CPU
		{3E34F29D-7C5D-4C70-B636-3C6FC64C8F7D}.AppStore|Any CPU.Build.0 = Debug|Any CPU
		{3E34F29D-7C5D-4C70-B636-3C6FC64C8F7D}.AppStore|ARM.ActiveCfg = Debug|Any CPU
		{3E34F29D-7C5D-4C70-B636-3C6FC64C8F7D}.AppStore|ARM.Build.0 = Debug|Any CPU
		{3E34F29D-7C5D-4C70-B636-3C6FC64C8F7D}.AppStore|ARM64.ActiveCfg = Debug|Any CPU
		{3E34F29D-7C5D-4C70-B636-3C6FC64C8F7D}.AppStore|ARM64.Build.0 = Debug|Any CPU
		{3E34F29D-7C5D-4C70-B636-3C6FC64C8F7D}.AppStore|iPhone.ActiveCfg = Debug|Any CPU
		{3E34F29D-7C5D-4C70-B636-3C6FC64C8F7D}.AppStore|iPhone.Build.0 = Debug|Any CPU
		{3E34F29D-7C5D-4C70-B636-3C6FC64C8F7D}.AppStore|iPhoneSimulator.ActiveCfg = Debug|Any CPU
		{3E34F29D-7C5D-4C70-B636-3C6FC64C8F7D}.AppStore|iPhoneSimulator.Build.0 = Debug|Any CPU
		{3E34F29D-7C5D-4C70-B636-3C6FC64C8F7D}.AppStore|x64.ActiveCfg = Debug|Any CPU
		{3E34F29D-7C5D-4C70-B636-3C6FC64C8F7D}.AppStore|x64.Build.0 = Debug|Any CPU
		{3E34F29D-7C5D-4C70-B636-3C6FC64C8F7D}.AppStore|x86.ActiveCfg = Debug|Any CPU
		{3E34F29D-7C5D-4C70-B636-3C6FC64C8F7D}.AppStore|x86.Build.0 = Debug|Any CPU
		{3E34F29D-7C5D-4C70-B636-3C6FC64C8F7D}.Debug|Any CPU.ActiveCfg = Debug|Any CPU
		{3E34F29D-7C5D-4C70-B636-3C6FC64C8F7D}.Debug|Any CPU.Build.0 = Debug|Any CPU
		{3E34F29D-7C5D-4C70-B636-3C6FC64C8F7D}.Debug|ARM.ActiveCfg = Debug|Any CPU
		{3E34F29D-7C5D-4C70-B636-3C6FC64C8F7D}.Debug|ARM.Build.0 = Debug|Any CPU
		{3E34F29D-7C5D-4C70-B636-3C6FC64C8F7D}.Debug|ARM64.ActiveCfg = Debug|Any CPU
		{3E34F29D-7C5D-4C70-B636-3C6FC64C8F7D}.Debug|ARM64.Build.0 = Debug|Any CPU
		{3E34F29D-7C5D-4C70-B636-3C6FC64C8F7D}.Debug|iPhone.ActiveCfg = Debug|Any CPU
		{3E34F29D-7C5D-4C70-B636-3C6FC64C8F7D}.Debug|iPhone.Build.0 = Debug|Any CPU
		{3E34F29D-7C5D-4C70-B636-3C6FC64C8F7D}.Debug|iPhoneSimulator.ActiveCfg = Debug|Any CPU
		{3E34F29D-7C5D-4C70-B636-3C6FC64C8F7D}.Debug|iPhoneSimulator.Build.0 = Debug|Any CPU
		{3E34F29D-7C5D-4C70-B636-3C6FC64C8F7D}.Debug|x64.ActiveCfg = Debug|Any CPU
		{3E34F29D-7C5D-4C70-B636-3C6FC64C8F7D}.Debug|x64.Build.0 = Debug|Any CPU
		{3E34F29D-7C5D-4C70-B636-3C6FC64C8F7D}.Debug|x86.ActiveCfg = Debug|Any CPU
		{3E34F29D-7C5D-4C70-B636-3C6FC64C8F7D}.Debug|x86.Build.0 = Debug|Any CPU
		{3E34F29D-7C5D-4C70-B636-3C6FC64C8F7D}.Release|Any CPU.ActiveCfg = Release|Any CPU
		{3E34F29D-7C5D-4C70-B636-3C6FC64C8F7D}.Release|Any CPU.Build.0 = Release|Any CPU
		{3E34F29D-7C5D-4C70-B636-3C6FC64C8F7D}.Release|ARM.ActiveCfg = Release|Any CPU
		{3E34F29D-7C5D-4C70-B636-3C6FC64C8F7D}.Release|ARM.Build.0 = Release|Any CPU
		{3E34F29D-7C5D-4C70-B636-3C6FC64C8F7D}.Release|ARM64.ActiveCfg = Release|Any CPU
		{3E34F29D-7C5D-4C70-B636-3C6FC64C8F7D}.Release|ARM64.Build.0 = Release|Any CPU
		{3E34F29D-7C5D-4C70-B636-3C6FC64C8F7D}.Release|iPhone.ActiveCfg = Release|Any CPU
		{3E34F29D-7C5D-4C70-B636-3C6FC64C8F7D}.Release|iPhone.Build.0 = Release|Any CPU
		{3E34F29D-7C5D-4C70-B636-3C6FC64C8F7D}.Release|iPhoneSimulator.ActiveCfg = Release|Any CPU
		{3E34F29D-7C5D-4C70-B636-3C6FC64C8F7D}.Release|iPhoneSimulator.Build.0 = Release|Any CPU
		{3E34F29D-7C5D-4C70-B636-3C6FC64C8F7D}.Release|x64.ActiveCfg = Release|Any CPU
		{3E34F29D-7C5D-4C70-B636-3C6FC64C8F7D}.Release|x64.Build.0 = Release|Any CPU
		{3E34F29D-7C5D-4C70-B636-3C6FC64C8F7D}.Release|x86.ActiveCfg = Release|Any CPU
		{3E34F29D-7C5D-4C70-B636-3C6FC64C8F7D}.Release|x86.Build.0 = Release|Any CPU
	EndGlobalSection
	GlobalSection(SolutionProperties) = preSolution
		HideSolutionNode = FALSE
	EndGlobalSection
	GlobalSection(NestedProjects) = preSolution
		{6A9E5179-13E1-4E03-8408-6E14A8ABF495} = {CBDF82E7-0ECA-4EBC-9F8D-CAED1BC1EA3F}
		{CB627114-068E-4CE3-A2A6-282197EBC0F4} = {6A9E5179-13E1-4E03-8408-6E14A8ABF495}
		{3CB7C0BA-C2B8-4945-A062-F21900A4E94A} = {6A9E5179-13E1-4E03-8408-6E14A8ABF495}
		{0179C9FD-44E5-4F61-905A-93FF744D32C2} = {6A9E5179-13E1-4E03-8408-6E14A8ABF495}
		{CDB8D3C9-AC6C-40DA-A327-64E493E90219} = {6A9E5179-13E1-4E03-8408-6E14A8ABF495}
		{1D9B0AA3-06D1-4AC6-9C1F-437B0A379519} = {6A9E5179-13E1-4E03-8408-6E14A8ABF495}
		{CE0A5C73-CB67-478B-A612-BEB2B2562632} = {6A9E5179-13E1-4E03-8408-6E14A8ABF495}
		{509BEF7C-D65F-43A3-8A1A-003077B77837} = {6A9E5179-13E1-4E03-8408-6E14A8ABF495}
		{70927BD9-93DF-45B3-8501-2FA187BC1497} = {6A9E5179-13E1-4E03-8408-6E14A8ABF495}
		{52E83A9B-B205-4950-8832-F9CC7A0D4FB5} = {6A9E5179-13E1-4E03-8408-6E14A8ABF495}
		{6279C845-92F8-4333-AB99-3D213163593C} = {CBDF82E7-0ECA-4EBC-9F8D-CAED1BC1EA3F}
		{B9A8F022-742D-4AD3-BBA3-DFEBBB997922} = {75C181A9-E90B-4A85-8F7A-188A8D5C2AA3}
		{F5B7E97E-F816-40A4-9217-9AC40F8738EA} = {75C181A9-E90B-4A85-8F7A-188A8D5C2AA3}
		{40B4219C-B652-4338-982A-0F67F732BEFF} = {75C181A9-E90B-4A85-8F7A-188A8D5C2AA3}
		{75163699-16F2-4F08-AB37-3912FB7E7D3E} = {75C181A9-E90B-4A85-8F7A-188A8D5C2AA3}
		{F444A19E-9F4A-4448-BA74-3897F06DE50B} = {75C181A9-E90B-4A85-8F7A-188A8D5C2AA3}
		{E80618A7-BCF5-4AD1-96BE-CFFEF2BBA1AD} = {75C181A9-E90B-4A85-8F7A-188A8D5C2AA3}
		{3E34F29D-7C5D-4C70-B636-3C6FC64C8F7D} = {75C181A9-E90B-4A85-8F7A-188A8D5C2AA3}
	EndGlobalSection
	GlobalSection(ExtensibilityGlobals) = postSolution
		SolutionGuid = {E012047E-6826-4037-8D1A-5606CD7D345D}
	EndGlobalSection
EndGlobal
